<?xml version="1.0" encoding="utf-8"?>
<Project ToolsVersion="4.0" xmlns="http://schemas.microsoft.com/developer/msbuild/2003">
  <ItemGroup>
    <Filter Include="98. Default">
      <UniqueIdentifier>{35e37327-2384-4c14-96de-88b0e35164fd}</UniqueIdentifier>
    </Filter>
    <Filter Include="00. MainApp">
      <UniqueIdentifier>{38d61c26-fbdb-4c64-9d03-2a02b0879cf0}</UniqueIdentifier>
    </Filter>
    <Filter Include="99. Defines">
      <UniqueIdentifier>{4221ff3c-96c2-40dc-a319-42b1e352e84e}</UniqueIdentifier>
    </Filter>
    <Filter Include="01. Levels">
      <UniqueIdentifier>{33f7c85c-02f2-4656-8f63-4583953312d9}</UniqueIdentifier>
    </Filter>
    <Filter Include="01. Levels\00. Loading">
      <UniqueIdentifier>{f3810425-bef6-415e-8c30-8afa0cb32e08}</UniqueIdentifier>
    </Filter>
    <Filter Include="01. Levels\00. Loading\Loader">
      <UniqueIdentifier>{9665f9c1-73a6-4a88-88a9-f3c5d82ad25b}</UniqueIdentifier>
    </Filter>
    <Filter Include="01. Levels\00. Loading\Loader\ClickSectionGuard">
      <UniqueIdentifier>{01039860-298e-4476-9d0d-485515a5ce4e}</UniqueIdentifier>
    </Filter>
    <Filter Include="97. ShaderFiles">
      <UniqueIdentifier>{65aea6ce-3ba7-44b0-8f5e-d4587a40fcff}</UniqueIdentifier>
    </Filter>
    <Filter Include="96. Event">
      <UniqueIdentifier>{33dcaab9-9006-4a20-8cf2-61050d165095}</UniqueIdentifier>
    </Filter>
    <Filter Include="02. GameObjects">
      <UniqueIdentifier>{738e3b4b-35bf-43e2-810c-50b47be85b04}</UniqueIdentifier>
    </Filter>
    <Filter Include="02. GameObjects\TestPlayer">
      <UniqueIdentifier>{d2ed7948-0a54-4156-897b-a26739d6a329}</UniqueIdentifier>
    </Filter>
    <Filter Include="02. GameObjects\TestPlayer\Body">
      <UniqueIdentifier>{fe28e44a-3cea-4bf4-bdce-fa673eca1abd}</UniqueIdentifier>
    </Filter>
    <Filter Include="02. GameObjects\TestTerrain">
      <UniqueIdentifier>{22304141-a28b-41ec-a526-f6ff1eb2640e}</UniqueIdentifier>
    </Filter>
    <Filter Include="01. Levels\01. Static">
      <UniqueIdentifier>{88c16176-04c8-48ab-abf7-58e4a2e01fee}</UniqueIdentifier>
    </Filter>
    <Filter Include="01. Levels\02. Camera_Tool">
      <UniqueIdentifier>{1ff6f1bb-4731-4f86-a174-61d21983b4a6}</UniqueIdentifier>
    </Filter>
    <Filter Include="02. GameObjects\Camera">
      <UniqueIdentifier>{a51ae0a0-28ff-4521-a66a-cae01f239569}</UniqueIdentifier>
    </Filter>
    <Filter Include="02. GameObjects\Camera\01. Camera_Target">
      <UniqueIdentifier>{73621881-c2d6-4187-840b-6c9b4e63cefd}</UniqueIdentifier>
    </Filter>
    <Filter Include="95. Manager">
      <UniqueIdentifier>{0d02a024-2805-46a2-9e6b-f9ee03a03f91}</UniqueIdentifier>
    </Filter>
    <Filter Include="95. Manager\Camera_Manager">
      <UniqueIdentifier>{111ef9c2-ae35-45aa-b7c0-cecb3f65d024}</UniqueIdentifier>
    </Filter>
    <Filter Include="02. GameObjects\TestPlayer\State">
      <UniqueIdentifier>{83e6103e-1be0-4a24-9650-81c25716fc9b}</UniqueIdentifier>
    </Filter>
    <Filter Include="94. Component">
      <UniqueIdentifier>{947a0bc7-aae1-4ccc-9553-1a93eb7d1938}</UniqueIdentifier>
    </Filter>
    <Filter Include="02. GameObjects\Camera\02. Camera_CutScene">
      <UniqueIdentifier>{bc784271-f006-4822-aa6c-58ebce4d22dd}</UniqueIdentifier>
    </Filter>
    <Filter Include="01. Levels\03. Trigger_Tool">
      <UniqueIdentifier>{8948c933-c7f1-4862-a251-ab3dd1be83ae}</UniqueIdentifier>
    </Filter>
    <Filter Include="02. GameObjects\MapObject">
      <UniqueIdentifier>{b77e9251-4154-4ca4-8faf-0355e8e4293b}</UniqueIdentifier>
    </Filter>
    <Filter Include="03. RenderGroup">
      <UniqueIdentifier>{54621cc9-be21-4449-99a3-c0216addc0e4}</UniqueIdentifier>
    </Filter>
    <Filter Include="03. RenderGroup\Final">
      <UniqueIdentifier>{309a5b75-ad62-44d9-992e-0d9857e3c5c1}</UniqueIdentifier>
    </Filter>
    <Filter Include="03. RenderGroup\Lights">
      <UniqueIdentifier>{0544e323-7411-4255-8eb9-fec9c979ab8a}</UniqueIdentifier>
    </Filter>
    <Filter Include="02. GameObjects\Trigger">
      <UniqueIdentifier>{96567386-0d6a-42b1-8fa5-cf6247c1f703}</UniqueIdentifier>
    </Filter>
    <Filter Include="02. GameObjects\Bulb">
      <UniqueIdentifier>{750518bf-a5c1-4f1b-829c-49dd21e97c7e}</UniqueIdentifier>
    </Filter>
    <Filter Include="02. GameObjects\Bulb\BulbLine">
      <UniqueIdentifier>{2c6b7252-8be5-47f7-a861-316a7cfa3ed4}</UniqueIdentifier>
    </Filter>
    <Filter Include="03. RenderGroup\2D">
      <UniqueIdentifier>{a6457772-f6e6-41b7-bf57-7c5a5ab58294}</UniqueIdentifier>
    </Filter>
    <Filter Include="03. RenderGroup\Effect">
      <UniqueIdentifier>{3fbe77e5-3a17-4b92-98aa-5246ab11048e}</UniqueIdentifier>
    </Filter>
    <Filter Include="03. RenderGroup\Old">
      <UniqueIdentifier>{43a49043-3e9f-408c-aa37-dd77c1be4dfc}</UniqueIdentifier>
    </Filter>
    <Filter Include="03. RenderGroup\PBR">
      <UniqueIdentifier>{41667798-fdb8-449f-9f99-eb6f13253f1f}</UniqueIdentifier>
    </Filter>
    <Filter Include="03. RenderGroup\Effect\Blur">
      <UniqueIdentifier>{84c79911-84b8-4d71-957c-66594a353d7f}</UniqueIdentifier>
    </Filter>
    <Filter Include="03. RenderGroup\Effect\DownSample">
      <UniqueIdentifier>{4c4415ea-7473-440e-be9c-33b07d38d2c9}</UniqueIdentifier>
    </Filter>
    <Filter Include="03. RenderGroup\Effect\Particle">
      <UniqueIdentifier>{d97f799f-7b5e-4689-a094-e71bf1a930d4}</UniqueIdentifier>
    </Filter>
    <Filter Include="03. RenderGroup\Old\2D">
      <UniqueIdentifier>{9e030e6e-d36c-463e-81e8-086eb9462326}</UniqueIdentifier>
    </Filter>
    <Filter Include="03. RenderGroup\Old\AfterEffect">
      <UniqueIdentifier>{85c9f182-6f7a-4cb3-a947-b1cbf48682ea}</UniqueIdentifier>
    </Filter>
    <Filter Include="03. RenderGroup\Old\Final">
      <UniqueIdentifier>{d9d46959-ed38-4c78-9cca-9dac9bc9feb9}</UniqueIdentifier>
    </Filter>
    <Filter Include="03. RenderGroup\Old\Lights">
      <UniqueIdentifier>{6444575f-555b-4ca1-b698-606f79834ff4}</UniqueIdentifier>
    </Filter>
    <Filter Include="03. RenderGroup\Old\WorldPos">
      <UniqueIdentifier>{00891b3b-bf5c-4d68-af16-9af78be55421}</UniqueIdentifier>
    </Filter>
    <Filter Include="03. RenderGroup\PBR\Combine">
      <UniqueIdentifier>{63f7bf40-ac52-4553-afb1-23917a79d819}</UniqueIdentifier>
    </Filter>
    <Filter Include="03. RenderGroup\PBR\Lighting">
      <UniqueIdentifier>{b5efa8de-c887-4760-a767-99ab82b33f5c}</UniqueIdentifier>
    </Filter>
    <Filter Include="02. GameObjects\CubeMap">
      <UniqueIdentifier>{df1f6647-7bb3-4674-871e-11118059c9c6}</UniqueIdentifier>
    </Filter>
    <Filter Include="02. GameObjects\MapObject\MainTable">
      <UniqueIdentifier>{6a3bda51-a29a-4f4c-9f8a-3673de2faf99}</UniqueIdentifier>
    </Filter>
  </ItemGroup>
  <ItemGroup>
    <ClInclude Include="Camera_Tool.h">
      <Filter>98. Default</Filter>
    </ClInclude>
    <ClInclude Include="Resource.h">
      <Filter>98. Default</Filter>
    </ClInclude>
    <ClInclude Include="stdafx.h">
      <Filter>98. Default</Filter>
    </ClInclude>
    <ClInclude Include="targetver.h">
      <Filter>98. Default</Filter>
    </ClInclude>
    <ClInclude Include="..\Public\MainApp.h">
      <Filter>00. MainApp</Filter>
    </ClInclude>
    <ClInclude Include="..\Public\Camera_Tool_Defines.h">
      <Filter>99. Defines</Filter>
    </ClInclude>
    <ClInclude Include="..\Public\Loader.h">
      <Filter>01. Levels\00. Loading\Loader</Filter>
    </ClInclude>
    <ClInclude Include="..\Public\CriticalSectionGuard.h">
      <Filter>01. Levels\00. Loading\Loader\ClickSectionGuard</Filter>
    </ClInclude>
    <ClInclude Include="..\Public\Level_Loading.h">
      <Filter>01. Levels\00. Loading</Filter>
    </ClInclude>
    <ClInclude Include="..\Public\Level_Camera_Tool.h">
      <Filter>01. Levels\02. Camera_Tool</Filter>
    </ClInclude>
    <ClInclude Include="..\Public\Event_Manager.h">
      <Filter>96. Event</Filter>
    </ClInclude>
    <ClInclude Include="..\Public\Camera_Tool_Function.h">
      <Filter>99. Defines</Filter>
    </ClInclude>
    <ClInclude Include="..\Public\Test_Body_Player.h">
      <Filter>02. GameObjects\TestPlayer\Body</Filter>
    </ClInclude>
    <ClInclude Include="..\Public\Test_Terrain.h">
      <Filter>02. GameObjects\TestTerrain</Filter>
    </ClInclude>
    <ClInclude Include="..\Public\Test_Player.h">
      <Filter>02. GameObjects\TestPlayer</Filter>
    </ClInclude>
    <ClInclude Include="..\Public\Level_Static.h">
      <Filter>01. Levels\01. Static</Filter>
    </ClInclude>
    <ClInclude Include="..\Public\Camera_Target.h">
      <Filter>02. GameObjects\Camera\01. Camera_Target</Filter>
    </ClInclude>
    <ClInclude Include="..\Public\Camera_Manager_Tool.h">
      <Filter>95. Manager\Camera_Manager</Filter>
    </ClInclude>
    <ClInclude Include="..\Public\PlayerState.h">
      <Filter>02. GameObjects\TestPlayer\State</Filter>
    </ClInclude>
    <ClInclude Include="..\Public\PlayerState_Attack.h">
      <Filter>02. GameObjects\TestPlayer\State</Filter>
    </ClInclude>
    <ClInclude Include="..\Public\PlayerState_Idle.h">
      <Filter>02. GameObjects\TestPlayer\State</Filter>
    </ClInclude>
    <ClInclude Include="..\Public\PlayerState_Jump.h">
      <Filter>02. GameObjects\TestPlayer\State</Filter>
    </ClInclude>
    <ClInclude Include="..\Public\PlayerState_Run.h">
      <Filter>02. GameObjects\TestPlayer\State</Filter>
    </ClInclude>
    <ClInclude Include="..\Public\StateMachine.h">
      <Filter>94. Component</Filter>
    </ClInclude>
    <ClInclude Include="..\Public\Camera_CutScene.h">
      <Filter>02. GameObjects\Camera\02. Camera_CutScene</Filter>
    </ClInclude>
    <ClInclude Include="..\Public\Level_Trigger_Tool.h">
      <Filter>01. Levels\03. Trigger_Tool</Filter>
    </ClInclude>
    <ClInclude Include="..\Public\RenderGroup_Lights.h">
      <Filter>03. RenderGroup\Lights</Filter>
    </ClInclude>
    <ClInclude Include="..\Public\RenderGroup_AfterEffect.h">
      <Filter>03. RenderGroup\Effect</Filter>
    </ClInclude>
    <ClInclude Include="..\Public\MapObject.h">
      <Filter>02. GameObjects\MapObject</Filter>
    </ClInclude>
    <ClInclude Include="..\Public\TriggerObject.h">
      <Filter>02. GameObjects\Trigger</Filter>
    </ClInclude>
    <ClInclude Include="..\Public\BulbLine.h">
      <Filter>02. GameObjects\Bulb\BulbLine</Filter>
    </ClInclude>
    <ClInclude Include="..\Public\Bulb.h">
      <Filter>02. GameObjects\Bulb</Filter>
    </ClInclude>
    <ClInclude Include="..\Public\RenderGroup_Blur.h">
      <Filter>03. RenderGroup\Effect\Blur</Filter>
    </ClInclude>
    <ClInclude Include="..\Public\RenderGroup_AfterParticle.h">
      <Filter>03. RenderGroup\Effect\Particle</Filter>
    </ClInclude>
    <ClInclude Include="..\Public\RenderGroup_DownSample.h">
      <Filter>03. RenderGroup\Effect\DownSample</Filter>
    </ClInclude>
    <ClInclude Include="..\Public\RenderGroup_Final.h">
      <Filter>03. RenderGroup\Old\Final</Filter>
    </ClInclude>
    <ClInclude Include="..\Public\RenderGroup_2D.h">
      <Filter>03. RenderGroup\Old\2D</Filter>
    </ClInclude>
    <ClInclude Include="..\Public\RenderGroup_DirectLights.h">
      <Filter>03. RenderGroup\Old\Lights</Filter>
    </ClInclude>
    <ClInclude Include="..\Public\RenderGroup_WorldPos.h">
      <Filter>03. RenderGroup\Old\WorldPos</Filter>
    </ClInclude>
    <ClInclude Include="..\Public\RenderGroup_Combine.h">
      <Filter>03. RenderGroup\PBR\Combine</Filter>
    </ClInclude>
    <ClInclude Include="..\Public\RenderGroup_Lighting.h">
      <Filter>03. RenderGroup\PBR\Lighting</Filter>
    </ClInclude>
    <ClInclude Include="..\Public\MainTable.h">
      <Filter>02. GameObjects\MapObject\MainTable</Filter>
    </ClInclude>
    <ClInclude Include="..\Public\RenderGroup_PostProcessing.h">
      <Filter>03. RenderGroup</Filter>
    </ClInclude>
  </ItemGroup>
  <ItemGroup>
    <ClCompile Include="Camera_Tool.cpp">
      <Filter>98. Default</Filter>
    </ClCompile>
    <ClCompile Include="stdafx.cpp">
      <Filter>98. Default</Filter>
    </ClCompile>
    <ClCompile Include="..\Private\MainApp.cpp">
      <Filter>00. MainApp</Filter>
    </ClCompile>
    <ClCompile Include="..\Private\Loader.cpp">
      <Filter>01. Levels\00. Loading\Loader</Filter>
    </ClCompile>
    <ClCompile Include="..\Private\CriticalSectionGuard.cpp">
      <Filter>01. Levels\00. Loading\Loader\ClickSectionGuard</Filter>
    </ClCompile>
    <ClCompile Include="..\Private\Level_Loading.cpp">
      <Filter>01. Levels\00. Loading</Filter>
    </ClCompile>
    <ClCompile Include="..\Private\Level_Camera_Tool.cpp">
      <Filter>01. Levels\02. Camera_Tool</Filter>
    </ClCompile>
    <ClCompile Include="..\Private\Event_Manager.cpp">
      <Filter>96. Event</Filter>
    </ClCompile>
    <ClCompile Include="..\Private\Camera_Tool_Fuction.cpp">
      <Filter>99. Defines</Filter>
    </ClCompile>
    <ClCompile Include="..\Private\Test_Body_Player.cpp">
      <Filter>02. GameObjects\TestPlayer\Body</Filter>
    </ClCompile>
    <ClCompile Include="..\Private\Test_Terrain.cpp">
      <Filter>02. GameObjects\TestTerrain</Filter>
    </ClCompile>
    <ClCompile Include="..\Private\Test_Player.cpp">
      <Filter>02. GameObjects\TestPlayer</Filter>
    </ClCompile>
    <ClCompile Include="..\Private\Level_Static.cpp">
      <Filter>01. Levels\01. Static</Filter>
    </ClCompile>
    <ClCompile Include="..\Private\Camera_Target.cpp">
      <Filter>02. GameObjects\Camera\01. Camera_Target</Filter>
    </ClCompile>
    <ClCompile Include="..\Private\Camera_Manager_Tool.cpp">
      <Filter>95. Manager\Camera_Manager</Filter>
    </ClCompile>
    <ClCompile Include="..\Private\PlayerState.cpp">
      <Filter>02. GameObjects\TestPlayer\State</Filter>
    </ClCompile>
    <ClCompile Include="..\Private\PlayerState_Attack.cpp">
      <Filter>02. GameObjects\TestPlayer\State</Filter>
    </ClCompile>
    <ClCompile Include="..\Private\PlayerState_Idle.cpp">
      <Filter>02. GameObjects\TestPlayer\State</Filter>
    </ClCompile>
    <ClCompile Include="..\Private\PlayerState_Jump.cpp">
      <Filter>02. GameObjects\TestPlayer\State</Filter>
    </ClCompile>
    <ClCompile Include="..\Private\PlayerState_Run.cpp">
      <Filter>02. GameObjects\TestPlayer\State</Filter>
    </ClCompile>
    <ClCompile Include="..\Private\StateMachine.cpp">
      <Filter>94. Component</Filter>
    </ClCompile>
    <ClCompile Include="..\Private\Camera_CutScene.cpp">
      <Filter>02. GameObjects\Camera\02. Camera_CutScene</Filter>
    </ClCompile>
    <ClCompile Include="..\Private\Level_Trigger_Tool.cpp">
      <Filter>01. Levels\03. Trigger_Tool</Filter>
    </ClCompile>
    <ClCompile Include="..\Private\RenderGroup_Lights.cpp">
      <Filter>03. RenderGroup\Lights</Filter>
    </ClCompile>
    <ClCompile Include="..\Private\RenderGroup_AfterEffect.cpp">
      <Filter>03. RenderGroup\Effect</Filter>
    </ClCompile>
    <ClCompile Include="..\Private\MapObject.cpp">
      <Filter>02. GameObjects\MapObject</Filter>
    </ClCompile>
    <ClCompile Include="..\Private\TriggerObject.cpp">
      <Filter>02. GameObjects\Trigger</Filter>
    </ClCompile>
    <ClCompile Include="..\Private\BulbLine.cpp">
      <Filter>02. GameObjects\Bulb\BulbLine</Filter>
    </ClCompile>
    <ClCompile Include="..\Private\Bulb.cpp">
      <Filter>02. GameObjects\Bulb</Filter>
    </ClCompile>
    <ClCompile Include="..\Private\RenderGroup_Blur.cpp">
      <Filter>03. RenderGroup\Effect\Blur</Filter>
    </ClCompile>
    <ClCompile Include="..\Private\RenderGroup_AfterParticle.cpp">
      <Filter>03. RenderGroup\Effect\Particle</Filter>
    </ClCompile>
    <ClCompile Include="..\Private\RenderGroup_DownSample.cpp">
      <Filter>03. RenderGroup\Effect\DownSample</Filter>
    </ClCompile>
    <ClCompile Include="..\Private\RenderGroup_Final.cpp">
      <Filter>03. RenderGroup\Old\Final</Filter>
    </ClCompile>
    <ClCompile Include="..\Private\RenderGroup_2D.cpp">
      <Filter>03. RenderGroup\Old\2D</Filter>
    </ClCompile>
    <ClCompile Include="..\Private\RenderGroup_DirectLights.cpp">
      <Filter>03. RenderGroup\Old\Lights</Filter>
    </ClCompile>
    <ClCompile Include="..\Private\RenderGroup_WorldPos.cpp">
      <Filter>03. RenderGroup\Old\WorldPos</Filter>
    </ClCompile>
    <ClCompile Include="..\Private\RenderGroup_Combine.cpp">
      <Filter>03. RenderGroup\PBR\Combine</Filter>
    </ClCompile>
    <ClCompile Include="..\Private\RenderGroup_Lighting.cpp">
      <Filter>03. RenderGroup\PBR\Lighting</Filter>
    </ClCompile>
    <ClCompile Include="..\Private\MainTable.cpp">
      <Filter>02. GameObjects\MapObject\MainTable</Filter>
    </ClCompile>
    <ClCompile Include="..\Private\RenderGroup_PostProcessing.cpp">
      <Filter>03. RenderGroup</Filter>
    </ClCompile>
  </ItemGroup>
  <ItemGroup>
    <Image Include="Camera_Tool.ico">
      <Filter>98. Default</Filter>
    </Image>
    <Image Include="small.ico">
      <Filter>98. Default</Filter>
    </Image>
  </ItemGroup>
  <ItemGroup>
    <ResourceCompile Include="Camera_Tool.rc">
      <Filter>98. Default</Filter>
    </ResourceCompile>
  </ItemGroup>
  <ItemGroup>
    <FxCompile Include="..\Bin\ShaderFiles\Shader_Effect.hlsl">
      <Filter>97. ShaderFiles</Filter>
    </FxCompile>
    <FxCompile Include="..\Bin\ShaderFiles\Shader_Effect_Anim.hlsl">
      <Filter>97. ShaderFiles</Filter>
    </FxCompile>
    <FxCompile Include="..\Bin\ShaderFiles\Shader_VtxAnimMesh.hlsl">
      <Filter>97. ShaderFiles</Filter>
    </FxCompile>
    <FxCompile Include="..\Bin\ShaderFiles\Shader_VtxCube.hlsl">
      <Filter>97. ShaderFiles</Filter>
    </FxCompile>
    <FxCompile Include="..\Bin\ShaderFiles\Shader_VtxMesh.hlsl">
      <Filter>97. ShaderFiles</Filter>
    </FxCompile>
    <FxCompile Include="..\Bin\ShaderFiles\Shader_VtxMeshInstance.hlsl">
      <Filter>97. ShaderFiles</Filter>
    </FxCompile>
    <FxCompile Include="..\Bin\ShaderFiles\Shader_VtxNorTex.hlsl">
      <Filter>97. ShaderFiles</Filter>
    </FxCompile>
    <FxCompile Include="..\Bin\ShaderFiles\Shader_VtxPointInstance.hlsl">
      <Filter>97. ShaderFiles</Filter>
    </FxCompile>
    <FxCompile Include="..\Bin\ShaderFiles\Shader_VtxPointInstance_Old.hlsl">
      <Filter>97. ShaderFiles</Filter>
    </FxCompile>
    <FxCompile Include="..\Bin\ShaderFiles\Shader_VtxPosTex.hlsl">
      <Filter>97. ShaderFiles</Filter>
    </FxCompile>
    <FxCompile Include="..\Bin\ShaderFiles\Shader_VtxRectInstance.hlsl">
      <Filter>97. ShaderFiles</Filter>
    </FxCompile>
  </ItemGroup>
</Project>