
Microsoft Visual Studio Solution File, Format Version 12.00
# Visual Studio Version 17
VisualStudioVersion = 17.9.34622.214
MinimumVisualStudioVersion = 10.0.40219.1
Project("{8BC9CEB8-8B4A-11D0-8D11-00A0C91BC942}") = "Client", "Client\Default\Client.vcxproj", "{1E6EBBA7-120A-40F6-BEA7-13E0E4F9E224}"
	ProjectSection(ProjectDependencies) = postProject
		{FA872AED-9F1F-4848-8F7C-78CF765EE10B} = {FA872AED-9F1F-4848-8F7C-78CF765EE10B}
	EndProjectSection
EndProject
Project("{8BC9CEB8-8B4A-11D0-8D11-00A0C91BC942}") = "Engine", "Engine\Default\Engine.vcxproj", "{FA872AED-9F1F-4848-8F7C-78CF765EE10B}"
EndProject
Project("{8BC9CEB8-8B4A-11D0-8D11-00A0C91BC942}") = "Camera_Tool", "Camera_Tool\Default\Camera_Tool.vcxproj", "{CFB03C58-7B87-4345-A6FB-F4B3263F4233}"
EndProject
Project("{8BC9CEB8-8B4A-11D0-8D11-00A0C91BC942}") = "FBXConverter", "FBXConverter\FBXConverter.vcxproj", "{7E1BFF65-D110-457D-A3AF-0281E4439336}"
EndProject
Global
	GlobalSection(SolutionConfigurationPlatforms) = preSolution
		Debug|x64 = Debug|x64
		Debug|x86 = Debug|x86
		Release|x64 = Release|x64
		Release|x86 = Release|x86
	EndGlobalSection
	GlobalSection(ProjectConfigurationPlatforms) = postSolution
		{1E6EBBA7-120A-40F6-BEA7-13E0E4F9E224}.Debug|x64.ActiveCfg = Debug|x64
		{1E6EBBA7-120A-40F6-BEA7-13E0E4F9E224}.Debug|x64.Build.0 = Debug|x64
		{1E6EBBA7-120A-40F6-BEA7-13E0E4F9E224}.Debug|x86.ActiveCfg = Debug|Win32
		{1E6EBBA7-120A-40F6-BEA7-13E0E4F9E224}.Debug|x86.Build.0 = Debug|Win32
		{1E6EBBA7-120A-40F6-BEA7-13E0E4F9E224}.Release|x64.ActiveCfg = Release|x64
		{1E6EBBA7-120A-40F6-BEA7-13E0E4F9E224}.Release|x64.Build.0 = Release|x64
		{1E6EBBA7-120A-40F6-BEA7-13E0E4F9E224}.Release|x86.ActiveCfg = Release|Win32
		{1E6EBBA7-120A-40F6-BEA7-13E0E4F9E224}.Release|x86.Build.0 = Release|Win32
		{FA872AED-9F1F-4848-8F7C-78CF765EE10B}.Debug|x64.ActiveCfg = Debug|x64
		{FA872AED-9F1F-4848-8F7C-78CF765EE10B}.Debug|x64.Build.0 = Debug|x64
		{FA872AED-9F1F-4848-8F7C-78CF765EE10B}.Debug|x86.ActiveCfg = Debug|Win32
		{FA872AED-9F1F-4848-8F7C-78CF765EE10B}.Debug|x86.Build.0 = Debug|Win32
		{FA872AED-9F1F-4848-8F7C-78CF765EE10B}.Release|x64.ActiveCfg = Release|x64
		{FA872AED-9F1F-4848-8F7C-78CF765EE10B}.Release|x64.Build.0 = Release|x64
		{FA872AED-9F1F-4848-8F7C-78CF765EE10B}.Release|x86.ActiveCfg = Release|Win32
		{FA872AED-9F1F-4848-8F7C-78CF765EE10B}.Release|x86.Build.0 = Release|Win32
		{CFB03C58-7B87-4345-A6FB-F4B3263F4233}.Debug|x64.ActiveCfg = Debug|x64
		{CFB03C58-7B87-4345-A6FB-F4B3263F4233}.Debug|x64.Build.0 = Debug|x64
		{CFB03C58-7B87-4345-A6FB-F4B3263F4233}.Debug|x86.ActiveCfg = Debug|Win32
		{CFB03C58-7B87-4345-A6FB-F4B3263F4233}.Debug|x86.Build.0 = Debug|Win32
		{CFB03C58-7B87-4345-A6FB-F4B3263F4233}.Release|x64.ActiveCfg = Release|x64
		{CFB03C58-7B87-4345-A6FB-F4B3263F4233}.Release|x64.Build.0 = Release|x64
		{CFB03C58-7B87-4345-A6FB-F4B3263F4233}.Release|x86.ActiveCfg = Release|Win32
		{CFB03C58-7B87-4345-A6FB-F4B3263F4233}.Release|x86.Build.0 = Release|Win32
		{7E1BFF65-D110-457D-A3AF-0281E4439336}.Debug|x64.ActiveCfg = Debug|x64
		{7E1BFF65-D110-457D-A3AF-0281E4439336}.Debug|x64.Build.0 = Debug|x64
		{7E1BFF65-D110-457D-A3AF-0281E4439336}.Debug|x86.ActiveCfg = Debug|Win32
		{7E1BFF65-D110-457D-A3AF-0281E4439336}.Debug|x86.Build.0 = Debug|Win32
		{7E1BFF65-D110-457D-A3AF-0281E4439336}.Release|x64.ActiveCfg = Release|x64
		{7E1BFF65-D110-457D-A3AF-0281E4439336}.Release|x64.Build.0 = Release|x64
		{7E1BFF65-D110-457D-A3AF-0281E4439336}.Release|x86.ActiveCfg = Release|Win32
		{7E1BFF65-D110-457D-A3AF-0281E4439336}.Release|x86.Build.0 = Release|Win32
	EndGlobalSection
	GlobalSection(SolutionProperties) = preSolution
		HideSolutionNode = FALSE
	EndGlobalSection
	GlobalSection(ExtensibilityGlobals) = postSolution
		SolutionGuid = {E2984E5A-2E15-4620-9B0C-A8E5560ABD09}
	EndGlobalSection
EndGlobal
