<?xml version="1.0" encoding="utf-8"?>
<Project ToolsVersion="4.0" xmlns="http://schemas.microsoft.com/developer/msbuild/2003">
  <ItemGroup>
    <Filter Include="00. ToolAppMain">
      <UniqueIdentifier>{fe5ac354-6ca1-4cc7-86e7-cd09c407d221}</UniqueIdentifier>
    </Filter>
    <Filter Include="99. Defines">
      <UniqueIdentifier>{5f90d6b4-d72f-49b0-b598-fa420da5861e}</UniqueIdentifier>
    </Filter>
    <Filter Include="02. Levels">
      <UniqueIdentifier>{a7edba6d-dbf4-496c-aa22-6e129687cb8e}</UniqueIdentifier>
    </Filter>
    <Filter Include="03. GameObject">
      <UniqueIdentifier>{d6be42f8-48ad-452a-a39a-b0337e08fcb2}</UniqueIdentifier>
    </Filter>
    <Filter Include="04. Components">
      <UniqueIdentifier>{62753ea2-e279-4068-801b-58608d4c72e0}</UniqueIdentifier>
    </Filter>
    <Filter Include="01. ToolApp_Managers">
      <UniqueIdentifier>{0226909a-a982-4b54-a514-fa16d87a2f1a}</UniqueIdentifier>
    </Filter>
    <Filter Include="98. Default">
      <UniqueIdentifier>{5e030d2a-e9d3-4b0a-baa0-e883290e8ab7}</UniqueIdentifier>
    </Filter>
    <Filter Include="05. Imgui">
      <UniqueIdentifier>{edf30b50-710f-417b-be8a-708f3d47ab6d}</UniqueIdentifier>
    </Filter>
    <Filter Include="97. gizmo">
      <UniqueIdentifier>{0eec8388-e4d2-4d52-be93-07e98ed044fe}</UniqueIdentifier>
    </Filter>
    <Filter Include="01. ToolApp_Managers\Task">
      <UniqueIdentifier>{25188e90-152a-4ab0-8f0b-b9cebde9e6f1}</UniqueIdentifier>
    </Filter>
    <Filter Include="02. Levels\Model_Tool">
      <UniqueIdentifier>{446bff5b-d0dc-416e-b0f8-772a8ba4dabf}</UniqueIdentifier>
    </Filter>
    <Filter Include="02. Levels\2D_Map_Tool">
      <UniqueIdentifier>{e899ffd1-cc1d-45fe-b324-c959308e207c}</UniqueIdentifier>
    </Filter>
    <Filter Include="02. Levels\3D_Map_Tool">
      <UniqueIdentifier>{a3250756-0bc0-4fd9-94c5-1398c293aee1}</UniqueIdentifier>
    </Filter>
    <Filter Include="03. GameObject\3D">
      <UniqueIdentifier>{0bfcb958-1e7b-4321-be4e-9d41ed570a2f}</UniqueIdentifier>
    </Filter>
    <Filter Include="03. GameObject\3D\3D_Defulat_Map_obejct">
      <UniqueIdentifier>{8c9e5823-da27-4a71-90d1-b2a0d414a0a0}</UniqueIdentifier>
    </Filter>
    <Filter Include="03. GameObject\3D\Re_PackagingObject">
      <UniqueIdentifier>{4ef1ebe3-4695-4c99-9761-5ba3a36b3df7}</UniqueIdentifier>
    </Filter>
    <Filter Include="03. GameObject\2D">
      <UniqueIdentifier>{568847f6-0beb-48fe-bb2f-c701cc8b5775}</UniqueIdentifier>
    </Filter>
    <Filter Include="03. GameObject\2D\2D_Default_Render_Object">
      <UniqueIdentifier>{6e1c5467-5cd4-4998-b6c6-2aa762a63585}</UniqueIdentifier>
    </Filter>
    <Filter Include="03. GameObject\2D\2D_MapObject">
      <UniqueIdentifier>{c7a17e8c-adc8-4b42-85df-d9884eb44092}</UniqueIdentifier>
    </Filter>
    <Filter Include="03. GameObject\2D\2D_Tile_RenderObject">
      <UniqueIdentifier>{d13e90ab-d667-4107-9294-d33611690e8a}</UniqueIdentifier>
    </Filter>
    <Filter Include="03. GameObject\2D\SampleBook">
      <UniqueIdentifier>{636a99ec-038c-430d-9742-c125fd0ad6f1}</UniqueIdentifier>
    </Filter>
    <Filter Include="SampleShader">
      <UniqueIdentifier>{bfe1e1bd-db7a-4089-b38b-d53bf949c5dc}</UniqueIdentifier>
    </Filter>
    <Filter Include="03. GameObject\2D\2D_MapObject\Info">
      <UniqueIdentifier>{7335fd67-2386-4327-b368-6c418b11715b}</UniqueIdentifier>
    </Filter>
    <Filter Include="02. Levels\01. Static">
      <UniqueIdentifier>{15575d75-376a-440c-9ef0-c818fb2d9a6f}</UniqueIdentifier>
    </Filter>
    <Filter Include="02. Levels\00. Loading">
      <UniqueIdentifier>{3f096376-aa0c-464d-953a-6c707f7b6886}</UniqueIdentifier>
    </Filter>
    <Filter Include="02. Levels\00. Loader">
      <UniqueIdentifier>{70b58eca-6641-44c6-87c7-0391d5f1a930}</UniqueIdentifier>
    </Filter>
    <Filter Include="02. Levels\00. Loader\Guard">
      <UniqueIdentifier>{49377049-ab7e-4614-8a68-fe36e316065c}</UniqueIdentifier>
    </Filter>
    <Filter Include="01. ToolApp_Managers\3D">
      <UniqueIdentifier>{f2f79d43-7070-4af3-975f-f079a561742c}</UniqueIdentifier>
    </Filter>
    <Filter Include="01. ToolApp_Managers\3D\3DMapTool">
      <UniqueIdentifier>{8c4f354d-cdf9-48c8-95e6-c214d173fa2c}</UniqueIdentifier>
    </Filter>
    <Filter Include="01. ToolApp_Managers\3D\3DModelTool">
      <UniqueIdentifier>{9d489dc2-8b71-4052-a05f-ab0c8b204913}</UniqueIdentifier>
    </Filter>
    <Filter Include="01. ToolApp_Managers\2D">
      <UniqueIdentifier>{5a3ebd82-a614-4ca1-9ec3-f49d22d6f665}</UniqueIdentifier>
    </Filter>
    <Filter Include="01. ToolApp_Managers\2D\2DMapTool">
      <UniqueIdentifier>{3047ddb0-b5b5-457b-8f07-bfc690e62f63}</UniqueIdentifier>
    </Filter>
    <Filter Include="01. ToolApp_Managers\Event">
      <UniqueIdentifier>{42200b2a-0a0e-420e-be25-5d3a30236f4a}</UniqueIdentifier>
    </Filter>
    <Filter Include="03. GameObject\2D\2DTrigger_Sample">
      <UniqueIdentifier>{45070a33-09a7-4123-95a3-009b611822de}</UniqueIdentifier>
    </Filter>
    <Filter Include="96. RenderTarget">
      <UniqueIdentifier>{7b1f45a1-3b74-4d38-a37f-f99be2bbb9ef}</UniqueIdentifier>
    </Filter>
    <Filter Include="03. GameObject\2D\SampleSkechspace">
      <UniqueIdentifier>{1be6a70e-f39c-4c46-93e7-edd7275f5756}</UniqueIdentifier>
    </Filter>
  </ItemGroup>
  <ItemGroup>
    <ClInclude Include="..\Public\Map_Tool_Defines.h">
      <Filter>99. Defines</Filter>
    </ClInclude>
    <ClInclude Include="framework.h">
      <Filter>98. Default</Filter>
    </ClInclude>
    <ClInclude Include="Map_Tool.h">
      <Filter>98. Default</Filter>
    </ClInclude>
    <ClInclude Include="Resource.h">
      <Filter>98. Default</Filter>
    </ClInclude>
    <ClInclude Include="targetver.h">
      <Filter>98. Default</Filter>
    </ClInclude>
    <ClInclude Include="..\Public\Map_Tool_MainApp.h">
      <Filter>00. ToolAppMain</Filter>
    </ClInclude>
    <ClInclude Include="stdafx.h">
      <Filter>98. Default</Filter>
    </ClInclude>
    <ClInclude Include="..\Public\Level_Loading.h">
      <Filter>02. Levels\00. Loading</Filter>
    </ClInclude>
    <ClInclude Include="..\Public\Loader.h">
      <Filter>02. Levels\00. Loader</Filter>
    </ClInclude>
    <ClInclude Include="..\Public\Level_Static.h">
      <Filter>02. Levels\01. Static</Filter>
    </ClInclude>
    <ClInclude Include="..\Public\CriticalSectionGuard.h">
      <Filter>02. Levels\00. Loader\Guard</Filter>
    </ClInclude>
    <ClInclude Include="..\Public\Map_Tool_Function.h">
      <Filter>99. Defines</Filter>
    </ClInclude>
    <ClInclude Include="..\Public\Level_3D_Map_Tool.h">
      <Filter>02. Levels\3D_Map_Tool</Filter>
    </ClInclude>
    <ClInclude Include="..\Public\ImguiLogger.h">
      <Filter>05. Imgui</Filter>
    </ClInclude>
    <ClInclude Include="..\Public\gizmo\GraphEditor.h">
      <Filter>97. gizmo</Filter>
    </ClInclude>
    <ClInclude Include="..\Public\gizmo\ImCurveEdit.h">
      <Filter>97. gizmo</Filter>
    </ClInclude>
    <ClInclude Include="..\Public\gizmo\ImGradient.h">
      <Filter>97. gizmo</Filter>
    </ClInclude>
    <ClInclude Include="..\Public\gizmo\ImGuizmo.h">
      <Filter>97. gizmo</Filter>
    </ClInclude>
    <ClInclude Include="..\Public\gizmo\ImSequencer.h">
      <Filter>97. gizmo</Filter>
    </ClInclude>
    <ClInclude Include="..\Public\gizmo\ImZoomSlider.h">
      <Filter>97. gizmo</Filter>
    </ClInclude>
    <ClInclude Include="..\Public\Event_Manager.h">
      <Filter>01. ToolApp_Managers\Event</Filter>
    </ClInclude>
    <ClInclude Include="..\Public\Task_Manager.h">
      <Filter>01. ToolApp_Managers\Task</Filter>
    </ClInclude>
    <ClInclude Include="..\Public\ImGuiStyle_MapTool_Function.h">
      <Filter>99. Defines</Filter>
    </ClInclude>
    <ClInclude Include="..\Public\Model_PackagingObject.h">
      <Filter>03. GameObject\3D\Re_PackagingObject</Filter>
    </ClInclude>
    <ClInclude Include="..\Public\Level_2D_Map_Tool.h">
      <Filter>02. Levels\2D_Map_Tool</Filter>
    </ClInclude>
    <ClInclude Include="..\Public\2DMap_Tool_Manager.h">
      <Filter>01. ToolApp_Managers\2D\2DMapTool</Filter>
    </ClInclude>
    <ClInclude Include="..\Public\2DDefault_RenderObject.h">
      <Filter>03. GameObject\2D\2D_Default_Render_Object</Filter>
    </ClInclude>
    <ClInclude Include="..\Public\MapObject.h">
      <Filter>03. GameObject\3D\3D_Defulat_Map_obejct</Filter>
    </ClInclude>
    <ClInclude Include="..\Public\2DTile_RenderObject.h">
      <Filter>03. GameObject\2D\2D_Tile_RenderObject</Filter>
    </ClInclude>
    <ClInclude Include="..\Public\2DMapObject.h">
      <Filter>03. GameObject\2D\2D_MapObject</Filter>
    </ClInclude>
    <ClInclude Include="..\Public\SampleBook.h">
      <Filter>03. GameObject\2D\SampleBook</Filter>
    </ClInclude>
    <ClInclude Include="..\Public\BackGround.h">
      <Filter>03. GameObject</Filter>
    </ClInclude>
    <ClInclude Include="..\Public\2DMapObjectInfo.h">
      <Filter>03. GameObject\2D\2D_MapObject\Info</Filter>
    </ClInclude>
    <ClInclude Include="..\Public\Level_Model_Tool.h">
      <Filter>02. Levels\Model_Tool</Filter>
    </ClInclude>
    <ClInclude Include="..\Public\3DMap_Tool_Manager.h">
      <Filter>01. ToolApp_Managers\3D\3DMapTool</Filter>
    </ClInclude>
    <ClInclude Include="..\Public\Model_Tool_Manager.h">
      <Filter>01. ToolApp_Managers\3D\3DModelTool</Filter>
    </ClInclude>
    <ClInclude Include="..\Public\2DTrigger_Sample.h">
      <Filter>03. GameObject\2D\2DTrigger_Sample</Filter>
    </ClInclude>
    <ClInclude Include="..\Public\RenderGroup_WorldPos.h">
      <Filter>96. RenderTarget</Filter>
    </ClInclude>
    <ClInclude Include="..\Public\RenderGroup_2D.h">
      <Filter>96. RenderTarget</Filter>
    </ClInclude>
    <ClInclude Include="..\Public\RenderGroup_AfterEffect.h">
      <Filter>96. RenderTarget</Filter>
    </ClInclude>
    <ClInclude Include="..\Public\Sample_Skechspace.h">
      <Filter>03. GameObject\2D\SampleSkechspace</Filter>
    </ClInclude>
    <ClInclude Include="..\Public\RenderGroup_DirectLights.h">
      <Filter>96. RenderTarget</Filter>
    </ClInclude>
    <ClInclude Include="..\Public\RenderGroup_DownSample.h">
      <Filter>96. RenderTarget</Filter>
    </ClInclude>
    <ClInclude Include="..\Public\RenderGroup_Lighting.h">
      <Filter>96. RenderTarget</Filter>
    </ClInclude>
    <ClInclude Include="..\Public\RenderGroup_AfterParticle.h">
      <Filter>96. RenderTarget</Filter>
    </ClInclude>
    <ClInclude Include="..\Public\RenderGroup_Blur.h">
      <Filter>96. RenderTarget</Filter>
    </ClInclude>
    <ClInclude Include="..\Public\RenderGroup_Combine.h">
      <Filter>96. RenderTarget</Filter>
    </ClInclude>
  </ItemGroup>
  <ItemGroup>
    <Image Include="Map_Tool.ico">
      <Filter>98. Default</Filter>
    </Image>
    <Image Include="small.ico">
      <Filter>98. Default</Filter>
    </Image>
  </ItemGroup>
  <ItemGroup>
    <ClCompile Include="Map_Tool.cpp">
      <Filter>98. Default</Filter>
    </ClCompile>
    <ClCompile Include="..\Private\Map_Tool_MainApp.cpp">
      <Filter>00. ToolAppMain</Filter>
    </ClCompile>
    <ClCompile Include="stdafx.cpp">
      <Filter>98. Default</Filter>
    </ClCompile>
    <ClCompile Include="..\Private\Level_Loading.cpp">
      <Filter>02. Levels\00. Loading</Filter>
    </ClCompile>
    <ClCompile Include="..\Private\Loader.cpp">
      <Filter>02. Levels\00. Loader</Filter>
    </ClCompile>
    <ClCompile Include="..\Private\Level_Static.cpp">
      <Filter>02. Levels\01. Static</Filter>
    </ClCompile>
    <ClCompile Include="..\Private\CriticalSectionGuard.cpp">
      <Filter>02. Levels\00. Loader\Guard</Filter>
    </ClCompile>
    <ClCompile Include="..\Private\Map_Tool_Function.cpp">
      <Filter>99. Defines</Filter>
    </ClCompile>
    <ClCompile Include="..\Private\Level_3D_Map_Tool.cpp">
      <Filter>02. Levels\3D_Map_Tool</Filter>
    </ClCompile>
    <ClCompile Include="..\Private\ImguiLogger.cpp">
      <Filter>05. Imgui</Filter>
    </ClCompile>
    <ClCompile Include="..\Private\gizmo\GraphEditor.cpp">
      <Filter>97. gizmo</Filter>
    </ClCompile>
    <ClCompile Include="..\Private\gizmo\ImCurveEdit.cpp">
      <Filter>97. gizmo</Filter>
    </ClCompile>
    <ClCompile Include="..\Private\gizmo\ImGradient.cpp">
      <Filter>97. gizmo</Filter>
    </ClCompile>
    <ClCompile Include="..\Private\gizmo\ImGuizmo.cpp">
      <Filter>97. gizmo</Filter>
    </ClCompile>
    <ClCompile Include="..\Private\gizmo\ImSequencer.cpp">
      <Filter>97. gizmo</Filter>
    </ClCompile>
    <ClCompile Include="..\Private\Event_Manager.cpp">
      <Filter>01. ToolApp_Managers\Event</Filter>
    </ClCompile>
    <ClCompile Include="..\Private\Task_Manager.cpp">
      <Filter>01. ToolApp_Managers\Task</Filter>
    </ClCompile>
    <ClCompile Include="..\Private\ImGuiStyle_MapTool_Function.cpp">
      <Filter>99. Defines</Filter>
    </ClCompile>
    <ClCompile Include="..\Private\Model_PackagingObject.cpp">
      <Filter>03. GameObject\3D\Re_PackagingObject</Filter>
    </ClCompile>
    <ClCompile Include="..\Private\Level_2D_Map_Tool.cpp">
      <Filter>02. Levels\2D_Map_Tool</Filter>
    </ClCompile>
    <ClCompile Include="..\Private\2DMap_Tool_Manager.cpp">
      <Filter>01. ToolApp_Managers\2D\2DMapTool</Filter>
    </ClCompile>
    <ClCompile Include="..\Private\2DDefault_RenderObject.cpp">
      <Filter>03. GameObject\2D\2D_Default_Render_Object</Filter>
    </ClCompile>
    <ClCompile Include="..\Private\MapObject.cpp">
      <Filter>03. GameObject\3D\3D_Defulat_Map_obejct</Filter>
    </ClCompile>
    <ClCompile Include="..\Private\2DTile_RenderObject.cpp">
      <Filter>03. GameObject\2D\2D_Tile_RenderObject</Filter>
    </ClCompile>
    <ClCompile Include="..\Private\2DMapObject.cpp">
      <Filter>03. GameObject\2D\2D_MapObject</Filter>
    </ClCompile>
    <ClCompile Include="..\Private\SampleBook.cpp">
      <Filter>03. GameObject\2D\SampleBook</Filter>
    </ClCompile>
    <ClCompile Include="..\Private\BackGround.cpp">
      <Filter>03. GameObject</Filter>
    </ClCompile>
    <ClCompile Include="..\Private\2DMapObjectInfo.cpp">
      <Filter>03. GameObject\2D\2D_MapObject\Info</Filter>
    </ClCompile>
    <ClCompile Include="..\Private\Level_Model_Tool.cpp">
      <Filter>02. Levels\Model_Tool</Filter>
    </ClCompile>
    <ClCompile Include="..\Private\3DMap_Tool_Manager.cpp">
      <Filter>01. ToolApp_Managers\3D\3DMapTool</Filter>
    </ClCompile>
    <ClCompile Include="..\Private\Model_Tool_Manager.cpp">
      <Filter>01. ToolApp_Managers\3D\3DModelTool</Filter>
    </ClCompile>
    <ClCompile Include="..\Private\2DTrigger_Sample.cpp">
      <Filter>03. GameObject\2D\2DTrigger_Sample</Filter>
    </ClCompile>
    <ClCompile Include="..\Private\RenderGroup_WorldPos.cpp">
      <Filter>96. RenderTarget</Filter>
    </ClCompile>
    <ClCompile Include="..\Private\RenderGroup_2D.cpp">
      <Filter>96. RenderTarget</Filter>
    </ClCompile>
    <ClCompile Include="..\Private\RenderGroup_AfterEffect.cpp">
      <Filter>96. RenderTarget</Filter>
    </ClCompile>
    <ClCompile Include="..\Private\Sample_Skechspace.cpp">
      <Filter>03. GameObject\2D\SampleSkechspace</Filter>
    </ClCompile>
    <ClCompile Include="..\Private\RenderGroup_DirectLights.cpp">
      <Filter>96. RenderTarget</Filter>
    </ClCompile>
    <ClCompile Include="..\Private\RenderGroup_DownSample.cpp">
      <Filter>96. RenderTarget</Filter>
    </ClCompile>
    <ClCompile Include="..\Private\RenderGroup_Lighting.cpp">
      <Filter>96. RenderTarget</Filter>
    </ClCompile>
    <ClCompile Include="..\Private\RenderGroup_AfterParticle.cpp">
      <Filter>96. RenderTarget</Filter>
    </ClCompile>
    <ClCompile Include="..\Private\RenderGroup_Blur.cpp">
      <Filter>96. RenderTarget</Filter>
    </ClCompile>
    <ClCompile Include="..\Private\RenderGroup_Combine.cpp">
      <Filter>96. RenderTarget</Filter>
    </ClCompile>
  </ItemGroup>
  <ItemGroup>
    <ResourceCompile Include="Map_Tool.rc">
      <Filter>98. Default</Filter>
    </ResourceCompile>
  </ItemGroup>
  <ItemGroup>
    <FxCompile Include="..\Bin\ShaderFiles\Shader_VtxAnimMesh.hlsl">
      <Filter>SampleShader</Filter>
    </FxCompile>
  </ItemGroup>
</Project>