<?xml version="1.0" encoding="utf-8"?>
<Project ToolsVersion="4.0" xmlns="http://schemas.microsoft.com/developer/msbuild/2003">
  <ItemGroup>
    <Filter Include="00.MainApp">
      <UniqueIdentifier>{8a04cd48-d0a3-40b9-bb6b-1beb6dae084f}</UniqueIdentifier>
    </Filter>
    <Filter Include="98.Default">
      <UniqueIdentifier>{83624520-0af8-4f63-928f-098474f7205e}</UniqueIdentifier>
    </Filter>
    <Filter Include="99.Defines">
      <UniqueIdentifier>{c565c25b-6d60-44f6-ba0c-04d5b02f55ec}</UniqueIdentifier>
    </Filter>
    <Filter Include="01.Levels">
      <UniqueIdentifier>{5651ecca-8563-4189-98c8-7ef7771a10f4}</UniqueIdentifier>
    </Filter>
    <Filter Include="01.Levels\00.Loading">
      <UniqueIdentifier>{61e823ca-e342-4f17-8db7-d36fa7b529db}</UniqueIdentifier>
    </Filter>
    <Filter Include="01.Levels\00.Loading\Loader">
      <UniqueIdentifier>{65884393-a315-409d-a3e7-43b536ca50fd}</UniqueIdentifier>
    </Filter>
    <Filter Include="02.GameObjects">
      <UniqueIdentifier>{31a3fa72-9723-4909-971f-8c3225cdfe64}</UniqueIdentifier>
    </Filter>
    <Filter Include="97.ShaderFiles">
      <UniqueIdentifier>{fd73166e-8775-4e97-9f87-1a77af7ea1b2}</UniqueIdentifier>
    </Filter>
    <Filter Include="96.Event">
      <UniqueIdentifier>{bfc7550f-3914-4b66-89c9-a747df3367c3}</UniqueIdentifier>
    </Filter>
    <Filter Include="96.Event\Manager">
      <UniqueIdentifier>{b0a571df-ba07-4978-a02c-d82a88c5134a}</UniqueIdentifier>
    </Filter>
    <Filter Include="02.GameObjects\Camera">
      <UniqueIdentifier>{b01ae067-acc0-4249-a6ba-f9132d7d1f9b}</UniqueIdentifier>
    </Filter>
    <Filter Include="03.Components">
      <UniqueIdentifier>{0ada68c6-84b6-4a52-8820-b16cc6d4952f}</UniqueIdentifier>
    </Filter>
    <Filter Include="02.GameObjects\Camera\Target">
      <UniqueIdentifier>{c64856ae-3a86-4d53-86ba-3f91c1605b47}</UniqueIdentifier>
    </Filter>
    <Filter Include="97.ShaderFiles\Effect">
      <UniqueIdentifier>{7c601478-b50a-4726-b667-ef0789ed4c39}</UniqueIdentifier>
    </Filter>
    <Filter Include="97.ShaderFiles\Default">
      <UniqueIdentifier>{2581a6de-cf70-49df-b70c-52db265155b6}</UniqueIdentifier>
    </Filter>
    <Filter Include="01.Levels\02.Logo">
      <UniqueIdentifier>{acfb9ee0-0201-4a6a-b79c-a5107793a370}</UniqueIdentifier>
    </Filter>
    <Filter Include="01.Levels\03.GamePlay">
      <UniqueIdentifier>{3581ffa0-be92-4bd5-9825-a3c15e354cae}</UniqueIdentifier>
    </Filter>
    <Filter Include="01.Levels\01.Static">
      <UniqueIdentifier>{cf5fa239-6189-4cdf-9881-d8ce1c31f557}</UniqueIdentifier>
    </Filter>
    <Filter Include="01.Levels\00.Loading\Loader\CriticalSectionGuard">
      <UniqueIdentifier>{da37aacd-cfdc-43c9-8bdd-b37114e67aaf}</UniqueIdentifier>
    </Filter>
    <Filter Include="02.GameObjects\TestPlayer">
      <UniqueIdentifier>{ae177609-321a-4bf1-ac22-18b52b14a6df}</UniqueIdentifier>
    </Filter>
    <Filter Include="02.GameObjects\TestTerrain">
      <UniqueIdentifier>{b4fcc4ee-0579-4fd9-acd6-6c477523958c}</UniqueIdentifier>
    </Filter>
    <Filter Include="02.GameObjects\UI">
      <UniqueIdentifier>{a5b84525-81cf-4aa2-a436-46bb13091506}</UniqueIdentifier>
    </Filter>
    <Filter Include="02.GameObjects\UI\01. SettingPanel">
      <UniqueIdentifier>{a66d5efb-41fc-4d5c-8d0f-10a389f20aef}</UniqueIdentifier>
    </Filter>
    <Filter Include="02.GameObjects\Monster">
      <UniqueIdentifier>{fe5f45a6-a62b-4b5b-b990-1b0b74ca0795}</UniqueIdentifier>
    </Filter>
    <Filter Include="03.Components\FSM">
      <UniqueIdentifier>{ecc725c4-a4f9-43c7-976e-be4cb5b7f9ff}</UniqueIdentifier>
    </Filter>
    <Filter Include="03.Components\FSM\State">
      <UniqueIdentifier>{299f0664-1db1-4223-9fdc-7354980828dc}</UniqueIdentifier>
    </Filter>
    <Filter Include="03.Components\FSM\State\Idle">
      <UniqueIdentifier>{7ad3a1ab-c3ce-498d-b2c0-acda38947213}</UniqueIdentifier>
    </Filter>
    <Filter Include="03.Components\FSM\State\Chase">
      <UniqueIdentifier>{869d6463-aa2f-46e7-8661-51e988fce1a2}</UniqueIdentifier>
    </Filter>
    <Filter Include="03.Components\FSM\State\Attack">
      <UniqueIdentifier>{b0744f3d-c61e-44dd-8940-6a42c5d72b2f}</UniqueIdentifier>
    </Filter>
    <Filter Include="02.GameObjects\Monster\Beetle">
      <UniqueIdentifier>{e4f8e236-1773-4c39-95eb-432f578067b5}</UniqueIdentifier>
    </Filter>
    <Filter Include="02.GameObjects\Monster\BarfBug">
      <UniqueIdentifier>{67bad6d7-2648-479f-83bb-27d29ba71422}</UniqueIdentifier>
    </Filter>
    <Filter Include="95.Pooling">
      <UniqueIdentifier>{e24fa49e-a85b-4b7b-8eac-fe65b21caaa0}</UniqueIdentifier>
    </Filter>
    <Filter Include="02.GameObjects\UI\00. GamePlay">
      <UniqueIdentifier>{24b60c7c-5811-4eb8-96fb-48372c932372}</UniqueIdentifier>
    </Filter>
    <Filter Include="02.GameObjects\UI\00. GamePlay\01. Stamp">
      <UniqueIdentifier>{e0741c40-b025-4a53-9df1-76a1a3d7f7cc}</UniqueIdentifier>
    </Filter>
    <Filter Include="02.GameObjects\UI\00. GamePlay\01. Stamp\00. StopStamp">
      <UniqueIdentifier>{9371d968-c909-4ccc-8c3d-7154a34e0e31}</UniqueIdentifier>
    </Filter>
    <Filter Include="02.GameObjects\UI\00. GamePlay\01. Stamp\01. BombStamp">
      <UniqueIdentifier>{4b8be43d-f9a2-4fc1-a003-2bc63e71bf4c}</UniqueIdentifier>
    </Filter>
    <Filter Include="02.GameObjects\UI\00. GamePlay\01. Stamp\02. ArrowForStamp">
      <UniqueIdentifier>{8ae41451-8f42-47c5-a5c0-8e023d960d3f}</UniqueIdentifier>
    </Filter>
    <Filter Include="02.GameObjects\UI\100. UI_Manager">
      <UniqueIdentifier>{0bfe3732-ce5c-4ea9-b556-a293900bd8d1}</UniqueIdentifier>
    </Filter>
    <Filter Include="02.GameObjects\Camera\Manager">
      <UniqueIdentifier>{dc70aa36-495a-4cc7-85b0-0d18bc005acf}</UniqueIdentifier>
    </Filter>
    <Filter Include="02.GameObjects\UI\01. SettingPanel\00. HeartPoint">
      <UniqueIdentifier>{5bece5e8-a2e3-4fd6-a3c9-8d34fc011de9}</UniqueIdentifier>
    </Filter>
    <Filter Include="02.GameObjects\Monster\BarfBug\Projectile">
      <UniqueIdentifier>{0e711259-b9ff-46d3-9f43-43b0f7522312}</UniqueIdentifier>
    </Filter>
    <Filter Include="03.Components\PlayerState">
      <UniqueIdentifier>{2c11b0f4-d2f1-4207-914c-46e11d497546}</UniqueIdentifier>
    </Filter>
    <Filter Include="02.GameObjects\UI\00. GamePlay\03. InterAction">
      <UniqueIdentifier>{7da9691a-06aa-4f08-826a-3dea2aff39b6}</UniqueIdentifier>
    </Filter>
    <Filter Include="02.GameObjects\UI\00. GamePlay\03. InterAction\00. Interaction_Book">
      <UniqueIdentifier>{0c30b99e-6e02-4b43-ba51-f2f732c86957}</UniqueIdentifier>
    </Filter>
    <Filter Include="02.GameObjects\UI\02. ShopPanel">
      <UniqueIdentifier>{746a2ce1-b787-4d4b-925f-d225804b6b31}</UniqueIdentifier>
    </Filter>
    <Filter Include="02.GameObjects\UI\01. SettingPanel\05. SettingPanelBG">
      <UniqueIdentifier>{e33890e6-15c4-477e-9a78-c791eb2c6588}</UniqueIdentifier>
    </Filter>
    <Filter Include="03.Components\DetectionField">
      <UniqueIdentifier>{04adcb91-4582-41ba-903b-8a861fe8a29f}</UniqueIdentifier>
    </Filter>
    <Filter Include="02.GameObjects\Monster\Boss">
      <UniqueIdentifier>{48b2cfb8-e859-4efb-9630-ac2adc201dbc}</UniqueIdentifier>
    </Filter>
    <Filter Include="02.GameObjects\UI\02. ShopPanel\00. ShopPanel_BG">
      <UniqueIdentifier>{23b13d1c-1d27-4372-a67c-debee7267517}</UniqueIdentifier>
    </Filter>
    <Filter Include="02.GameObjects\UI\00. GamePlay\00. Pick_Bulb">
      <UniqueIdentifier>{22c8afcc-494e-4251-943c-def5afcdc486}</UniqueIdentifier>
    </Filter>
    <Filter Include="02.GameObjects\Monster\Boss\Projectile">
      <UniqueIdentifier>{5d53b94e-7874-439e-8893-e2b9667360ec}</UniqueIdentifier>
    </Filter>
    <Filter Include="02.GameObjects\Monster\Boss\State">
      <UniqueIdentifier>{61b6526e-7a8f-4e3c-b1ca-00031b8ab953}</UniqueIdentifier>
    </Filter>
    <Filter Include="02.GameObjects\UI\03. Logo">
      <UniqueIdentifier>{3600cf84-02bf-4c6a-8b64-2fdea4cb32ad}</UniqueIdentifier>
    </Filter>
    <Filter Include="02.GameObjects\UI\03. Logo\00. Logo_BG">
      <UniqueIdentifier>{3201528a-c170-487d-9d02-4f72ad1ea9e9}</UniqueIdentifier>
    </Filter>
    <Filter Include="02.GameObjects\MapObject">
      <UniqueIdentifier>{27eeead8-8f6e-4d69-8a4b-703b1b9d2cc9}</UniqueIdentifier>
    </Filter>
    <Filter Include="02.GameObjects\UI\02. ShopPanel\01. ShopItem">
      <UniqueIdentifier>{a838413b-c5d4-4178-a1a5-f58c7a424696}</UniqueIdentifier>
    </Filter>
    <Filter Include="02.GameObjects\UI\02. ShopPanel\01. ShopItem\00. ShopItemBG">
      <UniqueIdentifier>{a77bb249-6b86-41f0-80e7-d13216bfb195}</UniqueIdentifier>
    </Filter>
    <Filter Include="02.GameObjects\UI\02. ShopPanel\01. ShopItem\ShopItem">
      <UniqueIdentifier>{f9cecc49-f4ff-40d8-9329-5ade28ab001d}</UniqueIdentifier>
    </Filter>
    <Filter Include="02.GameObjects\UI\00. GamePlay\03. InterAction\01. Interaction_Heart">
      <UniqueIdentifier>{6b2e382d-47c5-4fe2-ba7b-e2b4963457dc}</UniqueIdentifier>
    </Filter>
    <Filter Include="02.GameObjects\UI\03. Logo\00. Logo_BG\00. Logo_Choose">
      <UniqueIdentifier>{0daba0c3-1d8f-48c6-ae86-64d1dcba25ec}</UniqueIdentifier>
    </Filter>
    <Filter Include="02.GameObjects\UI\01. SettingPanel\01. SettingGoblin">
      <UniqueIdentifier>{8c4f6d92-3748-4d76-a576-30412a603c30}</UniqueIdentifier>
    </Filter>
    <Filter Include="02.GameObjects\Monster\Goblin">
      <UniqueIdentifier>{7632e6b5-370f-4bc5-9f78-86e3d2eda239}</UniqueIdentifier>
    </Filter>
    <Filter Include="02.GameObjects\Monster\JumpBug">
      <UniqueIdentifier>{9ac07b8c-eb66-43f8-bf80-ccf3d62aad4d}</UniqueIdentifier>
    </Filter>
    <Filter Include="02.GameObjects\Monster\Rat">
      <UniqueIdentifier>{83c53ac5-4d09-49d8-abeb-645573ff6971}</UniqueIdentifier>
    </Filter>
    <Filter Include="02.GameObjects\Monster\Popuff">
      <UniqueIdentifier>{c7039c41-034e-49b1-a264-6ca8115dfdea}</UniqueIdentifier>
    </Filter>
    <Filter Include="02.GameObjects\Monster\Soldier">
      <UniqueIdentifier>{8dddf44b-0b69-49ca-9b12-e5bf74e48a25}</UniqueIdentifier>
    </Filter>
    <Filter Include="02.GameObjects\Monster\BirdMonster">
      <UniqueIdentifier>{fffa564a-61a5-4377-897d-4e875ce10df5}</UniqueIdentifier>
    </Filter>
    <Filter Include="03.Components\FSM\State\Patrol">
      <UniqueIdentifier>{659e0234-f497-4370-81c4-97cfc9fc6ba7}</UniqueIdentifier>
    </Filter>
    <Filter Include="02.GameObjects\NPC">
      <UniqueIdentifier>{687f816c-88de-4eec-b927-25724250bbef}</UniqueIdentifier>
    </Filter>
    <Filter Include="02.GameObjects\UI\00. GamePlay\04. Dialogue">
      <UniqueIdentifier>{d24fd4ac-720e-4a88-bcbd-a0b023d0a146}</UniqueIdentifier>
    </Filter>
    <Filter Include="02.GameObjects\SampleBook">
      <UniqueIdentifier>{8bf5a38a-cd6a-4ee8-b268-00e43d9656dc}</UniqueIdentifier>
    </Filter>
    <Filter Include="03.Components\FSM\State\Alert">
      <UniqueIdentifier>{88718416-dfd9-4f31-b553-a803df310b8a}</UniqueIdentifier>
    </Filter>
  </ItemGroup>
  <ItemGroup>
    <ClInclude Include="Client.h">
      <Filter>98.Default</Filter>
    </ClInclude>
    <ClInclude Include="Resource.h">
      <Filter>98.Default</Filter>
    </ClInclude>
    <ClInclude Include="targetver.h">
      <Filter>98.Default</Filter>
    </ClInclude>
    <ClInclude Include="..\public\MainApp.h">
      <Filter>00.MainApp</Filter>
    </ClInclude>
    <ClInclude Include="..\Public\Client_Defines.h">
      <Filter>99.Defines</Filter>
    </ClInclude>
    <ClInclude Include="..\Public\Level_Loading.h">
      <Filter>01.Levels\00.Loading</Filter>
    </ClInclude>
    <ClInclude Include="..\Public\Loader.h">
      <Filter>01.Levels\00.Loading\Loader</Filter>
    </ClInclude>
    <ClInclude Include="..\Public\Level_Logo.h">
      <Filter>01.Levels\02.Logo</Filter>
    </ClInclude>
    <ClInclude Include="..\Public\Level_GamePlay.h">
      <Filter>01.Levels\03.GamePlay</Filter>
    </ClInclude>
    <ClInclude Include="..\Public\Client_Macro.h">
      <Filter>99.Defines</Filter>
    </ClInclude>
    <ClInclude Include="..\Public\Client_Enum.h">
      <Filter>99.Defines</Filter>
    </ClInclude>
    <ClInclude Include="..\Public\Client_Struct.h">
      <Filter>99.Defines</Filter>
    </ClInclude>
    <ClInclude Include="..\Public\Client_Function.h">
      <Filter>99.Defines</Filter>
    </ClInclude>
    <ClInclude Include="stdafx.h">
      <Filter>98.Default</Filter>
    </ClInclude>
    <ClInclude Include="..\Public\Event_Manager.h">
      <Filter>96.Event\Manager</Filter>
    </ClInclude>
    <ClInclude Include="..\public\Camera_Target.h">
      <Filter>02.GameObjects\Camera\Target</Filter>
    </ClInclude>
    <ClInclude Include="Client_Etc.h">
      <Filter>99.Defines</Filter>
    </ClInclude>
    <ClInclude Include="..\Public\Level_Static.h">
      <Filter>01.Levels\01.Static</Filter>
    </ClInclude>
    <ClInclude Include="..\public\Player.h">
      <Filter>02.GameObjects\TestPlayer</Filter>
    </ClInclude>
    <ClInclude Include="..\public\TestTerrain.h">
      <Filter>02.GameObjects\TestTerrain</Filter>
    </ClInclude>
    <ClInclude Include="..\public\CriticalSectionGuard.h">
      <Filter>01.Levels\00.Loading\Loader\CriticalSectionGuard</Filter>
    </ClInclude>
    <ClInclude Include="..\Public\UI.h">
      <Filter>02.GameObjects\UI</Filter>
    </ClInclude>
    <ClInclude Include="..\Public\Pick_Bulb.h">
      <Filter>02.GameObjects\UI\00. GamePlay\00. Pick_Bulb</Filter>
    </ClInclude>
    <ClInclude Include="..\public\Monster.h">
      <Filter>02.GameObjects\Monster</Filter>
    </ClInclude>
    <ClInclude Include="..\public\FSM.h">
      <Filter>03.Components\FSM</Filter>
    </ClInclude>
    <ClInclude Include="..\public\State.h">
      <Filter>03.Components\FSM\State</Filter>
    </ClInclude>
    <ClInclude Include="..\public\IdleState.h">
      <Filter>03.Components\FSM\State\Idle</Filter>
    </ClInclude>
    <ClInclude Include="..\Public\ChaseWalkState.h">
      <Filter>03.Components\FSM\State\Chase</Filter>
    </ClInclude>
    <ClInclude Include="..\public\Beetle.h">
      <Filter>02.GameObjects\Monster\Beetle</Filter>
    </ClInclude>
    <ClInclude Include="..\Public\MeleeAttackState.h">
      <Filter>03.Components\FSM\State\Attack</Filter>
    </ClInclude>
    <ClInclude Include="..\Public\BarfBug.h">
      <Filter>02.GameObjects\Monster\BarfBug</Filter>
    </ClInclude>
    <ClInclude Include="..\Public\RangedAttackState.h">
      <Filter>03.Components\FSM\State\Attack</Filter>
    </ClInclude>
    <ClInclude Include="..\Public\Pooling_Manager.h">
      <Filter>95.Pooling</Filter>
    </ClInclude>
    <ClInclude Include="..\Public\Camera_Manager.h">
      <Filter>02.GameObjects\Camera\Manager</Filter>
    </ClInclude>
    <ClInclude Include="..\Public\StopStamp.h">
      <Filter>02.GameObjects\UI\00. GamePlay\01. Stamp\00. StopStamp</Filter>
    </ClInclude>
    <ClInclude Include="..\Public\BombStamp.h">
      <Filter>02.GameObjects\UI\00. GamePlay\01. Stamp\01. BombStamp</Filter>
    </ClInclude>
    <ClInclude Include="..\Public\ArrowForStamp.h">
      <Filter>02.GameObjects\UI\00. GamePlay\01. Stamp\02. ArrowForStamp</Filter>
    </ClInclude>
    <ClInclude Include="..\public\UI_Manager.h">
      <Filter>02.GameObjects\UI\100. UI_Manager</Filter>
    </ClInclude>
    <ClInclude Include="..\Public\ESC_HeartPoint.h">
      <Filter>02.GameObjects\UI\01. SettingPanel\00. HeartPoint</Filter>
    </ClInclude>
    <ClInclude Include="..\public\Projectile_BarfBug.h">
      <Filter>02.GameObjects\Monster\BarfBug\Projectile</Filter>
    </ClInclude>
    <ClInclude Include="..\Public\PlayerState_Idle.h" />
    <ClInclude Include="..\Public\PlayerState_Run.h" />
    <ClInclude Include="..\Public\UI_Interaction_Book.h">
      <Filter>02.GameObjects\UI\00. GamePlay\03. InterAction\00. Interaction_Book</Filter>
    </ClInclude>
    <ClInclude Include="..\Public\ShopPanel.h">
      <Filter>02.GameObjects\UI\02. ShopPanel</Filter>
    </ClInclude>
    <ClInclude Include="..\public\SettingPanelBG.h">
      <Filter>02.GameObjects\UI\01. SettingPanel\05. SettingPanelBG</Filter>
    </ClInclude>
    <ClInclude Include="..\Public\SettingPanel.h">
      <Filter>02.GameObjects\UI\01. SettingPanel</Filter>
    </ClInclude>
    <ClInclude Include="..\Public\PlayerState_Idle.h">
      <Filter>03.Components\PlayerState</Filter>
    </ClInclude>
    <ClInclude Include="..\Public\PlayerState_Jump.h">
      <Filter>03.Components\PlayerState</Filter>
    </ClInclude>
    <ClInclude Include="..\Public\PlayerState_Run.h">
      <Filter>03.Components\PlayerState</Filter>
    </ClInclude>
    <ClInclude Include="..\public\DetectionField.h">
      <Filter>03.Components\DetectionField</Filter>
    </ClInclude>
    <ClInclude Include="..\Public\PlayerState_Attack.h">
      <Filter>03.Components\PlayerState</Filter>
    </ClInclude>
    <ClInclude Include="..\Public\Character.h" />
    <ClInclude Include="..\Public\ShopPanel_BG.h">
      <Filter>02.GameObjects\UI\02. ShopPanel\00. ShopPanel_BG</Filter>
    </ClInclude>
    <ClInclude Include="..\Public\Boss_HomingBall.h">
      <Filter>02.GameObjects\Monster\Boss\Projectile</Filter>
    </ClInclude>
    <ClInclude Include="..\Public\FSM_Boss.h">
      <Filter>03.Components\FSM</Filter>
    </ClInclude>
    <ClInclude Include="..\Public\BossSceneState.h">
      <Filter>02.GameObjects\Monster\Boss\State</Filter>
    </ClInclude>
    <ClInclude Include="..\Public\Logo_BG.h">
      <Filter>02.GameObjects\UI\03. Logo\00. Logo_BG</Filter>
    </ClInclude>
    <ClInclude Include="..\Public\ShopItemBG.h">
      <Filter>02.GameObjects\UI\02. ShopPanel\01. ShopItem\00. ShopItemBG</Filter>
    </ClInclude>
    <ClInclude Include="..\Public\Interaction_Heart.h">
      <Filter>02.GameObjects\UI\00. GamePlay\03. InterAction\01. Interaction_Heart</Filter>
    </ClInclude>
    <ClInclude Include="..\Public\Logo_Choose.h">
      <Filter>02.GameObjects\UI\03. Logo\00. Logo_BG\00. Logo_Choose</Filter>
    </ClInclude>
    <ClInclude Include="..\Public\ESC_Goblin.h">
      <Filter>02.GameObjects\UI\01. SettingPanel\01. SettingGoblin</Filter>
    </ClInclude>
    <ClInclude Include="..\Public\MapObject.h" />
    <ClInclude Include="..\Public\Boss_EnergyBall.h">
      <Filter>02.GameObjects\Monster\Boss\Projectile</Filter>
    </ClInclude>
    <ClInclude Include="..\Public\BossIdleState.h">
      <Filter>02.GameObjects\Monster\Boss\State</Filter>
    </ClInclude>
    <ClInclude Include="..\Public\BossHomingBallState.h">
      <Filter>02.GameObjects\Monster\Boss\State</Filter>
    </ClInclude>
    <ClInclude Include="..\Public\BossEnergyBallState.h">
      <Filter>02.GameObjects\Monster\Boss\State</Filter>
    </ClInclude>
    <ClInclude Include="..\Public\Boss_YellowBall.h">
      <Filter>02.GameObjects\Monster\Boss\Projectile</Filter>
    </ClInclude>
    <ClInclude Include="..\Public\BossYellowBallState.h">
      <Filter>02.GameObjects\Monster\Boss\State</Filter>
    </ClInclude>
    <ClInclude Include="..\Public\BossState.h">
      <Filter>02.GameObjects\Monster\Boss\State</Filter>
    </ClInclude>
    <ClInclude Include="..\Public\ButterGrump.h">
      <Filter>02.GameObjects\Monster\Boss</Filter>
    </ClInclude>
    <ClInclude Include="..\Public\Boss_PurpleBall.h">
      <Filter>02.GameObjects\Monster\Boss\Projectile</Filter>
    </ClInclude>
    <ClInclude Include="..\Public\BossPurpleBallState.h">
      <Filter>02.GameObjects\Monster\Boss\State</Filter>
    </ClInclude>
    <ClInclude Include="..\Public\Goblin.h">
      <Filter>02.GameObjects\Monster\Goblin</Filter>
    </ClInclude>
    <ClInclude Include="..\Public\Rat.h">
      <Filter>02.GameObjects\Monster\Rat</Filter>
    </ClInclude>
    <ClInclude Include="..\Public\JumpBug.h">
      <Filter>02.GameObjects\Monster\JumpBug</Filter>
    </ClInclude>
    <ClInclude Include="..\Public\BirdMonster.h">
      <Filter>02.GameObjects\Monster\BirdMonster</Filter>
    </ClInclude>
    <ClInclude Include="..\Public\Soldier.h">
      <Filter>02.GameObjects\Monster\Soldier</Filter>
    </ClInclude>
    <ClInclude Include="..\Public\Popuff.h">
      <Filter>02.GameObjects\Monster\Popuff</Filter>
    </ClInclude>
    <ClInclude Include="..\Public\PatrolState.h">
      <Filter>03.Components\FSM\State\Patrol</Filter>
    </ClInclude>
    <ClInclude Include="..\Public\Dialogue.h">
      <Filter>02.GameObjects\UI\00. GamePlay\04. Dialogue</Filter>
    </ClInclude>
    <ClInclude Include="..\Public\MapObject.h">
      <Filter>02.GameObjects\MapObject</Filter>
    </ClInclude>
    <ClInclude Include="..\Public\SampleBook.h">
      <Filter>02.GameObjects\SampleBook</Filter>
    </ClInclude>
    <ClInclude Include="..\Public\2DDefault_RenderObject.h">
      <Filter>02.GameObjects\SampleBook</Filter>
    </ClInclude>
    <ClInclude Include="..\Public\AlertState.h">
      <Filter>03.Components\FSM\State\Alert</Filter>
    </ClInclude>
  </ItemGroup>
  <ItemGroup>
    <ClCompile Include="Client.cpp">
      <Filter>98.Default</Filter>
    </ClCompile>
    <ClCompile Include="..\private\MainApp.cpp">
      <Filter>00.MainApp</Filter>
    </ClCompile>
    <ClCompile Include="..\Private\Level_Loading.cpp">
      <Filter>01.Levels\00.Loading</Filter>
    </ClCompile>
    <ClCompile Include="..\Private\Loader.cpp">
      <Filter>01.Levels\00.Loading\Loader</Filter>
    </ClCompile>
    <ClCompile Include="..\Private\Level_Logo.cpp">
      <Filter>01.Levels\02.Logo</Filter>
    </ClCompile>
    <ClCompile Include="..\Private\Level_GamePlay.cpp">
      <Filter>01.Levels\03.GamePlay</Filter>
    </ClCompile>
    <ClCompile Include="stdafx.cpp">
      <Filter>98.Default</Filter>
    </ClCompile>
    <ClCompile Include="..\Private\Client_Function.cpp">
      <Filter>99.Defines</Filter>
    </ClCompile>
    <ClCompile Include="..\Private\Event_Manager.cpp">
      <Filter>96.Event\Manager</Filter>
    </ClCompile>
    <ClCompile Include="..\private\Camera_Target.cpp">
      <Filter>02.GameObjects\Camera\Target</Filter>
    </ClCompile>
    <ClCompile Include="..\Private\Level_Static.cpp">
      <Filter>01.Levels\01.Static</Filter>
    </ClCompile>
    <ClCompile Include="..\private\Player.cpp">
      <Filter>02.GameObjects\TestPlayer</Filter>
    </ClCompile>
    <ClCompile Include="..\private\TestTerrain.cpp">
      <Filter>02.GameObjects\TestTerrain</Filter>
    </ClCompile>
    <ClCompile Include="..\private\CriticalSectionGuard.cpp">
      <Filter>01.Levels\00.Loading\Loader\CriticalSectionGuard</Filter>
    </ClCompile>
    <ClCompile Include="..\Private\UI.cpp">
      <Filter>02.GameObjects\UI</Filter>
    </ClCompile>
    <ClCompile Include="..\Private\Pick_Bulb.cpp">
      <Filter>02.GameObjects\UI\00. GamePlay\00. Pick_Bulb</Filter>
    </ClCompile>
    <ClCompile Include="..\private\Monster.cpp">
      <Filter>02.GameObjects\Monster</Filter>
    </ClCompile>
    <ClCompile Include="..\private\FSM.cpp">
      <Filter>03.Components\FSM</Filter>
    </ClCompile>
    <ClCompile Include="..\private\State.cpp">
      <Filter>03.Components\FSM\State</Filter>
    </ClCompile>
    <ClCompile Include="..\private\IdleState.cpp">
      <Filter>03.Components\FSM\State\Idle</Filter>
    </ClCompile>
    <ClCompile Include="..\Private\ChaseWalkState.cpp">
      <Filter>03.Components\FSM\State\Chase</Filter>
    </ClCompile>
    <ClCompile Include="..\private\Beetle.cpp">
      <Filter>02.GameObjects\Monster\Beetle</Filter>
    </ClCompile>
    <ClCompile Include="..\Private\MeleeAttackState.cpp">
      <Filter>03.Components\FSM\State\Attack</Filter>
    </ClCompile>
    <ClCompile Include="..\Private\BarfBug.cpp">
      <Filter>02.GameObjects\Monster\BarfBug</Filter>
    </ClCompile>
    <ClCompile Include="..\Private\RangedAttackState.cpp">
      <Filter>03.Components\FSM\State\Attack</Filter>
    </ClCompile>
    <ClCompile Include="..\Private\Pooling_Manager.cpp">
      <Filter>95.Pooling</Filter>
    </ClCompile>
    <ClCompile Include="..\Private\Camera_Manager.cpp">
      <Filter>02.GameObjects\Camera\Manager</Filter>
    </ClCompile>
    <ClCompile Include="..\Private\StopStamp.cpp">
      <Filter>02.GameObjects\UI\00. GamePlay\01. Stamp\00. StopStamp</Filter>
    </ClCompile>
    <ClCompile Include="..\Private\BombStamp.cpp">
      <Filter>02.GameObjects\UI\00. GamePlay\01. Stamp\01. BombStamp</Filter>
    </ClCompile>
    <ClCompile Include="..\Private\ArrowForStamp.cpp">
      <Filter>02.GameObjects\UI\00. GamePlay\01. Stamp\02. ArrowForStamp</Filter>
    </ClCompile>
    <ClCompile Include="..\private\UI_Manager.cpp">
      <Filter>02.GameObjects\UI\100. UI_Manager</Filter>
    </ClCompile>
    <ClCompile Include="..\Private\ESC_HeartPoint.cpp">
      <Filter>02.GameObjects\UI\01. SettingPanel\00. HeartPoint</Filter>
    </ClCompile>
    <ClCompile Include="..\private\Projectile_BarfBug.cpp">
      <Filter>02.GameObjects\Monster\BarfBug\Projectile</Filter>
    </ClCompile>
    <ClCompile Include="..\Private\Condition.cpp">
      <Filter>03.Components\PlayerState</Filter>
    </ClCompile>
    <ClCompile Include="..\Private\PlayerState.cpp">
      <Filter>03.Components\PlayerState</Filter>
    </ClCompile>
    <ClCompile Include="..\Private\StateMachine.cpp">
      <Filter>03.Components\PlayerState</Filter>
    </ClCompile>
    <ClCompile Include="..\Private\Transition.cpp">
      <Filter>03.Components\PlayerState</Filter>
    </ClCompile>
    <ClCompile Include="..\Private\PlayerState_Idle.cpp" />
    <ClCompile Include="..\Private\PlayerState_Run.cpp" />
    <ClCompile Include="..\Private\UI_Interaction_Book.cpp">
      <Filter>02.GameObjects\UI\00. GamePlay\03. InterAction\00. Interaction_Book</Filter>
    </ClCompile>
    <ClCompile Include="..\Private\ShopPanel.cpp">
      <Filter>02.GameObjects\UI\02. ShopPanel</Filter>
    </ClCompile>
    <ClCompile Include="..\private\SettingPanelBG.cpp">
      <Filter>02.GameObjects\UI\01. SettingPanel\05. SettingPanelBG</Filter>
    </ClCompile>
    <ClCompile Include="..\Private\SettingPanel.cpp">
      <Filter>02.GameObjects\UI\01. SettingPanel</Filter>
    </ClCompile>
    <ClCompile Include="..\Private\PlayerState_Idle.cpp">
      <Filter>03.Components\PlayerState</Filter>
    </ClCompile>
    <ClCompile Include="..\Private\PlayerState_Jump.cpp">
      <Filter>03.Components\PlayerState</Filter>
    </ClCompile>
    <ClCompile Include="..\Private\PlayerState_Run.cpp">
      <Filter>03.Components\PlayerState</Filter>
    </ClCompile>
    <ClCompile Include="..\private\DetectionField.cpp">
      <Filter>03.Components\DetectionField</Filter>
    </ClCompile>
    <ClCompile Include="..\Private\PlayerState_Attack.cpp">
      <Filter>03.Components\PlayerState</Filter>
    </ClCompile>
    <ClCompile Include="..\Private\Character.cpp" />
    <ClCompile Include="..\Private\ButterGrump.cpp">
      <Filter>02.GameObjects\Monster\Boss</Filter>
    </ClCompile>
    <ClCompile Include="..\Private\ShopPanel_BG.cpp">
      <Filter>02.GameObjects\UI\02. ShopPanel\00. ShopPanel_BG</Filter>
    </ClCompile>
    <ClCompile Include="..\Private\Boss_HomingBall.cpp">
      <Filter>02.GameObjects\Monster\Boss\Projectile</Filter>
    </ClCompile>
    <ClCompile Include="..\Private\FSM_Boss.cpp">
      <Filter>03.Components\FSM</Filter>
    </ClCompile>
    <ClCompile Include="..\Private\BossSceneState.cpp">
      <Filter>02.GameObjects\Monster\Boss\State</Filter>
    </ClCompile>
    <ClCompile Include="..\Private\Logo_BG.cpp">
      <Filter>02.GameObjects\UI\03. Logo\00. Logo_BG</Filter>
    </ClCompile>
    <ClCompile Include="..\Private\ShopItemBG.cpp">
      <Filter>02.GameObjects\UI\02. ShopPanel\01. ShopItem\00. ShopItemBG</Filter>
    </ClCompile>
    <ClCompile Include="..\Private\Interaction_Heart.cpp">
      <Filter>02.GameObjects\UI\00. GamePlay\03. InterAction\01. Interaction_Heart</Filter>
    </ClCompile>
    <ClCompile Include="..\Private\Logo_Choose.cpp">
      <Filter>02.GameObjects\UI\03. Logo\00. Logo_BG\00. Logo_Choose</Filter>
    </ClCompile>
    <ClCompile Include="..\Private\ESC_Goblin.cpp">
      <Filter>02.GameObjects\UI\01. SettingPanel\01. SettingGoblin</Filter>
    </ClCompile>
    <ClCompile Include="..\Private\MapObject.cpp" />
    <ClCompile Include="..\Private\Boss_EnergyBall.cpp">
      <Filter>02.GameObjects\Monster\Boss\Projectile</Filter>
    </ClCompile>
    <ClCompile Include="..\Private\BossIdleState.cpp">
      <Filter>02.GameObjects\Monster\Boss\State</Filter>
    </ClCompile>
    <ClCompile Include="..\Private\BossHomingBallState.cpp">
      <Filter>02.GameObjects\Monster\Boss\State</Filter>
    </ClCompile>
    <ClCompile Include="..\Private\BossEnergyBallState.cpp">
      <Filter>02.GameObjects\Monster\Boss\State</Filter>
    </ClCompile>
    <ClCompile Include="..\Private\Boss_YellowBall.cpp">
      <Filter>02.GameObjects\Monster\Boss\Projectile</Filter>
    </ClCompile>
    <ClCompile Include="..\Private\BossYellowBallState.cpp">
      <Filter>02.GameObjects\Monster\Boss\State</Filter>
    </ClCompile>
    <ClCompile Include="..\Private\BossState.cpp">
      <Filter>02.GameObjects\Monster\Boss\State</Filter>
    </ClCompile>
    <ClCompile Include="..\Private\Boss_PurpleBall.cpp">
      <Filter>02.GameObjects\Monster\Boss\Projectile</Filter>
    </ClCompile>
    <ClCompile Include="..\Private\BossPurpleBallState.cpp">
      <Filter>02.GameObjects\Monster\Boss\State</Filter>
    </ClCompile>
    <ClCompile Include="..\Private\Goblin.cpp">
      <Filter>02.GameObjects\Monster\Goblin</Filter>
    </ClCompile>
    <ClCompile Include="..\Private\JumpBug.cpp">
      <Filter>02.GameObjects\Monster\JumpBug</Filter>
    </ClCompile>
    <ClCompile Include="..\Private\Rat.cpp">
      <Filter>02.GameObjects\Monster\Rat</Filter>
    </ClCompile>
    <ClCompile Include="..\Private\BirdMonster.cpp">
      <Filter>02.GameObjects\Monster\BirdMonster</Filter>
    </ClCompile>
    <ClCompile Include="..\Private\Soldier.cpp">
      <Filter>02.GameObjects\Monster\Soldier</Filter>
    </ClCompile>
    <ClCompile Include="..\Private\Popuff.cpp">
      <Filter>02.GameObjects\Monster\Popuff</Filter>
    </ClCompile>
    <ClCompile Include="..\Private\PatrolState.cpp">
      <Filter>03.Components\FSM\State\Patrol</Filter>
    </ClCompile>
    <ClCompile Include="..\Private\Dialogue.cpp">
      <Filter>02.GameObjects\UI\00. GamePlay\04. Dialogue</Filter>
    </ClCompile>
    <ClCompile Include="..\Private\MapObject.cpp">
      <Filter>02.GameObjects\MapObject</Filter>
    </ClCompile>
    <ClCompile Include="..\Private\SampleBook.cpp">
      <Filter>02.GameObjects\SampleBook</Filter>
    </ClCompile>
    <ClCompile Include="..\Private\2DDefault_RenderObject.cpp">
      <Filter>02.GameObjects\SampleBook</Filter>
    </ClCompile>
    <ClCompile Include="..\Private\AlertState.cpp">
      <Filter>03.Components\FSM\State\Alert</Filter>
    </ClCompile>
  </ItemGroup>
  <ItemGroup>
    <Image Include="Client.ico">
      <Filter>98.Default</Filter>
    </Image>
    <Image Include="small.ico">
      <Filter>98.Default</Filter>
    </Image>
  </ItemGroup>
  <ItemGroup>
    <ResourceCompile Include="Client.rc">
      <Filter>98.Default</Filter>
    </ResourceCompile>
  </ItemGroup>
  <ItemGroup>
    <Text Include="ReadMe.txt">
      <Filter>98.Default</Filter>
    </Text>
  </ItemGroup>
  <ItemGroup>
    <FxCompile Include="..\Bin\ShaderFiles\Shader_VtxAnimMesh.hlsl">
      <Filter>97.ShaderFiles\Default</Filter>
    </FxCompile>
    <FxCompile Include="..\Bin\ShaderFiles\Shader_VtxCube.hlsl">
      <Filter>97.ShaderFiles\Default</Filter>
    </FxCompile>
    <FxCompile Include="..\Bin\ShaderFiles\Shader_VtxMesh.hlsl">
      <Filter>97.ShaderFiles\Default</Filter>
    </FxCompile>
    <FxCompile Include="..\Bin\ShaderFiles\Shader_VtxNorTex.hlsl">
      <Filter>97.ShaderFiles\Default</Filter>
    </FxCompile>
    <FxCompile Include="..\Bin\ShaderFiles\Shader_VtxPointInstance.hlsl">
      <Filter>97.ShaderFiles\Default</Filter>
    </FxCompile>
    <FxCompile Include="..\Bin\ShaderFiles\Shader_VtxPosTex.hlsl">
      <Filter>97.ShaderFiles\Default</Filter>
    </FxCompile>
    <FxCompile Include="..\Bin\ShaderFiles\Shader_VtxRectInstance.hlsl">
      <Filter>97.ShaderFiles\Default</Filter>
    </FxCompile>
    <FxCompile Include="..\Bin\ShaderFiles\Shader_Effect.hlsl">
      <Filter>97.ShaderFiles\Effect</Filter>
    </FxCompile>
    <FxCompile Include="..\Bin\ShaderFiles\Shader_Effect_Anim.hlsl">
      <Filter>97.ShaderFiles\Effect</Filter>
    </FxCompile>
  </ItemGroup>
</Project>