<?xml version="1.0" encoding="utf-8"?>
<Project ToolsVersion="4.0" xmlns="http://schemas.microsoft.com/developer/msbuild/2003">
  <ItemGroup>
    <FxCompile Include="..\Bin\ShaderFiles\Shader_Effect.hlsl" />
    <FxCompile Include="..\Bin\ShaderFiles\Shader_Effect_Anim.hlsl" />
    <FxCompile Include="..\Bin\ShaderFiles\Shader_PBRPractice.hlsl" />
    <FxCompile Include="..\Bin\ShaderFiles\Shader_Trail.hlsl" />
    <FxCompile Include="..\Bin\ShaderFiles\Shader_VtxAnimMesh.hlsl" />
    <FxCompile Include="..\Bin\ShaderFiles\Shader_VtxBeam.hlsl" />
    <FxCompile Include="..\Bin\ShaderFiles\Shader_VtxCube.hlsl" />
    <FxCompile Include="..\Bin\ShaderFiles\Shader_VtxMesh.hlsl" />
    <FxCompile Include="..\Bin\ShaderFiles\Shader_VtxNorTex.hlsl" />
    <FxCompile Include="..\Bin\ShaderFiles\Shader_VtxPointInstance.hlsl" />
    <FxCompile Include="..\Bin\ShaderFiles\Shader_VtxPosTex.hlsl" />
    <FxCompile Include="..\Bin\ShaderFiles\Shader_VtxRectInstance.hlsl" />
  </ItemGroup>
  <ItemGroup>
    <ClInclude Include="Client.h">
      <Filter>98.Default</Filter>
    </ClInclude>
    <ClInclude Include="Resource.h">
      <Filter>98.Default</Filter>
    </ClInclude>
    <ClInclude Include="targetver.h">
      <Filter>98.Default</Filter>
    </ClInclude>
    <ClInclude Include="..\public\MainApp.h">
      <Filter>00.MainApp</Filter>
    </ClInclude>
    <ClInclude Include="..\Public\Client_Defines.h">
      <Filter>99.Defines</Filter>
    </ClInclude>
    <ClInclude Include="..\Public\Level_Loading.h">
      <Filter>01.Levels\00.Loading</Filter>
    </ClInclude>
    <ClInclude Include="..\Public\Loader.h">
      <Filter>01.Levels\00.Loading\Loader</Filter>
    </ClInclude>
    <ClInclude Include="..\Public\Level_Logo.h">
      <Filter>01.Levels\02.Logo</Filter>
    </ClInclude>
    <ClInclude Include="..\Public\Level_Chapter_02.h">
      <Filter>01.Levels\03.GamePlay</Filter>
    </ClInclude>
    <ClInclude Include="..\Public\Client_Macro.h">
      <Filter>99.Defines</Filter>
    </ClInclude>
    <ClInclude Include="..\Public\Client_Enum.h">
      <Filter>99.Defines</Filter>
    </ClInclude>
    <ClInclude Include="..\Public\Client_Struct.h">
      <Filter>99.Defines</Filter>
    </ClInclude>
    <ClInclude Include="..\Public\Client_Function.h">
      <Filter>99.Defines</Filter>
    </ClInclude>
    <ClInclude Include="stdafx.h">
      <Filter>98.Default</Filter>
    </ClInclude>
    <ClInclude Include="..\Public\Event_Manager.h">
      <Filter>96.Event\Manager</Filter>
    </ClInclude>
    <ClInclude Include="..\public\Camera_Target.h">
      <Filter>02.GameObjects\Camera\Target</Filter>
    </ClInclude>
    <ClInclude Include="Client_Etc.h">
      <Filter>99.Defines</Filter>
    </ClInclude>
    <ClInclude Include="..\Public\Level_Static.h">
      <Filter>01.Levels\01.Static</Filter>
    </ClInclude>
    <ClInclude Include="..\public\Player.h">
      <Filter>02.GameObjects\Player</Filter>
    </ClInclude>
    <ClInclude Include="..\public\TestTerrain.h">
      <Filter>02.GameObjects\TestTerrain</Filter>
    </ClInclude>
    <ClInclude Include="..\public\CriticalSectionGuard.h">
      <Filter>01.Levels\00.Loading\Loader\CriticalSectionGuard</Filter>
    </ClInclude>
    <ClInclude Include="..\Public\UI.h">
      <Filter>02.GameObjects\UI</Filter>
    </ClInclude>
    <ClInclude Include="..\Public\Pick_Bulb.h">
      <Filter>02.GameObjects\UI\00. GamePlay\00. Pick_Bulb</Filter>
    </ClInclude>
    <ClInclude Include="..\public\Monster.h">
      <Filter>02.GameObjects\Monster</Filter>
    </ClInclude>
    <ClInclude Include="..\public\FSM.h">
      <Filter>03.Components\FSM</Filter>
    </ClInclude>
    <ClInclude Include="..\public\State.h">
      <Filter>03.Components\FSM\State</Filter>
    </ClInclude>
    <ClInclude Include="..\public\IdleState.h">
      <Filter>03.Components\FSM\State\Idle</Filter>
    </ClInclude>
    <ClInclude Include="..\Public\ChaseWalkState.h">
      <Filter>03.Components\FSM\State\Chase</Filter>
    </ClInclude>
    <ClInclude Include="..\public\Beetle.h">
      <Filter>02.GameObjects\Monster\Beetle</Filter>
    </ClInclude>
    <ClInclude Include="..\Public\MeleeAttackState.h">
      <Filter>03.Components\FSM\State\Attack</Filter>
    </ClInclude>
    <ClInclude Include="..\Public\RangedAttackState.h">
      <Filter>03.Components\FSM\State\Attack</Filter>
    </ClInclude>
    <ClInclude Include="..\Public\Pooling_Manager.h">
      <Filter>95.Pooling</Filter>
    </ClInclude>
    <ClInclude Include="..\Public\Camera_Manager.h">
      <Filter>02.GameObjects\Camera\Manager</Filter>
    </ClInclude>
    <ClInclude Include="..\Public\StopStamp_UI.h">
      <Filter>02.GameObjects\UI\00. GamePlay\01. Stamp\00. StopStamp</Filter>
    </ClInclude>
    <ClInclude Include="..\Public\BombStamp_UI.h">
      <Filter>02.GameObjects\UI\00. GamePlay\01. Stamp\01. BombStamp</Filter>
    </ClInclude>
    <ClInclude Include="..\Public\ArrowForStamp.h">
      <Filter>02.GameObjects\UI\00. GamePlay\01. Stamp\02. ArrowForStamp</Filter>
    </ClInclude>
    <ClInclude Include="..\public\UI_Manager.h">
      <Filter>02.GameObjects\UI\100. UI_Manager</Filter>
    </ClInclude>
    <ClInclude Include="..\Public\ESC_HeartPoint.h">
      <Filter>02.GameObjects\UI\01. SettingPanel\00. HeartPoint</Filter>
    </ClInclude>
    <ClInclude Include="..\public\Projectile_BarfBug.h">
      <Filter>02.GameObjects\Monster\BarfBug\Projectile</Filter>
    </ClInclude>
    <ClInclude Include="..\Public\PlayerState_Idle.h" />
    <ClInclude Include="..\Public\PlayerState_Run.h" />
    <ClInclude Include="..\Public\UI_Interaction_Book.h">
      <Filter>02.GameObjects\UI\00. GamePlay\03. InterAction\00. Interaction_Book</Filter>
    </ClInclude>
    <ClInclude Include="..\Public\ShopPanel.h">
      <Filter>02.GameObjects\UI\02. ShopPanel</Filter>
    </ClInclude>
    <ClInclude Include="..\public\SettingPanelBG.h">
      <Filter>02.GameObjects\UI\01. SettingPanel\05. SettingPanelBG</Filter>
    </ClInclude>
    <ClInclude Include="..\Public\SettingPanel.h">
      <Filter>02.GameObjects\UI\01. SettingPanel</Filter>
    </ClInclude>
    <ClInclude Include="..\Public\PlayerState_Idle.h">
      <Filter>03.Components\PlayerState</Filter>
    </ClInclude>
    <ClInclude Include="..\Public\PlayerState_JumpUp.h">
      <Filter>03.Components\PlayerState</Filter>
    </ClInclude>
    <ClInclude Include="..\Public\PlayerState_Run.h">
      <Filter>03.Components\PlayerState</Filter>
    </ClInclude>
    <ClInclude Include="..\public\DetectionField.h">
      <Filter>03.Components\DetectionField</Filter>
    </ClInclude>
    <ClInclude Include="..\Public\PlayerState_Attack.h">
      <Filter>03.Components\PlayerState</Filter>
    </ClInclude>
    <ClInclude Include="..\Public\Boss_HomingBall.h">
      <Filter>02.GameObjects\Monster\Boss\Projectile</Filter>
    </ClInclude>
    <ClInclude Include="..\Public\FSM_Boss.h">
      <Filter>03.Components\FSM</Filter>
    </ClInclude>
    <ClInclude Include="..\Public\BossSceneState.h">
      <Filter>02.GameObjects\Monster\Boss\State</Filter>
    </ClInclude>
    <ClInclude Include="..\Public\ShopItemBG.h">
      <Filter>02.GameObjects\UI\02. ShopPanel\01. ShopItem\00. ShopItemBG</Filter>
    </ClInclude>
    <ClInclude Include="..\Public\Interaction_Heart.h">
      <Filter>02.GameObjects\UI\00. GamePlay\03. InterAction\01. Interaction_Heart</Filter>
    </ClInclude>
    <ClInclude Include="..\Public\Logo_Choose.h">
      <Filter>02.GameObjects\UI\03. Logo\00. Logo_BG\00. Logo_Choose</Filter>
    </ClInclude>
    <ClInclude Include="..\Public\ESC_Goblin.h">
      <Filter>02.GameObjects\UI\01. SettingPanel\01. SettingGoblin</Filter>
    </ClInclude>
    <ClInclude Include="..\Public\Boss_EnergyBall.h">
      <Filter>02.GameObjects\Monster\Boss\Projectile</Filter>
    </ClInclude>
    <ClInclude Include="..\Public\BossIdleState.h">
      <Filter>02.GameObjects\Monster\Boss\State</Filter>
    </ClInclude>
    <ClInclude Include="..\Public\BossHomingBallState.h">
      <Filter>02.GameObjects\Monster\Boss\State</Filter>
    </ClInclude>
    <ClInclude Include="..\Public\BossEnergyBallState.h">
      <Filter>02.GameObjects\Monster\Boss\State</Filter>
    </ClInclude>
    <ClInclude Include="..\Public\Boss_YellowBall.h">
      <Filter>02.GameObjects\Monster\Boss\Projectile</Filter>
    </ClInclude>
    <ClInclude Include="..\Public\BossYellowBallState.h">
      <Filter>02.GameObjects\Monster\Boss\State</Filter>
    </ClInclude>
    <ClInclude Include="..\Public\BossState.h">
      <Filter>02.GameObjects\Monster\Boss\State</Filter>
    </ClInclude>
    <ClInclude Include="..\Public\ButterGrump.h">
      <Filter>02.GameObjects\Monster\Boss</Filter>
    </ClInclude>
    <ClInclude Include="..\Public\Boss_PurpleBall.h">
      <Filter>02.GameObjects\Monster\Boss\Projectile</Filter>
    </ClInclude>
    <ClInclude Include="..\Public\BossPurpleBallState.h">
      <Filter>02.GameObjects\Monster\Boss\State</Filter>
    </ClInclude>
    <ClInclude Include="..\Public\Goblin.h">
      <Filter>02.GameObjects\Monster\Goblin</Filter>
    </ClInclude>
    <ClInclude Include="..\Public\Rat.h">
      <Filter>02.GameObjects\Monster\Rat</Filter>
    </ClInclude>
    <ClInclude Include="..\Public\JumpBug.h">
      <Filter>02.GameObjects\Monster\JumpBug</Filter>
    </ClInclude>
    <ClInclude Include="..\Public\BirdMonster.h">
      <Filter>02.GameObjects\Monster\BirdMonster</Filter>
    </ClInclude>
    <ClInclude Include="..\Public\Popuff.h">
      <Filter>02.GameObjects\Monster\Popuff</Filter>
    </ClInclude>
    <ClInclude Include="..\Public\PatrolState.h">
      <Filter>03.Components\FSM\State\Patrol</Filter>
    </ClInclude>
    <ClInclude Include="..\Public\Dialogue.h">
      <Filter>02.GameObjects\UI\00. GamePlay\04. Dialogue</Filter>
    </ClInclude>
    <ClInclude Include="..\Public\MapObject.h">
      <Filter>02.GameObjects\MapObject</Filter>
    </ClInclude>
    <ClInclude Include="..\Public\SampleBook.h">
      <Filter>02.GameObjects\MapObject\SampleBook</Filter>
    </ClInclude>
    <ClInclude Include="..\Public\Map_2D.h">
      <Filter>04.Section\Section_2D\Map_2D</Filter>
    </ClInclude>
    <ClInclude Include="..\public\Section_Manager.h">
      <Filter>04.Section\Manager</Filter>
    </ClInclude>
    <ClInclude Include="..\Public\AlertState.h">
      <Filter>03.Components\FSM\State\Alert</Filter>
    </ClInclude>
    <ClInclude Include="..\public\RenderGroup_DirectLights.h">
      <Filter>94.RenderGroups%28Custom%29\PBR\DirectLights</Filter>
    </ClInclude>
    <ClInclude Include="..\Public\RenderGroup_Final.h">
      <Filter>94.RenderGroups%28Custom%29\Old\Final</Filter>
    </ClInclude>
    <ClInclude Include="..\Public\PlayerState_Roll.h">
      <Filter>03.Components\PlayerState</Filter>
    </ClInclude>
    <ClInclude Include="..\Public\PlayerSword.h">
      <Filter>02.GameObjects\Player</Filter>
    </ClInclude>
    <ClInclude Include="..\Public\Monster_Body.h">
      <Filter>02.GameObjects\Monster</Filter>
    </ClInclude>
    <ClInclude Include="..\Public\RenderGroup_2D.h">
      <Filter>94.RenderGroups%28Custom%29\Old\2D</Filter>
    </ClInclude>
    <ClInclude Include="..\public\NPC_Store.h">
      <Filter>02.GameObjects\NPC\00. NPC_Store</Filter>
    </ClInclude>
    <ClInclude Include="..\Public\NPC.h">
      <Filter>02.GameObjects\NPC</Filter>
    </ClInclude>
    <ClInclude Include="..\Public\Portrait.h">
      <Filter>02.GameObjects\UI\00. GamePlay\04. Dialogue\00. Portrait</Filter>
    </ClInclude>
    <ClInclude Include="..\Public\Logo_Props.h">
      <Filter>02.GameObjects\UI\03. Logo\00. Logo_BG\01. Logo_Props</Filter>
    </ClInclude>
    <ClInclude Include="..\Public\Logo_BG.h">
      <Filter>02.GameObjects\UI\03. Logo\00. Logo_BG\02. Logo_BG</Filter>
    </ClInclude>
    <ClInclude Include="..\Public\Logo.h">
      <Filter>02.GameObjects\UI\03. Logo</Filter>
    </ClInclude>
    <ClInclude Include="..\Public\ShopPanel_BG.h">
      <Filter>02.GameObjects\UI\02. ShopPanel\00. ShopPanel_BG\00. ShopPanel_BGs</Filter>
    </ClInclude>
    <ClInclude Include="..\Public\ShopPanel_YesNo.h">
      <Filter>02.GameObjects\UI\02. ShopPanel\00. ShopPanel_BG\01. YesNo_Panel</Filter>
    </ClInclude>
    <ClInclude Include="..\Public\StandbyState.h">
      <Filter>03.Components\FSM\State\Standby</Filter>
    </ClInclude>
    <ClInclude Include="..\Public\Npc_Body.h">
      <Filter>02.GameObjects\NPC</Filter>
    </ClInclude>
    <ClInclude Include="..\public\MainTable.h">
      <Filter>02.GameObjects\MainTable</Filter>
    </ClInclude>
    <ClInclude Include="..\Public\PlayerBody.h">
      <Filter>02.GameObjects\Player</Filter>
    </ClInclude>
    <ClInclude Include="..\Public\Character.h">
      <Filter>02.GameObjects</Filter>
    </ClInclude>
    <ClInclude Include="..\Public\PlayerState_ThrowSword.h">
      <Filter>03.Components\PlayerState</Filter>
    </ClInclude>
    <ClInclude Include="..\Public\BarfBug.h">
      <Filter>02.GameObjects\Monster\BarfBug</Filter>
    </ClInclude>
    <ClInclude Include="..\Public\PlayerState_JumpDown.h">
      <Filter>03.Components\PlayerState</Filter>
    </ClInclude>
    <ClInclude Include="..\Public\PlayerState_Clamber.h" />
    <ClInclude Include="..\Public\Camera_2D.h">
      <Filter>02.GameObjects\Camera\2D</Filter>
    </ClInclude>
    <ClInclude Include="..\public\RayShape.h" />
    <ClInclude Include="..\Public\FloorWord.h">
      <Filter>02.GameObjects\UI\00. GamePlay\05. FloorWord</Filter>
    </ClInclude>
    <ClInclude Include="..\Public\PrintFloorWord.h">
      <Filter>02.GameObjects\UI\00. GamePlay\05. FloorWord\00. PrintFloorWord</Filter>
    </ClInclude>
    <ClInclude Include="..\public\RayShape.h" />
    <ClInclude Include="..\public\RenderGroup_WorldPos.h">
      <Filter>94.RenderGroups%28Custom%29\WorldPos</Filter>
    </ClInclude>
    <ClInclude Include="..\Public\Sneak_IdleState.h">
      <Filter>03.Components\FSM\State\Idle</Filter>
    </ClInclude>
    <ClInclude Include="..\Public\Sneak_AlertState.h">
      <Filter>03.Components\FSM\State\Alert</Filter>
    </ClInclude>
    <ClInclude Include="..\Public\Sneak_AwareState.h">
      <Filter>03.Components\FSM\State\Alert</Filter>
    </ClInclude>
    <ClInclude Include="..\Public\Sneak_AttackState.h">
      <Filter>03.Components\FSM\State\Attack</Filter>
    </ClInclude>
    <ClInclude Include="..\Public\Sneak_ChaseState.h">
      <Filter>03.Components\FSM\State\Chase</Filter>
    </ClInclude>
    <ClInclude Include="..\Public\Sneak_InvestigateState.h">
      <Filter>03.Components\FSM\State\Chase</Filter>
    </ClInclude>
    <ClInclude Include="..\Public\Sneak_PatrolState.h">
      <Filter>03.Components\FSM\State\Patrol</Filter>
    </ClInclude>
    <ClInclude Include="..\Public\Sneak_DetectionField.h">
      <Filter>03.Components\Sneak_DetectionField</Filter>
    </ClInclude>
    <ClInclude Include="..\Public\Npc_Logo.h">
      <Filter>02.GameObjects\NPC\01. LogoNpc</Filter>
    </ClInclude>
    <ClInclude Include="..\Public\MapObject.h">
      <Filter>02.GameObjects\MapObject\0. Super</Filter>
    </ClInclude>
    <ClInclude Include="..\Public\UI_JotMain.h">
      <Filter>02.GameObjects\UI\03. Logo\00. Logo_BG\03. Logo_Animation\00. Logo_JotMain</Filter>
    </ClInclude>
    <ClInclude Include="..\Public\MapObjectFactory.h">
      <Filter>92.MapObjectFactory</Filter>
    </ClInclude>
    <ClInclude Include="..\Public\2DMapActionObject.h">
      <Filter>02.GameObjects\MapObject\2D</Filter>
    </ClInclude>
    <ClInclude Include="..\Public\2DMapObject.h">
      <Filter>02.GameObjects\MapObject\2D\0. Super</Filter>
    </ClInclude>
    <ClInclude Include="..\Public\PlayerState_SpinAttack.h">
      <Filter>03.Components\PlayerState</Filter>
    </ClInclude>
    <ClInclude Include="..\Public\Interactable.h">
      <Filter>Interface\Interact</Filter>
    </ClInclude>
    <ClInclude Include="..\Public\PlayerState_Clamber.h">
      <Filter>03.Components\PlayerState</Filter>
    </ClInclude>
    <ClInclude Include="..\Public\PlayerState_JumpAttack.h">
      <Filter>03.Components\PlayerState</Filter>
    </ClInclude>
    <ClInclude Include="..\Public\PlayerState_JumpAttack.h" />
    <ClInclude Include="..\Public\PlayerData_Manager.h">
      <Filter>02.GameObjects\PlayerItem\Manager</Filter>
    </ClInclude>
    <ClInclude Include="..\Public\PlayerItem.h">
      <Filter>02.GameObjects\PlayerItem</Filter>
    </ClInclude>
    <ClInclude Include="..\Public\TriggerObject.h">
      <Filter>02.GameObjects\Trigger</Filter>
    </ClInclude>
    <ClInclude Include="..\Public\Trigger_Manager.h">
      <Filter>02.GameObjects\Trigger\Manager</Filter>
    </ClInclude>
    <ClInclude Include="..\Public\Level_Chapter_04.h">
      <Filter>01.Levels\03.GamePlay</Filter>
    </ClInclude>
    <ClInclude Include="..\Public\Section_2D_Narration.h">
      <Filter>04.Section\Section_2D\Narration_2D</Filter>
    </ClInclude>
    <ClInclude Include="..\Public\NPC_Social.h">
      <Filter>02.GameObjects\NPC\99. Social_Npc\00. Npc_Social</Filter>
    </ClInclude>
    <ClInclude Include="..\Public\Npc_OnlySocial.h">
      <Filter>02.GameObjects\NPC\99. Social_Npc</Filter>
    </ClInclude>
    <ClInclude Include="..\public\RenderGroup_AfterParticle.h">
      <Filter>94.RenderGroups%28Custom%29\Effect\Particle</Filter>
    </ClInclude>
    <ClInclude Include="..\public\RenderGroup_DownSample.h">
      <Filter>94.RenderGroups%28Custom%29\Effect\DownSample</Filter>
    </ClInclude>
    <ClInclude Include="..\public\RenderGroup_Blur.h">
      <Filter>94.RenderGroups%28Custom%29\Effect\Blur</Filter>
    </ClInclude>
    <ClInclude Include="..\Public\2DMapDefaultObject.h">
      <Filter>02.GameObjects\MapObject\2D</Filter>
    </ClInclude>
    <ClInclude Include="..\Public\3DMapDefaultObject.h">
      <Filter>02.GameObjects\MapObject\3D</Filter>
    </ClInclude>
    <ClInclude Include="..\Public\3DMapObject.h">
      <Filter>02.GameObjects\MapObject\3D\0. Super</Filter>
    </ClInclude>
    <ClInclude Include="..\Public\RenderGroup_Lighting.h">
      <Filter>94.RenderGroups%28Custom%29\PBR\Lighting</Filter>
    </ClInclude>
    <ClInclude Include="..\Public\RenderGroup_Combine.h">
      <Filter>94.RenderGroups%28Custom%29\PBR\Combine</Filter>
    </ClInclude>
    <ClInclude Include="..\Public\3DMapSkspObject.h">
      <Filter>02.GameObjects\MapObject\3D</Filter>
    </ClInclude>
    <ClInclude Include="..\public\Section_2D.h">
      <Filter>04.Section\Section_2D\00. super</Filter>
    </ClInclude>
    <ClInclude Include="..\public\Section.h">
      <Filter>04.Section\00. super</Filter>
    </ClInclude>
    <ClInclude Include="..\Public\Section_2D_PlayMap_Book.h">
      <Filter>04.Section\Section_2D\PlayMap_2D</Filter>
    </ClInclude>
    <ClInclude Include="..\Public\Section_2D_PlayMap_Sksp.h">
      <Filter>04.Section\Section_2D\PlayMap_2D</Filter>
    </ClInclude>
    <ClInclude Include="..\Public\Section_2D_PlayMap.h">
      <Filter>04.Section\Section_2D\PlayMap_2D\00. super</Filter>
    </ClInclude>
    <ClInclude Include="..\Public\Narration.h">
      <Filter>02.GameObjects\UI\00. GamePlay\06. Narration</Filter>
    </ClInclude>
    <ClInclude Include="..\Public\Narration_Anim.h">
      <Filter>02.GameObjects\UI\00. GamePlay\06. Narration\00. NarrationAnim</Filter>
    </ClInclude>
    <ClInclude Include="..\Public\State_Sneak.h">
      <Filter>03.Components\FSM\State</Filter>
    </ClInclude>
    <ClInclude Include="..\Public\RenderGroup_AfterEffect.h">
      <Filter>94.RenderGroups%28Custom%29\Effect\AfterEffect</Filter>
    </ClInclude>
    <ClInclude Include="..\public\RenderGroup_PostProcessing.h">
      <Filter>94.RenderGroups%28Custom%29\PBR\PostProcessing</Filter>
    </ClInclude>
    <ClInclude Include="..\Public\PlayerState_JumpAttack.h">
      <Filter>03.Components\PlayerState</Filter>
    </ClInclude>
    <ClInclude Include="..\Public\CarriableObject.h">
      <Filter>02.GameObjects\Interact\Carriable</Filter>
    </ClInclude>
    <ClInclude Include="..\Public\HitState.h">
      <Filter>03.Components\FSM\State\Hit</Filter>
    </ClInclude>
    <ClInclude Include="..\Public\DeadState.h">
      <Filter>03.Components\FSM\State\Hit</Filter>
    </ClInclude>
    <ClInclude Include="..\Public\Bulb.h">
      <Filter>02.GameObjects\Bulb</Filter>
    </ClInclude>
    <ClInclude Include="..\Public\Sneak_BackState.h">
      <Filter>03.Components\FSM\State\Patrol</Filter>
    </ClInclude>
    <ClInclude Include="..\Public\PlayerState_PickUpObject.h">
      <Filter>03.Components\PlayerState</Filter>
    </ClInclude>
    <ClInclude Include="..\Public\PlayerState_ThrowObject.h">
      <Filter>03.Components\PlayerState</Filter>
    </ClInclude>
    <ClInclude Include="..\Public\Dice.h">
      <Filter>02.GameObjects\Interact\Carriable</Filter>
    </ClInclude>
    <ClInclude Include="..\public\Blocker.h">
      <Filter>02.GameObjects\Blocker</Filter>
    </ClInclude>
    <ClInclude Include="..\Public\ChaseAttackState.h">
      <Filter>03.Components\FSM\State\Chase</Filter>
    </ClInclude>
    <ClInclude Include="..\Public\StandbyNoneAttackState.h">
      <Filter>03.Components\FSM\State\Standby</Filter>
    </ClInclude>
    <ClInclude Include="..\Public\Portal.h">
      <Filter>02.GameObjects\Portal</Filter>
    </ClInclude>
    <ClInclude Include="..\Public\PlayerState_Die.h" />
    <ClInclude Include="..\public\FallingRock.h">
      <Filter>02.GameObjects\FallingRock</Filter>
    </ClInclude>
    <ClInclude Include="..\Public\PlayerState_Die.h">
      <Filter>03.Components\PlayerState</Filter>
    </ClInclude>
    <ClInclude Include="PlayerState_PlatformJumpAttack.h">
      <Filter>03.Components\PlayerState</Filter>
    </ClInclude>
    <ClInclude Include="..\public\Spawner.h">
      <Filter>91.Spawner</Filter>
    </ClInclude>
    <ClInclude Include="..\Public\Npc_Companion.h">
      <Filter>02.GameObjects\NPC\02. NPC_Companion</Filter>
    </ClInclude>
    <ClInclude Include="..\Public\NPC_Violet.h">
      <Filter>02.GameObjects\NPC\02. NPC_Companion\00. Violet</Filter>
    </ClInclude>
    <ClInclude Include="..\Public\NPC_Thrash.h">
      <Filter>02.GameObjects\NPC\02. NPC_Companion\01. Thrash</Filter>
    </ClInclude>
    <ClInclude Include="..\Public\PlayerState_StartPortal.h">
      <Filter>03.Components\PlayerState</Filter>
    </ClInclude>
    <ClInclude Include="..\Public\PlayerState_ExitPortal.h">
      <Filter>03.Components\PlayerState</Filter>
    </ClInclude>
    <ClInclude Include="..\Public\PlayerState_IntoPortal.h">
      <Filter>03.Components\PlayerState</Filter>
    </ClInclude>
    <ClInclude Include="..\public\RayShape.h">
      <Filter>02.GameObjects\RayShape</Filter>
    </ClInclude>
    <ClInclude Include="..\Public\Word.h">
      <Filter>02.GameObjects\Word</Filter>
    </ClInclude>
    <ClInclude Include="..\Public\Zippy.h">
      <Filter>02.GameObjects\Monster\Zippy</Filter>
    </ClInclude>
    <ClInclude Include="..\Public\Word_Controller.h">
      <Filter>02.GameObjects\Word</Filter>
    </ClInclude>
    <ClInclude Include="..\Public\Word_Container.h">
      <Filter>02.GameObjects\Word</Filter>
    </ClInclude>
    <ClInclude Include="..\Public\WordGame_Generator.h">
      <Filter>02.GameObjects\Word</Filter>
    </ClInclude>
    <ClInclude Include="..\Public\WordPrinter.h">
      <Filter>02.GameObjects\Word</Filter>
    </ClInclude>
    <ClInclude Include="..\Public\2DMapWordObject.h" />
    <ClInclude Include="..\public\CollapseBlock.h" />
    <ClInclude Include="..\Public\Goblin_SideScroller.h" />
    <ClInclude Include="..\Public\LightningBolt.h" />
    <ClInclude Include="..\Public\PlayerState_Evict.h" />
    <ClInclude Include="..\Public\PlayerState_LaydownObject.h" />
    <ClInclude Include="..\Public\2DMapWordObject.h">
      <Filter>02.GameObjects\MapObject\2D</Filter>
    </ClInclude>
    <ClInclude Include="..\Public\PlayerState_LaydownObject.h">
      <Filter>03.Components\PlayerState</Filter>
    </ClInclude>
    <ClInclude Include="..\Public\Goblin_SideScroller.h">
      <Filter>02.GameObjects\Monster\Goblin\SideScroller</Filter>
    </ClInclude>
    <ClInclude Include="..\Public\SideScroll_PatrolState.h">
      <Filter>03.Components\FSM\State\Patrol</Filter>
    </ClInclude>
    <ClInclude Include="..\Public\SideScroll_HitState.h">
      <Filter>03.Components\FSM\State\Hit</Filter>
    </ClInclude>
    <ClInclude Include="..\Public\Magic_Hand.h">
      <Filter>02.GameObjects\MagicHand</Filter>
    </ClInclude>
    <ClInclude Include="..\Public\Magic_Hand_Body.h">
      <Filter>02.GameObjects\MagicHand</Filter>
    </ClInclude>
    <ClInclude Include="..\Public\LightningBolt.h">
      <Filter>02.GameObjects\Monster</Filter>
    </ClInclude>
    <ClInclude Include="..\Public\PlayerState_Evict.h">
      <Filter>03.Components\PlayerState</Filter>
    </ClInclude>
    <ClInclude Include="..\Public\PlayerState_TurnBook.h" />
    <ClInclude Include="..\Public\SideScroll_HitState.h" />
    <ClInclude Include="..\Public\SideScroll_PatrolState.h" />
    <ClInclude Include="..\public\Effect2D.h">
      <Filter>02.GameObjects\Effect2D</Filter>
    </ClInclude>
    <ClInclude Include="..\public\Effect2D_Manager.h">
      <Filter>02.GameObjects\Effect2D\Manager</Filter>
    </ClInclude>
    <ClInclude Include="..\Public\Npc_Rabbit.h">
      <Filter>02.GameObjects\NPC\03. Rabbit_Npc</Filter>
    </ClInclude>
    <ClInclude Include="..\Public\PlayerState_LunchBox.h">
      <Filter>03.Components\PlayerState</Filter>
    </ClInclude>
    <ClInclude Include="..\Public\PlayerState_Electric.h">
      <Filter>03.Components\PlayerState</Filter>
    </ClInclude>
    <ClInclude Include="..\Public\PlayerState_TurnBook.h">
      <Filter>03.Components\PlayerState</Filter>
    </ClInclude>
    <ClInclude Include="..\Public\LunchBox.h">
      <Filter>02.GameObjects\Interact\LunchBox</Filter>
    </ClInclude>
    <ClInclude Include="..\Public\RabbitLunch.h">
      <Filter>02.GameObjects\Interact\LunchBox</Filter>
    </ClInclude>
    <ClInclude Include="..\Public\Camera_CutScene.h">
      <Filter>02.GameObjects\Camera\CutScene</Filter>
    </ClInclude>
    <ClInclude Include="..\Public\Level_Camera_Tool_Client.h">
      <Filter>01.Levels\04. Camera_Tool</Filter>
    </ClInclude>
    <ClInclude Include="..\Public\Camera_CutScene_Save.h">
      <Filter>02.GameObjects\Camera\CutScene\Tool</Filter>
    </ClInclude>
    <ClInclude Include="..\Public\Effect_Manager.h">
      <Filter>02.GameObjects\Effect\Manager</Filter>
    </ClInclude>
    <ClInclude Include="..\Public\Neutral_IdleState.h">
      <Filter>03.Components\FSM\State\Idle</Filter>
    </ClInclude>
    <ClInclude Include="..\Public\Neutral_PatrolState.h">
      <Filter>03.Components\FSM\State\Patrol</Filter>
    </ClInclude>
    <ClInclude Include="..\Public\Neutral_Patrol_JumpState.h">
      <Filter>03.Components\FSM\State\Patrol</Filter>
    </ClInclude>
    <ClInclude Include="..\Public\Shadow2D.h">
      <Filter>02.GameObjects</Filter>
    </ClInclude>
    <ClInclude Include="..\Public\Cube.h">
      <Filter>02.GameObjects\Camera\CutScene\Tool\Cube</Filter>
    </ClInclude>
    <ClInclude Include="..\Public\RenderGroup_PlayerDepth.h">
      <Filter>94.RenderGroups%28Custom%29\PlayerDepth</Filter>
    </ClInclude>
    <ClInclude Include="..\public\Effect_Trail.h">
      <Filter>02.GameObjects\Effect\Trail</Filter>
    </ClInclude>
    <ClInclude Include="..\public\Effect_Beam.h">
      <Filter>02.GameObjects\Effect\Beam</Filter>
    </ClInclude>
    <ClInclude Include="..\public\CollapseBlock.h">
      <Filter>02.GameObjects\MapObject\2D\CollapseBlock</Filter>
    </ClInclude>
    <ClInclude Include="..\Public\Dialog_Manager.h">
      <Filter>02.GameObjects\UI\99. Dialog_Manager</Filter>
    </ClInclude>
    <ClInclude Include="..\Public\Projectile_BirdMonster.h">
      <Filter>02.GameObjects\Monster\BirdMonster\Projectile</Filter>
    </ClInclude>
    <ClInclude Include="..\Public\Projectile_Monster.h">
      <Filter>02.GameObjects\Monster</Filter>
    </ClInclude>
    <ClInclude Include="..\Public\ChaseFlyState.h">
      <Filter>03.Components\FSM\State\Chase</Filter>
    </ClInclude>
    <ClInclude Include="..\Public\Spear_Soldier.h">
      <Filter>02.GameObjects\Monster\Soldier\Spear</Filter>
    </ClInclude>
    <ClInclude Include="..\Public\CrossBow_Soldier.h">
      <Filter>02.GameObjects\Monster\Soldier\CrossBow</Filter>
    </ClInclude>
    <ClInclude Include="..\Public\Bomb_Soldier.h">
      <Filter>02.GameObjects\Monster\Soldier\Bomb</Filter>
    </ClInclude>
    <ClInclude Include="..\Public\Soldier_Spear.h">
      <Filter>02.GameObjects\Monster\Soldier\Spear\Weapon</Filter>
    </ClInclude>
    <ClInclude Include="..\Public\Soldier_Shield.h">
      <Filter>02.GameObjects\Monster\Soldier\Spear\Weapon</Filter>
    </ClInclude>
    <ClInclude Include="..\Public\DraggableObject.h">
      <Filter>02.GameObjects\Interact</Filter>
    </ClInclude>
    <ClInclude Include="..\Public\BarfBug.h">
      <Filter>02.GameObjects\Monster\BarfBug</Filter>
    </ClInclude>
    <ClInclude Include="..\Public\Soldier_CrossBow.h">
      <Filter>02.GameObjects\Monster\Soldier\CrossBow\Weapon</Filter>
    </ClInclude>
    <ClInclude Include="..\Public\CrossBow_Arrow.h">
      <Filter>02.GameObjects\Monster\Soldier\CrossBow\Weapon</Filter>
    </ClInclude>
    <ClInclude Include="..\Public\PlayerState_Drag.h">
      <Filter>03.Components\PlayerState</Filter>
    </ClInclude>
    <ClInclude Include="..\Public\Bomb.h">
      <Filter>02.GameObjects\Interact\Carriable</Filter>
    </ClInclude>
    <ClInclude Include="..\Public\JumpPad.h">
      <Filter>02.GameObjects</Filter>
    </ClInclude>
    <ClInclude Include="..\Public\PlayerState_Stamp.h">
      <Filter>03.Components\PlayerState</Filter>
    </ClInclude>
    <ClInclude Include="..\Public\Level_Chapter_06.h">
      <Filter>01.Levels\03.GamePlay</Filter>
    </ClInclude>
    <ClInclude Include="..\Public\Interaction_E.h">
      <Filter>02.GameObjects\UI\00. GamePlay\03. InterAction\02. Interaction_E</Filter>
    </ClInclude>
    <ClInclude Include="..\Public\PlayerState_Bomber.h">
      <Filter>03.Components\PlayerState</Filter>
    </ClInclude>
    <ClInclude Include="..\Public\PlayerState_ErasePalmDecal.h">
      <Filter>03.Components\PlayerState</Filter>
    </ClInclude>
    <ClInclude Include="..\Public\Bombable.h">
      <Filter>Interface</Filter>
    </ClInclude>
    <ClInclude Include="..\Public\PalmDecal.h" />
    <ClInclude Include="..\Public\PalmMarker.h" />
    <ClInclude Include="..\Public\Stoppable.h" />
    <ClInclude Include="..\Public\NPC_Manager.h">
      <Filter>02.GameObjects\NPC\100. NPC_Manager</Filter>
    </ClInclude>
    <ClInclude Include="..\Public\ButterGrump_LeftEye.h">
      <Filter>02.GameObjects\Monster\Boss\Part</Filter>
    </ClInclude>
    <ClInclude Include="..\Public\ButterGrump_RightEye.h">
      <Filter>02.GameObjects\Monster\Boss\Part</Filter>
    </ClInclude>
    <ClInclude Include="..\Public\ButterGrump_Tongue.h">
      <Filter>02.GameObjects\Monster\Boss\Part</Filter>
    </ClInclude>
    <ClInclude Include="..\Public\ButterGrump_Shield.h">
      <Filter>02.GameObjects\Monster\Boss\Part</Filter>
    </ClInclude>
    <ClInclude Include="..\Public\ZetPack.h" />
    <ClInclude Include="..\public\Door_2D.h">
      <Filter>02.GameObjects\Door_2D\Door</Filter>
    </ClInclude>
    <ClInclude Include="..\public\Pressure_Plate.h">
      <Filter>02.GameObjects\Pressure_Plate</Filter>
    </ClInclude>
    <ClInclude Include="..\public\Door_Yellow.h">
      <Filter>02.GameObjects\Door_2D\Door\Yellow</Filter>
    </ClInclude>
    <ClInclude Include="..\public\Door_Blue.h">
      <Filter>02.GameObjects\Door_2D\Door\Blue</Filter>
    </ClInclude>
    <ClInclude Include="..\public\Key.h">
      <Filter>02.GameObjects\Interact\Carriable</Filter>
    </ClInclude>
    <ClInclude Include="..\Public\Stoppable.h">
      <Filter>Interface</Filter>
    </ClInclude>
    <ClInclude Include="..\Public\SlipperyObject.h">
      <Filter>02.GameObjects</Filter>
    </ClInclude>
    <ClInclude Include="..\Public\StopStamp.h">
      <Filter>02.GameObjects\PlayerItem</Filter>
    </ClInclude>
    <ClInclude Include="..\Public\ZetPack.h">
      <Filter>02.GameObjects\PlayerItem</Filter>
    </ClInclude>
    <ClInclude Include="..\Public\PalmDecal.h">
      <Filter>02.GameObjects\PlayerItem</Filter>
    </ClInclude>
    <ClInclude Include="..\Public\PalmMarker.h">
      <Filter>02.GameObjects\PlayerItem</Filter>
    </ClInclude>
    <ClInclude Include="..\Public\PlayerBomb.h">
      <Filter>02.GameObjects\PlayerItem</Filter>
    </ClInclude>
    <ClInclude Include="..\Public\BombStamp.h">
      <Filter>02.GameObjects\PlayerItem</Filter>
    </ClInclude>
    <ClInclude Include="..\Public\Detonator.h">
      <Filter>02.GameObjects\PlayerItem</Filter>
    </ClInclude>
    <ClInclude Include="..\Public\Rubboink_Tiny.h">
      <Filter>02.GameObjects\MapObject</Filter>
    </ClInclude>
    <ClInclude Include="..\Public\MudPit.h">
      <Filter>02.GameObjects\MapObject</Filter>
    </ClInclude>
    <ClInclude Include="..\Public\JumpPad.h">
      <Filter>02.GameObjects\MapObject</Filter>
    </ClInclude>
    <ClInclude Include="..\Public\Domino.h">
      <Filter>02.GameObjects\MapObject</Filter>
    </ClInclude>
    <ClInclude Include="..\Public\Boss_WingSlam.h">
      <Filter>02.GameObjects\Monster\Boss\Projectile</Filter>
    </ClInclude>
    <ClInclude Include="..\Public\BossWingSlamState.h">
      <Filter>02.GameObjects\Monster\Boss\State</Filter>
    </ClInclude>
    <ClInclude Include="..\Public\Postit_Page.h" />
    <ClInclude Include="..\Public\TiltSwapPusher.h" />
    <ClInclude Include="..\Public\Boss_Rock.h">
      <Filter>02.GameObjects\Monster\Boss\Projectile</Filter>
    </ClInclude>
    <ClInclude Include="..\Public\BossRockVolleyState.h">
      <Filter>02.GameObjects\Monster\Boss\State</Filter>
    </ClInclude>
    <ClInclude Include="..\Public\BombableObject.h" />
    <ClInclude Include="..\Public\GameEventExecuter.h">
      <Filter>02.GameObjects\GameEventExecuter</Filter>
    </ClInclude>
    <ClInclude Include="..\Public\GameEventExecuter_C2.h">
      <Filter>02.GameObjects\GameEventExecuter\Chapter</Filter>
    </ClInclude>
    <ClInclude Include="..\Public\GameEventExecuter_C4.h">
      <Filter>02.GameObjects\GameEventExecuter\Chapter</Filter>
    </ClInclude>
    <ClInclude Include="..\Public\GameEventExecuter_C6.h">
      <Filter>02.GameObjects\GameEventExecuter\Chapter</Filter>
    </ClInclude>
    <ClInclude Include="..\Public\GameEventExecuter_C8.h">
      <Filter>02.GameObjects\GameEventExecuter\Chapter</Filter>
    </ClInclude>
    <ClInclude Include="..\public\Door_Red.h">
      <Filter>02.GameObjects\Door_2D\Door\Red</Filter>
    </ClInclude>
    <ClInclude Include="..\Public\Zipline.h" />
    <ClInclude Include="..\public\3DMapEmissiveObject.h">
      <Filter>02.GameObjects\MapObject\3D</Filter>
    </ClInclude>
  </ItemGroup>
  <ItemGroup>
    <ClCompile Include="Client.cpp">
      <Filter>98.Default</Filter>
    </ClCompile>
    <ClCompile Include="..\private\MainApp.cpp">
      <Filter>00.MainApp</Filter>
    </ClCompile>
    <ClCompile Include="..\Private\Level_Loading.cpp">
      <Filter>01.Levels\00.Loading</Filter>
    </ClCompile>
    <ClCompile Include="..\Private\Loader.cpp">
      <Filter>01.Levels\00.Loading\Loader</Filter>
    </ClCompile>
    <ClCompile Include="..\Private\Level_Logo.cpp">
      <Filter>01.Levels\02.Logo</Filter>
    </ClCompile>
    <ClCompile Include="..\Private\Level_Chapter_02.cpp">
      <Filter>01.Levels\03.GamePlay</Filter>
    </ClCompile>
    <ClCompile Include="stdafx.cpp">
      <Filter>98.Default</Filter>
    </ClCompile>
    <ClCompile Include="..\Private\Client_Function.cpp">
      <Filter>99.Defines</Filter>
    </ClCompile>
    <ClCompile Include="..\Private\Event_Manager.cpp">
      <Filter>96.Event\Manager</Filter>
    </ClCompile>
    <ClCompile Include="..\private\Camera_Target.cpp">
      <Filter>02.GameObjects\Camera\Target</Filter>
    </ClCompile>
    <ClCompile Include="..\Private\Level_Static.cpp">
      <Filter>01.Levels\01.Static</Filter>
    </ClCompile>
    <ClCompile Include="..\private\Player.cpp">
      <Filter>02.GameObjects\Player</Filter>
    </ClCompile>
    <ClCompile Include="..\private\TestTerrain.cpp">
      <Filter>02.GameObjects\TestTerrain</Filter>
    </ClCompile>
    <ClCompile Include="..\private\CriticalSectionGuard.cpp">
      <Filter>01.Levels\00.Loading\Loader\CriticalSectionGuard</Filter>
    </ClCompile>
    <ClCompile Include="..\Private\UI.cpp">
      <Filter>02.GameObjects\UI</Filter>
    </ClCompile>
    <ClCompile Include="..\Private\Pick_Bulb.cpp">
      <Filter>02.GameObjects\UI\00. GamePlay\00. Pick_Bulb</Filter>
    </ClCompile>
    <ClCompile Include="..\private\Monster.cpp">
      <Filter>02.GameObjects\Monster</Filter>
    </ClCompile>
    <ClCompile Include="..\private\FSM.cpp">
      <Filter>03.Components\FSM</Filter>
    </ClCompile>
    <ClCompile Include="..\private\State.cpp">
      <Filter>03.Components\FSM\State</Filter>
    </ClCompile>
    <ClCompile Include="..\private\IdleState.cpp">
      <Filter>03.Components\FSM\State\Idle</Filter>
    </ClCompile>
    <ClCompile Include="..\Private\ChaseWalkState.cpp">
      <Filter>03.Components\FSM\State\Chase</Filter>
    </ClCompile>
    <ClCompile Include="..\private\Beetle.cpp">
      <Filter>02.GameObjects\Monster\Beetle</Filter>
    </ClCompile>
    <ClCompile Include="..\Private\MeleeAttackState.cpp">
      <Filter>03.Components\FSM\State\Attack</Filter>
    </ClCompile>
    <ClCompile Include="..\Private\BarfBug.cpp">
      <Filter>02.GameObjects\Monster\BarfBug</Filter>
    </ClCompile>
    <ClCompile Include="..\Private\RangedAttackState.cpp">
      <Filter>03.Components\FSM\State\Attack</Filter>
    </ClCompile>
    <ClCompile Include="..\Private\Pooling_Manager.cpp">
      <Filter>95.Pooling</Filter>
    </ClCompile>
    <ClCompile Include="..\Private\Camera_Manager.cpp">
      <Filter>02.GameObjects\Camera\Manager</Filter>
    </ClCompile>
    <ClCompile Include="..\Private\StopStamp_UI.cpp">
      <Filter>02.GameObjects\UI\00. GamePlay\01. Stamp\00. StopStamp</Filter>
    </ClCompile>
    <ClCompile Include="..\Private\BombStamp_UI.cpp">
      <Filter>02.GameObjects\UI\00. GamePlay\01. Stamp\01. BombStamp</Filter>
    </ClCompile>
    <ClCompile Include="..\Private\ArrowForStamp.cpp">
      <Filter>02.GameObjects\UI\00. GamePlay\01. Stamp\02. ArrowForStamp</Filter>
    </ClCompile>
    <ClCompile Include="..\private\UI_Manager.cpp">
      <Filter>02.GameObjects\UI\100. UI_Manager</Filter>
    </ClCompile>
    <ClCompile Include="..\Private\ESC_HeartPoint.cpp">
      <Filter>02.GameObjects\UI\01. SettingPanel\00. HeartPoint</Filter>
    </ClCompile>
    <ClCompile Include="..\private\Projectile_BarfBug.cpp">
      <Filter>02.GameObjects\Monster\BarfBug\Projectile</Filter>
    </ClCompile>
    <ClCompile Include="..\Private\Condition.cpp">
      <Filter>03.Components\PlayerState</Filter>
    </ClCompile>
    <ClCompile Include="..\Private\PlayerState.cpp">
      <Filter>03.Components\PlayerState</Filter>
    </ClCompile>
    <ClCompile Include="..\Private\StateMachine.cpp">
      <Filter>03.Components\PlayerState</Filter>
    </ClCompile>
    <ClCompile Include="..\Private\Transition.cpp">
      <Filter>03.Components\PlayerState</Filter>
    </ClCompile>
    <ClCompile Include="..\Private\PlayerState_Idle.cpp" />
    <ClCompile Include="..\Private\PlayerState_Run.cpp" />
    <ClCompile Include="..\Private\UI_Interaction_Book.cpp">
      <Filter>02.GameObjects\UI\00. GamePlay\03. InterAction\00. Interaction_Book</Filter>
    </ClCompile>
    <ClCompile Include="..\Private\ShopPanel.cpp">
      <Filter>02.GameObjects\UI\02. ShopPanel</Filter>
    </ClCompile>
    <ClCompile Include="..\private\SettingPanelBG.cpp">
      <Filter>02.GameObjects\UI\01. SettingPanel\05. SettingPanelBG</Filter>
    </ClCompile>
    <ClCompile Include="..\Private\SettingPanel.cpp">
      <Filter>02.GameObjects\UI\01. SettingPanel</Filter>
    </ClCompile>
    <ClCompile Include="..\Private\PlayerState_Idle.cpp">
      <Filter>03.Components\PlayerState</Filter>
    </ClCompile>
    <ClCompile Include="..\Private\PlayerState_JumpUp.cpp">
      <Filter>03.Components\PlayerState</Filter>
    </ClCompile>
    <ClCompile Include="..\Private\PlayerState_Run.cpp">
      <Filter>03.Components\PlayerState</Filter>
    </ClCompile>
    <ClCompile Include="..\private\DetectionField.cpp">
      <Filter>03.Components\DetectionField</Filter>
    </ClCompile>
    <ClCompile Include="..\Private\PlayerState_Attack.cpp">
      <Filter>03.Components\PlayerState</Filter>
    </ClCompile>
    <ClCompile Include="..\Private\ButterGrump.cpp">
      <Filter>02.GameObjects\Monster\Boss</Filter>
    </ClCompile>
    <ClCompile Include="..\Private\Boss_HomingBall.cpp">
      <Filter>02.GameObjects\Monster\Boss\Projectile</Filter>
    </ClCompile>
    <ClCompile Include="..\Private\FSM_Boss.cpp">
      <Filter>03.Components\FSM</Filter>
    </ClCompile>
    <ClCompile Include="..\Private\BossSceneState.cpp">
      <Filter>02.GameObjects\Monster\Boss\State</Filter>
    </ClCompile>
    <ClCompile Include="..\Private\ShopItemBG.cpp">
      <Filter>02.GameObjects\UI\02. ShopPanel\01. ShopItem\00. ShopItemBG</Filter>
    </ClCompile>
    <ClCompile Include="..\Private\Interaction_Heart.cpp">
      <Filter>02.GameObjects\UI\00. GamePlay\03. InterAction\01. Interaction_Heart</Filter>
    </ClCompile>
    <ClCompile Include="..\Private\Logo_Choose.cpp">
      <Filter>02.GameObjects\UI\03. Logo\00. Logo_BG\00. Logo_Choose</Filter>
    </ClCompile>
    <ClCompile Include="..\Private\ESC_Goblin.cpp">
      <Filter>02.GameObjects\UI\01. SettingPanel\01. SettingGoblin</Filter>
    </ClCompile>
    <ClCompile Include="..\Private\Boss_EnergyBall.cpp">
      <Filter>02.GameObjects\Monster\Boss\Projectile</Filter>
    </ClCompile>
    <ClCompile Include="..\Private\BossIdleState.cpp">
      <Filter>02.GameObjects\Monster\Boss\State</Filter>
    </ClCompile>
    <ClCompile Include="..\Private\BossHomingBallState.cpp">
      <Filter>02.GameObjects\Monster\Boss\State</Filter>
    </ClCompile>
    <ClCompile Include="..\Private\BossEnergyBallState.cpp">
      <Filter>02.GameObjects\Monster\Boss\State</Filter>
    </ClCompile>
    <ClCompile Include="..\Private\Boss_YellowBall.cpp">
      <Filter>02.GameObjects\Monster\Boss\Projectile</Filter>
    </ClCompile>
    <ClCompile Include="..\Private\BossYellowBallState.cpp">
      <Filter>02.GameObjects\Monster\Boss\State</Filter>
    </ClCompile>
    <ClCompile Include="..\Private\BossState.cpp">
      <Filter>02.GameObjects\Monster\Boss\State</Filter>
    </ClCompile>
    <ClCompile Include="..\Private\Boss_PurpleBall.cpp">
      <Filter>02.GameObjects\Monster\Boss\Projectile</Filter>
    </ClCompile>
    <ClCompile Include="..\Private\BossPurpleBallState.cpp">
      <Filter>02.GameObjects\Monster\Boss\State</Filter>
    </ClCompile>
    <ClCompile Include="..\Private\Goblin.cpp">
      <Filter>02.GameObjects\Monster\Goblin</Filter>
    </ClCompile>
    <ClCompile Include="..\Private\JumpBug.cpp">
      <Filter>02.GameObjects\Monster\JumpBug</Filter>
    </ClCompile>
    <ClCompile Include="..\Private\Rat.cpp">
      <Filter>02.GameObjects\Monster\Rat</Filter>
    </ClCompile>
    <ClCompile Include="..\Private\BirdMonster.cpp">
      <Filter>02.GameObjects\Monster\BirdMonster</Filter>
    </ClCompile>
    <ClCompile Include="..\Private\Popuff.cpp">
      <Filter>02.GameObjects\Monster\Popuff</Filter>
    </ClCompile>
    <ClCompile Include="..\Private\PatrolState.cpp">
      <Filter>03.Components\FSM\State\Patrol</Filter>
    </ClCompile>
    <ClCompile Include="..\Private\Dialogue.cpp">
      <Filter>02.GameObjects\UI\00. GamePlay\04. Dialogue</Filter>
    </ClCompile>
    <ClCompile Include="..\Private\MapObject.cpp">
      <Filter>02.GameObjects\MapObject</Filter>
    </ClCompile>
    <ClCompile Include="..\Private\SampleBook.cpp">
      <Filter>02.GameObjects\MapObject\SampleBook</Filter>
    </ClCompile>
    <ClCompile Include="..\Private\Map_2D.cpp">
      <Filter>04.Section\Section_2D\Map_2D</Filter>
    </ClCompile>
    <ClCompile Include="..\private\Section_Manager.cpp">
      <Filter>04.Section\Manager</Filter>
    </ClCompile>
    <ClCompile Include="..\Private\AlertState.cpp">
      <Filter>03.Components\FSM\State\Alert</Filter>
    </ClCompile>
    <ClCompile Include="..\Private\Camera_CutScene.cpp">
      <Filter>02.GameObjects\Camera\CutScene</Filter>
    </ClCompile>
    <ClCompile Include="..\private\RenderGroup_DirectLights.cpp">
      <Filter>94.RenderGroups%28Custom%29\PBR\DirectLights</Filter>
    </ClCompile>
    <ClCompile Include="..\Private\RenderGroup_Final.cpp">
      <Filter>94.RenderGroups%28Custom%29\Old\Final</Filter>
    </ClCompile>
    <ClCompile Include="..\Private\PlayerState_Roll.cpp">
      <Filter>03.Components\PlayerState</Filter>
    </ClCompile>
    <ClCompile Include="..\Private\PlayerSword.cpp">
      <Filter>02.GameObjects\Player</Filter>
    </ClCompile>
    <ClCompile Include="..\Private\Monster_Body.cpp">
      <Filter>02.GameObjects\Monster</Filter>
    </ClCompile>
    <ClCompile Include="..\Private\RenderGroup_2D.cpp">
      <Filter>94.RenderGroups%28Custom%29\Old\2D</Filter>
    </ClCompile>
    <ClCompile Include="..\private\NPC_Store.cpp">
      <Filter>02.GameObjects\NPC\00. NPC_Store</Filter>
    </ClCompile>
    <ClCompile Include="..\Private\NPC.cpp">
      <Filter>02.GameObjects\NPC</Filter>
    </ClCompile>
    <ClCompile Include="..\Private\Portrait.cpp">
      <Filter>02.GameObjects\UI\00. GamePlay\04. Dialogue\00. Portrait</Filter>
    </ClCompile>
    <ClCompile Include="..\Private\Logo_Props.cpp">
      <Filter>02.GameObjects\UI\03. Logo\00. Logo_BG\01. Logo_Props</Filter>
    </ClCompile>
    <ClCompile Include="..\Private\Logo_BG.cpp">
      <Filter>02.GameObjects\UI\03. Logo\00. Logo_BG\02. Logo_BG</Filter>
    </ClCompile>
    <ClCompile Include="..\Private\Logo.cpp">
      <Filter>02.GameObjects\UI\03. Logo</Filter>
    </ClCompile>
    <ClCompile Include="..\Private\ShopPanel_BG.cpp">
      <Filter>02.GameObjects\UI\02. ShopPanel\00. ShopPanel_BG\00. ShopPanel_BGs</Filter>
    </ClCompile>
    <ClCompile Include="..\Private\ShopPanel_YesNo.cpp">
      <Filter>02.GameObjects\UI\02. ShopPanel\00. ShopPanel_BG\01. YesNo_Panel</Filter>
    </ClCompile>
    <ClCompile Include="..\Private\StandbyState.cpp">
      <Filter>03.Components\FSM\State\Standby</Filter>
    </ClCompile>
    <ClCompile Include="..\Private\Npc_Body.cpp">
      <Filter>02.GameObjects\NPC</Filter>
    </ClCompile>
    <ClCompile Include="..\private\MainTable.cpp">
      <Filter>02.GameObjects\MainTable</Filter>
    </ClCompile>
    <ClCompile Include="..\Private\PlayerBody.cpp">
      <Filter>02.GameObjects\Player</Filter>
    </ClCompile>
    <ClCompile Include="..\Private\Character.cpp">
      <Filter>02.GameObjects</Filter>
    </ClCompile>
    <ClCompile Include="..\Private\PlayerState_ThrowSword.cpp">
      <Filter>03.Components\PlayerState</Filter>
    </ClCompile>
    <ClCompile Include="..\Private\PlayerState_JumpDown.cpp">
      <Filter>03.Components\PlayerState</Filter>
    </ClCompile>
    <ClCompile Include="..\Private\PlayerState_Clamber.cpp" />
    <ClCompile Include="..\Private\FloorWord.cpp">
      <Filter>02.GameObjects\UI\00. GamePlay\05. FloorWord</Filter>
    </ClCompile>
    <ClCompile Include="..\Private\PrintFloorWord.cpp">
      <Filter>02.GameObjects\UI\00. GamePlay\05. FloorWord\00. PrintFloorWord</Filter>
    </ClCompile>
    <ClCompile Include="..\private\RayShape.cpp" />
    <ClCompile Include="..\private\RenderGroup_WorldPos.cpp">
      <Filter>94.RenderGroups%28Custom%29\WorldPos</Filter>
    </ClCompile>
    <ClCompile Include="..\private\RayShape.cpp" />
    <ClCompile Include="..\Private\Camera_2D.cpp">
      <Filter>02.GameObjects\Camera\2D</Filter>
    </ClCompile>
    <ClCompile Include="..\Private\Sneak_IdleState.cpp">
      <Filter>03.Components\FSM\State\Idle</Filter>
    </ClCompile>
    <ClCompile Include="..\Private\Sneak_AlertState.cpp">
      <Filter>03.Components\FSM\State\Alert</Filter>
    </ClCompile>
    <ClCompile Include="..\Private\Sneak_AwareState.cpp">
      <Filter>03.Components\FSM\State\Alert</Filter>
    </ClCompile>
    <ClCompile Include="..\Private\Sneak_ChaseState.cpp">
      <Filter>03.Components\FSM\State\Chase</Filter>
    </ClCompile>
    <ClCompile Include="..\Private\Sneak_PatrolState.cpp">
      <Filter>03.Components\FSM\State\Patrol</Filter>
    </ClCompile>
    <ClCompile Include="..\Private\Sneak_AttackState.cpp">
      <Filter>03.Components\FSM\State\Attack</Filter>
    </ClCompile>
    <ClCompile Include="..\Private\Sneak_InvestigateState.cpp">
      <Filter>03.Components\FSM\State\Chase</Filter>
    </ClCompile>
    <ClCompile Include="..\Private\Sneak_DetectionField.cpp">
      <Filter>03.Components\Sneak_DetectionField</Filter>
    </ClCompile>
    <ClCompile Include="..\Private\Npc_Logo.cpp">
      <Filter>02.GameObjects\NPC\01. LogoNpc</Filter>
    </ClCompile>
    <ClCompile Include="..\Private\MapObject.cpp">
      <Filter>02.GameObjects\MapObject\0. Super</Filter>
    </ClCompile>
    <ClCompile Include="..\Private\UI_JotMain.cpp">
      <Filter>02.GameObjects\UI\03. Logo\00. Logo_BG\03. Logo_Animation\00. Logo_JotMain</Filter>
    </ClCompile>
    <ClCompile Include="..\Private\2DMapActionObject.cpp">
      <Filter>02.GameObjects\MapObject\2D</Filter>
    </ClCompile>
    <ClCompile Include="..\Private\2DMapObject.cpp">
      <Filter>02.GameObjects\MapObject\2D\0. Super</Filter>
    </ClCompile>
    <ClCompile Include="..\Private\PlayerState_SpinAttack.cpp">
      <Filter>03.Components\PlayerState</Filter>
    </ClCompile>
    <ClCompile Include="..\Private\Interactable.cpp">
      <Filter>Interface\Interact</Filter>
    </ClCompile>
    <ClCompile Include="..\Private\PlayerState_Clamber.cpp">
      <Filter>03.Components\PlayerState</Filter>
    </ClCompile>
    <ClCompile Include="..\Private\PlayerState_JumpAttack.cpp">
      <Filter>03.Components\PlayerState</Filter>
    </ClCompile>
    <ClCompile Include="..\Private\PlayerState_JumpAttack.cpp" />
    <ClCompile Include="..\Private\PlayerData_Manager.cpp">
      <Filter>02.GameObjects\PlayerItem\Manager</Filter>
    </ClCompile>
    <ClCompile Include="..\Private\PlayerItem.cpp">
      <Filter>02.GameObjects\PlayerItem</Filter>
    </ClCompile>
    <ClCompile Include="..\Private\TriggerObject.cpp">
      <Filter>02.GameObjects\Trigger</Filter>
    </ClCompile>
    <ClCompile Include="..\Private\Trigger_Manager.cpp">
      <Filter>02.GameObjects\Trigger\Manager</Filter>
    </ClCompile>
    <ClCompile Include="..\Private\Level_Chapter_04.cpp">
      <Filter>01.Levels\03.GamePlay</Filter>
    </ClCompile>
    <ClCompile Include="..\Private\Section_2D_Narration.cpp">
      <Filter>04.Section\Section_2D\Narration_2D</Filter>
    </ClCompile>
    <ClCompile Include="..\Private\NPC_Social.cpp">
      <Filter>02.GameObjects\NPC\99. Social_Npc\00. Npc_Social</Filter>
    </ClCompile>
    <ClCompile Include="..\Private\NPC_OnlySocial.cpp">
      <Filter>02.GameObjects\NPC\99. Social_Npc</Filter>
    </ClCompile>
    <ClCompile Include="..\private\RenderGroup_AfterParticle.cpp">
      <Filter>94.RenderGroups%28Custom%29\Effect\Particle</Filter>
    </ClCompile>
    <ClCompile Include="..\private\RenderGroup_DownSample.cpp">
      <Filter>94.RenderGroups%28Custom%29\Effect\DownSample</Filter>
    </ClCompile>
    <ClCompile Include="..\private\RenderGroup_Blur.cpp">
      <Filter>94.RenderGroups%28Custom%29\Effect\Blur</Filter>
    </ClCompile>
    <ClCompile Include="..\Private\2DMapDefaultObject.cpp">
      <Filter>02.GameObjects\MapObject\2D</Filter>
    </ClCompile>
    <ClCompile Include="..\Private\3DMapDefaultObject.cpp">
      <Filter>02.GameObjects\MapObject\3D</Filter>
    </ClCompile>
    <ClCompile Include="..\Private\3DMapObject.cpp">
      <Filter>02.GameObjects\MapObject\3D\0. Super</Filter>
    </ClCompile>
    <ClCompile Include="..\Private\RenderGroup_Lighting.cpp">
      <Filter>94.RenderGroups%28Custom%29\PBR\Lighting</Filter>
    </ClCompile>
    <ClCompile Include="..\Private\RenderGroup_Combine.cpp">
      <Filter>94.RenderGroups%28Custom%29\PBR\Combine</Filter>
    </ClCompile>
    <ClCompile Include="..\Private\3DMapSkspObject.cpp">
      <Filter>02.GameObjects\MapObject\3D</Filter>
    </ClCompile>
    <ClCompile Include="..\private\Section_2D.cpp">
      <Filter>04.Section\Section_2D\00. super</Filter>
    </ClCompile>
    <ClCompile Include="..\private\Section.cpp">
      <Filter>04.Section\00. super</Filter>
    </ClCompile>
    <ClCompile Include="..\Private\Section_2D_PlayMap_Book.cpp">
      <Filter>04.Section\Section_2D\PlayMap_2D</Filter>
    </ClCompile>
    <ClCompile Include="..\Private\Section_2D_PlayMap_Sksp.cpp">
      <Filter>04.Section\Section_2D\PlayMap_2D</Filter>
    </ClCompile>
    <ClCompile Include="..\Private\Section_2D_PlayMap.cpp">
      <Filter>04.Section\Section_2D\PlayMap_2D\00. super</Filter>
    </ClCompile>
    <ClCompile Include="..\Private\Narration.cpp">
      <Filter>02.GameObjects\UI\00. GamePlay\06. Narration</Filter>
    </ClCompile>
    <ClCompile Include="..\Private\Narration_Anim.cpp">
      <Filter>02.GameObjects\UI\00. GamePlay\06. Narration\00. NarrationAnim</Filter>
    </ClCompile>
    <ClCompile Include="..\Private\State_Sneak.cpp">
      <Filter>03.Components\FSM\State</Filter>
    </ClCompile>
    <ClCompile Include="..\Private\RenderGroup_AfterEffect.cpp">
      <Filter>94.RenderGroups%28Custom%29\Effect\AfterEffect</Filter>
    </ClCompile>
    <ClCompile Include="..\private\RenderGroup_PostProcessing.cpp">
      <Filter>94.RenderGroups%28Custom%29\PBR\PostProcessing</Filter>
    </ClCompile>
    <ClCompile Include="..\Private\PlayerState_JumpAttack.cpp">
      <Filter>03.Components\PlayerState</Filter>
    </ClCompile>
    <ClCompile Include="..\Private\CarriableObject.cpp">
      <Filter>02.GameObjects\Interact\Carriable</Filter>
    </ClCompile>
    <ClCompile Include="..\Private\HitState.cpp">
      <Filter>03.Components\FSM\State\Hit</Filter>
    </ClCompile>
    <ClCompile Include="..\Private\DeadState.cpp">
      <Filter>03.Components\FSM\State\Hit</Filter>
    </ClCompile>
    <ClCompile Include="..\Private\Bulb.cpp">
      <Filter>02.GameObjects\Bulb</Filter>
    </ClCompile>
    <ClCompile Include="..\Private\Sneak_BackState.cpp">
      <Filter>03.Components\FSM\State\Patrol</Filter>
    </ClCompile>
    <ClCompile Include="..\Private\PlayerState_PickUpObject.cpp">
      <Filter>03.Components\PlayerState</Filter>
    </ClCompile>
    <ClCompile Include="..\Private\PlayerState_ThrowObject.cpp">
      <Filter>03.Components\PlayerState</Filter>
    </ClCompile>
    <ClCompile Include="..\Private\Dice.cpp">
      <Filter>02.GameObjects\Interact\Carriable</Filter>
    </ClCompile>
    <ClCompile Include="..\private\Blocker.cpp">
      <Filter>02.GameObjects\Blocker</Filter>
    </ClCompile>
    <ClCompile Include="..\Private\ChaseAttackState.cpp">
      <Filter>03.Components\FSM\State\Chase</Filter>
    </ClCompile>
    <ClCompile Include="..\Private\StandbyNoneAttackState.cpp">
      <Filter>03.Components\FSM\State\Standby</Filter>
    </ClCompile>
    <ClCompile Include="..\Private\Portal.cpp">
      <Filter>02.GameObjects\Portal</Filter>
    </ClCompile>
    <ClCompile Include="..\Private\PlayerState_Die.cpp" />
    <ClCompile Include="..\private\FallingRock.cpp">
      <Filter>02.GameObjects\FallingRock</Filter>
    </ClCompile>
    <ClCompile Include="..\Private\PlayerState_Die.cpp">
      <Filter>03.Components\PlayerState</Filter>
    </ClCompile>
    <ClCompile Include="PlayerState_PlatformJumpAttack.cpp">
      <Filter>03.Components\PlayerState</Filter>
    </ClCompile>
    <ClCompile Include="..\private\Spawner.cpp">
      <Filter>91.Spawner</Filter>
    </ClCompile>
    <ClCompile Include="..\Private\Npc_Companion.cpp">
      <Filter>02.GameObjects\NPC\02. NPC_Companion</Filter>
    </ClCompile>
    <ClCompile Include="..\Private\NPC_Violet.cpp">
      <Filter>02.GameObjects\NPC\02. NPC_Companion\00. Violet</Filter>
    </ClCompile>
    <ClCompile Include="..\Private\NPC_Thrash.cpp">
      <Filter>02.GameObjects\NPC\02. NPC_Companion\01. Thrash</Filter>
    </ClCompile>
    <ClCompile Include="..\Private\PlayerState_StartPortal.cpp">
      <Filter>03.Components\PlayerState</Filter>
    </ClCompile>
    <ClCompile Include="..\Private\PlayerState_ExitPortal.cpp">
      <Filter>03.Components\PlayerState</Filter>
    </ClCompile>
    <ClCompile Include="..\Private\PlayerState_IntoPortal.cpp">
      <Filter>03.Components\PlayerState</Filter>
    </ClCompile>
    <ClCompile Include="..\private\RayShape.cpp">
      <Filter>02.GameObjects\RayShape</Filter>
    </ClCompile>
    <ClCompile Include="..\Private\Word.cpp">
      <Filter>02.GameObjects\Word</Filter>
    </ClCompile>
    <ClCompile Include="..\Private\Word_Controller.cpp">
      <Filter>02.GameObjects\Word</Filter>
    </ClCompile>
    <ClCompile Include="..\Private\Word_Container.cpp">
      <Filter>02.GameObjects\Word</Filter>
    </ClCompile>
    <ClCompile Include="..\Private\WordGame_Generator.cpp">
      <Filter>02.GameObjects\Word</Filter>
    </ClCompile>
    <ClCompile Include="..\Private\Zippy.cpp">
      <Filter>02.GameObjects\Monster\Zippy</Filter>
    </ClCompile>
    <ClCompile Include="..\Private\WordPrinter.cpp">
      <Filter>02.GameObjects\Word</Filter>
    </ClCompile>
    <ClCompile Include="..\Private\2DMapWordObject.cpp" />
    <ClCompile Include="..\private\3DMapEmissiveObject.cpp" />
    <ClCompile Include="..\Private\Bomb.cpp" />
    <ClCompile Include="..\Private\Bombable.cpp" />
    <ClCompile Include="..\Private\BombableObject.cpp" />
    <ClCompile Include="..\Private\BombStamp.cpp" />
    <ClCompile Include="..\Private\BossRockVolleyState.cpp" />
    <ClCompile Include="..\Private\BossWingSlamState.cpp" />
    <ClCompile Include="..\Private\Boss_Rock.cpp" />
    <ClCompile Include="..\Private\Boss_WingSlam.cpp" />
    <ClCompile Include="..\Private\ButterGrump_LeftEye.cpp" />
    <ClCompile Include="..\Private\ButterGrump_RightEye.cpp" />
    <ClCompile Include="..\Private\ButterGrump_Shield.cpp" />
    <ClCompile Include="..\Private\ButterGrump_Tongue.cpp" />
    <ClCompile Include="..\Private\ChaseFlyState.cpp" />
    <ClCompile Include="..\Private\CrossBow_Arrow.cpp" />
    <ClCompile Include="..\Private\Detonator.cpp" />
    <ClCompile Include="..\private\Door_2D.cpp" />
    <ClCompile Include="..\private\Door_Blue.cpp" />
    <ClCompile Include="..\private\Door_Red.cpp" />
    <ClCompile Include="..\private\Door_Yellow.cpp" />
    <ClCompile Include="..\Private\GameEventExecuter_C2.cpp" />
    <ClCompile Include="..\Private\GameEventExecuter_C4.cpp" />
    <ClCompile Include="..\Private\GameEventExecuter_C6.cpp" />
    <ClCompile Include="..\Private\GameEventExecuter_C8.cpp" />
    <ClCompile Include="..\Private\Interaction_E.cpp" />
    <ClCompile Include="..\Private\JumpPad.cpp" />
    <ClCompile Include="..\private\Key.cpp" />
    <ClCompile Include="..\Private\Level_Chapter_06.cpp" />
    <ClCompile Include="..\Private\Zipline.cpp" />
    <ClCompile Include="..\Private\MudPit.cpp" />
    <ClCompile Include="..\Private\NPC_Manager.cpp" />
    <ClCompile Include="..\Private\PalmDecal.cpp" />
    <ClCompile Include="..\Private\PalmMarker.cpp" />
    <ClCompile Include="..\Private\PlayerBomb.cpp" />
    <ClCompile Include="..\Private\PlayerState_Bomber.cpp" />
    <ClCompile Include="..\Private\PlayerState_ErasePalmDecal.cpp" />
    <ClCompile Include="..\Private\PlayerState_Stamp.cpp" />
    <ClCompile Include="..\Private\Postit_Page.cpp" />
    <ClCompile Include="..\private\Pressure_Plate.cpp" />
    <ClCompile Include="..\Private\Projectile_BirdMonster.cpp" />
    <ClCompile Include="..\Private\Projectile_Monster.cpp" />
    <ClCompile Include="..\Private\DraggableObject.cpp" />
    <ClCompile Include="..\Private\PlayerState_Drag.cpp" />
    <ClCompile Include="..\private\Effect_Beam.cpp" />
    <ClCompile Include="..\Private\Dialog_Manager.cpp" />
    <ClCompile Include="..\Private\Rubboink_Tiny.cpp" />
    <ClCompile Include="..\Private\Shadow2D.cpp" />
    <ClCompile Include="..\Private\3DMapDefaultObject.cpp" />
    <ClCompile Include="..\Private\3DMapObject.cpp" />
    <ClCompile Include="..\Private\3DMapSkspObject.cpp" />
    <ClCompile Include="..\Private\AlertState.cpp" />
    <ClCompile Include="..\Private\ArrowForStamp.cpp" />
    <ClCompile Include="..\Private\BarfBug.cpp" />
    <ClCompile Include="..\private\Beetle.cpp" />
    <ClCompile Include="..\Private\BirdMonster.cpp" />
    <ClCompile Include="..\private\Blocker.cpp" />
    <ClCompile Include="..\Private\BossEnergyBallState.cpp" />
    <ClCompile Include="..\Private\BossHomingBallState.cpp" />
    <ClCompile Include="..\Private\BossIdleState.cpp" />
    <ClCompile Include="..\Private\BossPurpleBallState.cpp" />
    <ClCompile Include="..\Private\BossSceneState.cpp" />
    <ClCompile Include="..\Private\BossState.cpp" />
    <ClCompile Include="..\Private\BossYellowBallState.cpp" />
    <ClCompile Include="..\Private\Boss_EnergyBall.cpp" />
    <ClCompile Include="..\Private\Boss_HomingBall.cpp" />
    <ClCompile Include="..\Private\Boss_PurpleBall.cpp" />
    <ClCompile Include="..\Private\Boss_YellowBall.cpp" />
    <ClCompile Include="..\Private\Bulb.cpp" />
    <ClCompile Include="..\Private\Camera_2D.cpp" />
    <ClCompile Include="..\Private\Camera_CutScene.cpp" />
    <ClCompile Include="..\Private\CarriableObject.cpp" />
    <ClCompile Include="..\Private\Camera_CutScene_Save.cpp" />
    <ClCompile Include="..\Private\Character.cpp" />
    <ClCompile Include="..\Private\ButterGrump.cpp" />
    <ClCompile Include="..\Private\ChaseAttackState.cpp" />
    <ClCompile Include="..\Private\Cube.cpp" />
    <ClCompile Include="..\Private\Level_Camera_Tool_Client.cpp" />
    <ClCompile Include="..\private\CollapseBlock.cpp" />
    <ClCompile Include="..\Private\Dice.cpp" />
    <ClCompile Include="..\Private\Domino.cpp" />
    <ClCompile Include="..\Private\DeadState.cpp" />
    <ClCompile Include="..\private\Effect2D.cpp" />
    <ClCompile Include="..\private\Effect2D_Manager.cpp" />
    <ClCompile Include="..\Private\Effect_Manager.cpp" />
    <ClCompile Include="..\private\FallingRock.cpp" />
    <ClCompile Include="..\Private\FloorWord.cpp" />
    <ClCompile Include="..\Private\Goblin_SideScroller.cpp" />
    <ClCompile Include="..\Private\GameEventExecuter.cpp" />
    <ClCompile Include="..\Private\HitState.cpp" />
    <ClCompile Include="..\Private\Level_Chapter_04.cpp" />
    <ClCompile Include="..\Private\Magic_Hand.cpp" />
    <ClCompile Include="..\Private\Magic_Hand_Body.cpp" />
    <ClCompile Include="..\Private\LightningBolt.cpp" />
    <ClCompile Include="..\Private\LunchBox.cpp" />
    <ClCompile Include="..\Private\Narration.cpp" />
    <ClCompile Include="..\Private\Narration_Anim.cpp" />
    <ClCompile Include="..\Private\Neutral_IdleState.cpp" />
    <ClCompile Include="..\Private\Neutral_PatrolState.cpp" />
    <ClCompile Include="..\Private\Neutral_Patrol_JumpState.cpp" />
    <ClCompile Include="..\Private\Npc_Companion.cpp" />
    <ClCompile Include="..\Private\Npc_Rabbit.cpp" />
    <ClCompile Include="..\Private\NPC_Thrash.cpp" />
    <ClCompile Include="..\Private\NPC_Violet.cpp" />
    <ClCompile Include="..\Private\PlayerState_Die.cpp" />
    <ClCompile Include="..\Private\PlayerState_Electric.cpp" />
    <ClCompile Include="..\Private\PlayerState_Evict.cpp" />
    <ClCompile Include="..\Private\PlayerState_ExitPortal.cpp" />
    <ClCompile Include="..\Private\PlayerState_IntoPortal.cpp" />
    <ClCompile Include="..\Private\PlayerState_LaydownObject.cpp" />
    <ClCompile Include="..\Private\PlayerState_LunchBox.cpp" />
    <ClCompile Include="..\Private\PlayerState_PickUpObject.cpp" />
    <ClCompile Include="..\Private\PlayerState_StartPortal.cpp" />
    <ClCompile Include="..\Private\PlayerState_ThrowObject.cpp" />
    <ClCompile Include="..\Private\PlayerState_TurnBook.cpp" />
    <ClCompile Include="..\Private\Portal.cpp" />
    <ClCompile Include="..\Private\RabbitLunch.cpp" />
    <ClCompile Include="..\Private\RenderGroup_PlayerDepth.cpp" />
    <ClCompile Include="..\private\RenderGroup_PostProcessing.cpp" />
    <ClCompile Include="..\Private\Section_2D_Narration.cpp" />
    <ClCompile Include="..\Private\NPC_OnlySocial.cpp" />
    <ClCompile Include="..\Private\PlayerItem.cpp" />
    <ClCompile Include="..\Private\PlayerData_Manager.cpp" />
    <ClCompile Include="..\Private\Interactable.cpp" />
    <ClCompile Include="..\private\MainTable.cpp" />
    <ClCompile Include="..\private\DetectionField.cpp" />
    <ClCompile Include="..\Private\Camera_Manager.cpp" />
    <ClCompile Include="..\Private\BombStamp_UI.cpp" />
    <ClCompile Include="..\Private\ChaseWalkState.cpp" />
    <ClCompile Include="..\Private\Client_Function.cpp" />
    <ClCompile Include="..\Private\Condition.cpp" />
    <ClCompile Include="..\private\CriticalSectionGuard.cpp" />
    <ClCompile Include="..\Private\Dialogue.cpp" />
    <ClCompile Include="..\Private\ESC_Goblin.cpp" />
    <ClCompile Include="..\Private\ESC_HeartPoint.cpp" />
    <ClCompile Include="..\private\FSM.cpp" />
    <ClCompile Include="..\Private\FSM_Boss.cpp" />
    <ClCompile Include="..\Private\Goblin.cpp" />
    <ClCompile Include="..\private\IdleState.cpp" />
    <ClCompile Include="..\Private\Interaction_Heart.cpp" />
    <ClCompile Include="..\Private\JumpBug.cpp" />
    <ClCompile Include="..\Private\Logo.cpp" />
    <ClCompile Include="..\Private\Logo_BG.cpp" />
    <ClCompile Include="..\Private\Logo_Choose.cpp" />
    <ClCompile Include="..\Private\Logo_Props.cpp" />
    <ClCompile Include="..\Private\MapObject.cpp" />
    <ClCompile Include="..\Private\Map_2D.cpp" />
    <ClCompile Include="..\Private\Monster_Body.cpp" />
    <ClCompile Include="..\Private\NPC.cpp" />
    <ClCompile Include="..\Private\Npc_Body.cpp" />
    <ClCompile Include="..\Private\Npc_Logo.cpp" />
    <ClCompile Include="..\Private\NPC_Social.cpp" />
    <ClCompile Include="..\private\NPC_Store.cpp" />
    <ClCompile Include="..\Private\PatrolState.cpp" />
    <ClCompile Include="..\Private\PlayerBody.cpp" />
    <ClCompile Include="..\Private\PlayerState_Clamber.cpp" />
    <ClCompile Include="..\Private\PlayerState_JumpAttack.cpp" />
    <ClCompile Include="..\Private\PlayerState_JumpDown.cpp" />
    <ClCompile Include="..\Private\PlayerState_Roll.cpp" />
    <ClCompile Include="..\Private\PlayerState_SpinAttack.cpp" />
    <ClCompile Include="..\Private\PlayerState_ThrowSword.cpp" />
    <ClCompile Include="..\Private\PlayerSword.cpp" />
    <ClCompile Include="..\Private\Popuff.cpp" />
    <ClCompile Include="..\Private\Portrait.cpp" />
    <ClCompile Include="..\Private\PrintFloorWord.cpp" />
    <ClCompile Include="..\Private\Rat.cpp" />
    <ClCompile Include="..\private\RayShape.cpp" />
    <ClCompile Include="..\private\RenderGroup_Blur.cpp" />
    <ClCompile Include="..\Private\RenderGroup_2D.cpp" />
    <ClCompile Include="..\Private\RenderGroup_AfterEffect.cpp" />
    <ClCompile Include="..\private\RenderGroup_AfterParticle.cpp" />
    <ClCompile Include="..\private\RenderGroup_DownSample.cpp" />
    <ClCompile Include="..\Private\RenderGroup_Combine.cpp" />
    <ClCompile Include="..\Private\RenderGroup_Final.cpp" />
    <ClCompile Include="..\Private\RenderGroup_Lighting.cpp" />
    <ClCompile Include="..\private\RenderGroup_DirectLights.cpp" />
    <ClCompile Include="..\private\RenderGroup_WorldPos.cpp" />
    <ClCompile Include="..\Private\SampleBook.cpp" />
    <ClCompile Include="..\private\Section.cpp" />
    <ClCompile Include="..\private\Section_2D.cpp" />
    <ClCompile Include="..\Private\Section_2D_PlayMap.cpp" />
    <ClCompile Include="..\Private\Section_2D_PlayMap_Book.cpp" />
    <ClCompile Include="..\Private\Section_2D_PlayMap_Sksp.cpp" />
    <ClCompile Include="..\private\Section_Manager.cpp" />
    <ClCompile Include="..\Private\SettingPanel.cpp" />
    <ClCompile Include="..\Private\ShopItemBG.cpp" />
    <ClCompile Include="..\Private\ShopPanel.cpp" />
    <ClCompile Include="..\Private\PlayerState_Attack.cpp" />
    <ClCompile Include="..\Private\ShopPanel_BG.cpp" />
    <ClCompile Include="..\Private\ShopPanel_YesNo.cpp" />
    <ClCompile Include="..\Private\SideScroll_HitState.cpp" />
    <ClCompile Include="..\Private\SideScroll_PatrolState.cpp" />
    <ClCompile Include="..\Private\SlipperyObject.cpp" />
    <ClCompile Include="..\Private\Sneak_AlertState.cpp" />
    <ClCompile Include="..\Private\Sneak_AttackState.cpp" />
    <ClCompile Include="..\Private\Sneak_AwareState.cpp" />
    <ClCompile Include="..\Private\Sneak_BackState.cpp" />
    <ClCompile Include="..\Private\Sneak_ChaseState.cpp" />
    <ClCompile Include="..\Private\Sneak_DetectionField.cpp" />
    <ClCompile Include="..\Private\Sneak_IdleState.cpp" />
    <ClCompile Include="..\Private\Sneak_InvestigateState.cpp" />
    <ClCompile Include="..\Private\Sneak_PatrolState.cpp" />
    <ClCompile Include="..\Private\Soldier_CrossBow.cpp" />
    <ClCompile Include="..\Private\Soldier_Shield.cpp" />
    <ClCompile Include="..\Private\Soldier_Spear.cpp" />
    <ClCompile Include="..\private\Spawner.cpp" />
    <ClCompile Include="..\Private\StandbyNoneAttackState.cpp" />
    <ClCompile Include="..\Private\State_Sneak.cpp" />
    <ClCompile Include="..\Private\Bomb_Soldier.cpp" />
    <ClCompile Include="..\Private\CrossBow_Soldier.cpp" />
    <ClCompile Include="..\Private\Spear_Soldier.cpp" />
    <ClCompile Include="..\Private\StandbyState.cpp" />
    <ClCompile Include="..\private\Effect_Trail.cpp" />
    <ClCompile Include="..\Private\Stoppable.cpp" />
    <ClCompile Include="..\Private\StopStamp.cpp" />
    <ClCompile Include="..\Private\TiltSwapPusher.cpp" />
    <ClCompile Include="..\Private\TriggerObject.cpp" />
    <ClCompile Include="..\Private\Trigger_Manager.cpp" />
    <ClCompile Include="..\Private\UI_Interaction_Book.cpp" />
    <ClCompile Include="..\Private\MeleeAttackState.cpp" />
    <ClCompile Include="..\private\Monster.cpp" />
    <ClCompile Include="..\Private\PlayerState.cpp" />
    <ClCompile Include="..\Private\PlayerState_Idle.cpp" />
    <ClCompile Include="..\Private\PlayerState_JumpUp.cpp" />
    <ClCompile Include="..\Private\PlayerState_Run.cpp" />
    <ClCompile Include="..\Private\Pooling_Manager.cpp" />
    <ClCompile Include="..\private\Projectile_BarfBug.cpp" />
    <ClCompile Include="..\Private\RangedAttackState.cpp" />
    <ClCompile Include="..\private\SettingPanelBG.cpp" />
    <ClCompile Include="..\Private\Event_Manager.cpp" />
    <ClCompile Include="..\Private\Level_Chapter_02.cpp" />
    <ClCompile Include="..\Private\Level_Loading.cpp" />
    <ClCompile Include="..\Private\Level_Logo.cpp" />
    <ClCompile Include="..\Private\Level_Static.cpp" />
    <ClCompile Include="..\Private\Loader.cpp" />
    <ClCompile Include="..\private\MainApp.cpp" />
    <ClCompile Include="..\private\Camera_Target.cpp" />
    <ClCompile Include="..\Private\Pick_Bulb.cpp" />
    <ClCompile Include="..\private\State.cpp" />
    <ClCompile Include="..\Private\StateMachine.cpp" />
    <ClCompile Include="..\Private\StopStamp_UI.cpp" />
    <ClCompile Include="..\private\Player.cpp" />
    <ClCompile Include="..\private\TestTerrain.cpp" />
    <ClCompile Include="..\Private\Transition.cpp" />
    <ClCompile Include="..\Private\UI.cpp" />
    <ClCompile Include="..\Private\UI_JotMain.cpp" />
    <ClCompile Include="..\private\UI_Manager.cpp" />
    <ClCompile Include="..\Private\Word.cpp" />
    <ClCompile Include="..\Private\WordGame_Generator.cpp" />
    <ClCompile Include="..\Private\WordPrinter.cpp" />
    <ClCompile Include="..\Private\Word_Container.cpp" />
    <ClCompile Include="..\Private\Word_Controller.cpp" />
    <ClCompile Include="..\Private\ZetPack.cpp" />
    <ClCompile Include="..\private\Door_2D.cpp">
      <Filter>02.GameObjects\Door_2D\Door</Filter>
    </ClCompile>
    <ClCompile Include="..\private\Pressure_Plate.cpp">
      <Filter>02.GameObjects\Pressure_Plate</Filter>
    </ClCompile>
    <ClCompile Include="..\private\Door_Yellow.cpp">
      <Filter>02.GameObjects\Door_2D\Door\Yellow</Filter>
    </ClCompile>
    <ClCompile Include="..\private\Door_Blue.cpp">
      <Filter>02.GameObjects\Door_2D\Door\Blue</Filter>
    </ClCompile>
    <ClCompile Include="..\private\Key.cpp">
      <Filter>02.GameObjects\Interact\Carriable</Filter>
    </ClCompile>
    <ClCompile Include="..\Private\Stoppable.cpp">
      <Filter>Interface</Filter>
    </ClCompile>
    <ClCompile Include="..\Private\SlipperyObject.cpp">
      <Filter>02.GameObjects</Filter>
    </ClCompile>
    <ClCompile Include="..\Private\PlayerState_ErasePalmDecal.cpp">
      <Filter>03.Components\PlayerState</Filter>
    </ClCompile>
    <ClCompile Include="..\Private\StopStamp.cpp">
      <Filter>02.GameObjects\PlayerItem</Filter>
    </ClCompile>
    <ClCompile Include="..\Private\ZetPack.cpp">
      <Filter>02.GameObjects\PlayerItem</Filter>
    </ClCompile>
    <ClCompile Include="..\Private\PalmDecal.cpp">
      <Filter>02.GameObjects\PlayerItem</Filter>
    </ClCompile>
    <ClCompile Include="..\Private\PalmMarker.cpp">
      <Filter>02.GameObjects\PlayerItem</Filter>
    </ClCompile>
    <ClCompile Include="..\Private\PlayerBomb.cpp">
      <Filter>02.GameObjects\PlayerItem</Filter>
    </ClCompile>
    <ClCompile Include="..\Private\BombStamp.cpp">
      <Filter>02.GameObjects\PlayerItem</Filter>
    </ClCompile>
    <ClCompile Include="..\Private\Detonator.cpp">
      <Filter>02.GameObjects\PlayerItem</Filter>
    </ClCompile>
    <ClCompile Include="..\Private\Rubboink_Tiny.cpp">
      <Filter>02.GameObjects\MapObject</Filter>
    </ClCompile>
    <ClCompile Include="..\Private\MudPit.cpp">
      <Filter>02.GameObjects\MapObject</Filter>
    </ClCompile>
    <ClCompile Include="..\Private\JumpPad.cpp">
      <Filter>02.GameObjects\MapObject</Filter>
    </ClCompile>
    <ClCompile Include="..\Private\Domino.cpp">
      <Filter>02.GameObjects\MapObject</Filter>
    </ClCompile>
    <ClCompile Include="..\Private\Boss_WingSlam.cpp">
      <Filter>02.GameObjects\Monster\Boss\Projectile</Filter>
    </ClCompile>
    <ClCompile Include="..\Private\BossWingSlamState.cpp">
      <Filter>02.GameObjects\Monster\Boss\State</Filter>
    </ClCompile>
    <ClCompile Include="..\Private\Postit_Page.cpp" />
    <ClCompile Include="..\Private\TiltSwapPusher.cpp" />
    <ClCompile Include="..\Private\Boss_Rock.cpp">
      <Filter>02.GameObjects\Monster\Boss\Projectile</Filter>
    </ClCompile>
    <ClCompile Include="..\Private\BossRockVolleyState.cpp">
      <Filter>02.GameObjects\Monster\Boss\State</Filter>
    </ClCompile>
    <ClCompile Include="..\Private\BombableObject.cpp" />
    <ClCompile Include="..\Private\GameEventExecuter_C2.cpp">
      <Filter>02.GameObjects\GameEventExecuter\Chapter</Filter>
    </ClCompile>
    <ClCompile Include="..\Private\GameEventExecuter_C4.cpp">
      <Filter>02.GameObjects\GameEventExecuter\Chapter</Filter>
    </ClCompile>
    <ClCompile Include="..\Private\GameEventExecuter_C6.cpp">
      <Filter>02.GameObjects\GameEventExecuter\Chapter</Filter>
    </ClCompile>
    <ClCompile Include="..\Private\GameEventExecuter_C8.cpp">
      <Filter>02.GameObjects\GameEventExecuter\Chapter</Filter>
    </ClCompile>
    <ClCompile Include="..\private\Door_Red.cpp">
      <Filter>02.GameObjects\Door_2D\Door\Red</Filter>
    </ClCompile>
    <ClCompile Include="..\Private\Zipline.cpp" />
    <ClCompile Include="..\private\3DMapEmissiveObject.cpp">
      <Filter>02.GameObjects\MapObject\3D</Filter>
    </ClCompile>
  </ItemGroup>
  <ItemGroup>
    <ClInclude Include="..\Public\2DMapActionObject.h" />
    <ClInclude Include="..\Public\2DMapDefaultObject.h" />
    <ClInclude Include="..\Public\2DMapObject.h" />
    <ClInclude Include="..\Public\2DMapWordObject.h" />
    <ClInclude Include="..\public\3DMapEmissiveObject.h" />
    <ClInclude Include="..\Public\Bomb.h" />
    <ClInclude Include="..\Public\Bombable.h" />
    <ClInclude Include="..\Public\BombableObject.h" />
    <ClInclude Include="..\Public\BombStamp.h" />
    <ClInclude Include="..\Public\BossRockVolleyState.h" />
    <ClInclude Include="..\Public\BossWingSlamState.h" />
    <ClInclude Include="..\Public\Boss_Rock.h" />
    <ClInclude Include="..\Public\Boss_WingSlam.h" />
    <ClInclude Include="..\Public\ButterGrump_LeftEye.h" />
    <ClInclude Include="..\Public\ButterGrump_RightEye.h" />
    <ClInclude Include="..\Public\ButterGrump_Shield.h" />
    <ClInclude Include="..\Public\ButterGrump_Tongue.h" />
    <ClInclude Include="..\Public\CrossBow_Arrow.h" />
    <ClInclude Include="..\Public\Detonator.h" />
    <ClInclude Include="..\public\Door_2D.h" />
    <ClInclude Include="..\public\Door_Blue.h" />
    <ClInclude Include="..\public\Door_Red.h" />
    <ClInclude Include="..\public\Door_Yellow.h" />
    <ClInclude Include="..\public\Effect_Beam.h" />
    <ClInclude Include="..\Public\ChaseFlyState.h" />
    <ClInclude Include="..\Public\GameEventExecuter.h" />
    <ClInclude Include="..\Public\GameEventExecuter_C2.h" />
    <ClInclude Include="..\Public\GameEventExecuter_C4.h" />
    <ClInclude Include="..\Public\GameEventExecuter_C6.h" />
    <ClInclude Include="..\Public\GameEventExecuter_C8.h" />
    <ClInclude Include="..\Public\Interaction_E.h" />
    <ClInclude Include="..\Public\JumpPad.h" />
    <ClInclude Include="..\public\Key.h" />
    <ClInclude Include="..\Public\Level_Chapter_06.h" />
    <ClInclude Include="..\Public\Zipline.h" />
    <ClInclude Include="..\Public\MudPit.h" />
    <ClInclude Include="..\Public\NPC_Manager.h" />
    <ClInclude Include="..\Public\PalmDecal.h" />
    <ClInclude Include="..\Public\PalmMarker.h" />
    <ClInclude Include="..\Public\PlayerBomb.h" />
    <ClInclude Include="..\Public\PlayerState_Bomber.h" />
    <ClInclude Include="..\Public\PlayerState_ErasePalmDecal.h" />
    <ClInclude Include="..\Public\PlayerState_Stamp.h" />
    <ClInclude Include="..\Public\Postit_Page.h" />
    <ClInclude Include="..\public\Pressure_Plate.h" />
    <ClInclude Include="..\Public\Projectile_BirdMonster.h" />
    <ClInclude Include="..\Public\Projectile_Monster.h" />
    <ClInclude Include="..\Public\DraggableObject.h" />
    <ClInclude Include="..\Public\PlayerState_Drag.h" />
    <ClInclude Include="..\Public\Dialog_Manager.h" />
    <ClInclude Include="..\Public\Rubboink_Tiny.h" />
    <ClInclude Include="..\Public\Shadow2D.h" />
    <ClInclude Include="..\Public\3DMapDefaultObject.h" />
    <ClInclude Include="..\Public\3DMapObject.h" />
    <ClInclude Include="..\Public\3DMapSkspObject.h" />
    <ClInclude Include="..\Public\AlertState.h" />
    <ClInclude Include="..\Public\ArrowForStamp.h" />
    <ClInclude Include="..\Public\BarfBug.h" />
    <ClInclude Include="..\public\Beetle.h" />
    <ClInclude Include="..\Public\BirdMonster.h" />
    <ClInclude Include="..\public\Blocker.h" />
    <ClInclude Include="..\Public\BossEnergyBallState.h" />
    <ClInclude Include="..\Public\BossHomingBallState.h" />
    <ClInclude Include="..\Public\BossIdleState.h" />
    <ClInclude Include="..\Public\BossPurpleBallState.h" />
    <ClInclude Include="..\Public\BossSceneState.h" />
    <ClInclude Include="..\Public\BossState.h" />
    <ClInclude Include="..\Public\BossYellowBallState.h" />
    <ClInclude Include="..\Public\Boss_EnergyBall.h" />
    <ClInclude Include="..\Public\Boss_HomingBall.h" />
    <ClInclude Include="..\Public\Boss_PurpleBall.h" />
    <ClInclude Include="..\Public\Boss_YellowBall.h" />
    <ClInclude Include="..\Public\Bulb.h" />
    <ClInclude Include="..\Public\Camera_2D.h" />
    <ClInclude Include="..\Public\Camera_CutScene.h" />
    <ClInclude Include="..\Public\CarriableObject.h" />
    <ClInclude Include="..\Public\Camera_CutScene_Save.h" />
    <ClInclude Include="..\Public\Character.h" />
    <ClInclude Include="..\Public\ButterGrump.h" />
    <ClInclude Include="..\Public\ChaseAttackState.h" />
    <ClInclude Include="..\Public\Cube.h" />
    <ClInclude Include="..\Public\Level_Camera_Tool_Client.h" />
    <ClInclude Include="..\public\CollapseBlock.h" />
    <ClInclude Include="..\Public\Dice.h" />
    <ClInclude Include="..\Public\Domino.h" />
    <ClInclude Include="..\Public\DeadState.h" />
    <ClInclude Include="..\public\Effect2D.h" />
    <ClInclude Include="..\public\Effect2D_Manager.h" />
    <ClInclude Include="..\Public\Effect_Manager.h" />
    <ClInclude Include="..\public\FallingRock.h" />
    <ClInclude Include="..\Public\FloorWord.h" />
    <ClInclude Include="..\Public\Goblin_SideScroller.h" />
    <ClInclude Include="..\Public\HitState.h" />
    <ClInclude Include="..\Public\Interactable.h" />
    <ClInclude Include="..\Public\Level_Chapter_04.h" />
    <ClInclude Include="..\Public\Magic_Hand.h" />
    <ClInclude Include="..\Public\Magic_Hand_Body.h" />
    <ClInclude Include="..\Public\LightningBolt.h" />
    <ClInclude Include="..\Public\LunchBox.h" />
    <ClInclude Include="..\Public\Narration.h" />
    <ClInclude Include="..\Public\Narration_Anim.h" />
    <ClInclude Include="..\Public\Neutral_IdleState.h" />
    <ClInclude Include="..\Public\Neutral_PatrolState.h" />
    <ClInclude Include="..\Public\Neutral_Patrol_JumpState.h" />
    <ClInclude Include="..\Public\Npc_Companion.h" />
    <ClInclude Include="..\Public\Npc_Rabbit.h" />
    <ClInclude Include="..\Public\NPC_Thrash.h" />
    <ClInclude Include="..\Public\NPC_Violet.h" />
    <ClInclude Include="..\Public\PlayerState_Die.h" />
    <ClInclude Include="..\Public\PlayerState_Electric.h" />
    <ClInclude Include="..\Public\PlayerState_Evict.h" />
    <ClInclude Include="..\Public\PlayerState_ExitPortal.h" />
    <ClInclude Include="..\Public\PlayerState_IntoPortal.h" />
    <ClInclude Include="..\Public\PlayerState_LaydownObject.h" />
    <ClInclude Include="..\Public\PlayerState_LunchBox.h" />
    <ClInclude Include="..\Public\PlayerState_PickUpObject.h" />
    <ClInclude Include="..\Public\PlayerState_StartPortal.h" />
    <ClInclude Include="..\Public\PlayerState_ThrowObject.h" />
    <ClInclude Include="..\Public\PlayerState_TurnBook.h" />
    <ClInclude Include="..\Public\Portal.h" />
    <ClInclude Include="..\Public\RabbitLunch.h" />
    <ClInclude Include="..\Public\RenderGroup_PlayerDepth.h" />
    <ClInclude Include="..\public\RenderGroup_PostProcessing.h" />
    <ClInclude Include="..\Public\Section_2D_Narration.h" />
    <ClInclude Include="..\Public\Npc_OnlySocial.h" />
    <ClInclude Include="..\Public\PlayerItem.h" />
    <ClInclude Include="..\Public\PlayerData_Manager.h" />
    <ClInclude Include="..\public\MainTable.h" />
    <ClInclude Include="..\public\DetectionField.h" />
    <ClInclude Include="..\Public\Camera_Manager.h" />
    <ClInclude Include="..\Public\BombStamp_UI.h" />
    <ClInclude Include="..\Public\ChaseWalkState.h" />
    <ClInclude Include="..\Public\Client_Defines.h" />
    <ClInclude Include="..\Public\Client_Enum.h" />
    <ClInclude Include="..\Public\Client_Function.h" />
    <ClInclude Include="..\Public\Client_Macro.h" />
    <ClInclude Include="..\Public\Client_Struct.h" />
    <ClInclude Include="..\public\CriticalSectionGuard.h" />
    <ClInclude Include="..\Public\Dialogue.h" />
    <ClInclude Include="..\Public\ESC_Goblin.h" />
    <ClInclude Include="..\Public\ESC_HeartPoint.h" />
    <ClInclude Include="..\public\FSM.h" />
    <ClInclude Include="..\Public\FSM_Boss.h" />
    <ClInclude Include="..\Public\Goblin.h" />
    <ClInclude Include="..\public\IdleState.h" />
    <ClInclude Include="..\Public\Interaction_Heart.h" />
    <ClInclude Include="..\Public\JumpBug.h" />
    <ClInclude Include="..\Public\Logo.h" />
    <ClInclude Include="..\Public\Logo_BG.h" />
    <ClInclude Include="..\Public\Logo_Choose.h" />
    <ClInclude Include="..\Public\Logo_Props.h" />
    <ClInclude Include="..\Public\MapObject.h" />
    <ClInclude Include="..\Public\MapObjectFactory.h" />
    <ClInclude Include="..\Public\Map_2D.h" />
    <ClInclude Include="..\Public\Monster_Body.h" />
    <ClInclude Include="..\Public\NPC.h" />
    <ClInclude Include="..\Public\Npc_Body.h" />
    <ClInclude Include="..\Public\Npc_Logo.h" />
    <ClInclude Include="..\Public\NPC_Social.h" />
    <ClInclude Include="..\public\NPC_Store.h" />
    <ClInclude Include="..\Public\PatrolState.h" />
    <ClInclude Include="..\Public\PlayerBody.h" />
    <ClInclude Include="..\Public\PlayerState_Clamber.h" />
    <ClInclude Include="..\Public\PlayerState_JumpAttack.h" />
    <ClInclude Include="..\Public\PlayerState_JumpDown.h" />
    <ClInclude Include="..\Public\PlayerState_Roll.h" />
    <ClInclude Include="..\Public\PlayerState_SpinAttack.h" />
    <ClInclude Include="..\Public\PlayerState_ThrowSword.h" />
    <ClInclude Include="..\Public\PlayerSword.h" />
    <ClInclude Include="..\Public\Popuff.h" />
    <ClInclude Include="..\Public\Portrait.h" />
    <ClInclude Include="..\Public\PrintFloorWord.h" />
    <ClInclude Include="..\Public\Rat.h" />
    <ClInclude Include="..\public\RayShape.h" />
    <ClInclude Include="..\public\RenderGroup_Blur.h" />
    <ClInclude Include="..\Public\RenderGroup_2D.h" />
    <ClInclude Include="..\Public\RenderGroup_AfterEffect.h" />
    <ClInclude Include="..\public\RenderGroup_AfterParticle.h" />
    <ClInclude Include="..\public\RenderGroup_DownSample.h" />
    <ClInclude Include="..\Public\RenderGroup_Combine.h" />
    <ClInclude Include="..\Public\RenderGroup_Final.h" />
    <ClInclude Include="..\Public\RenderGroup_Lighting.h" />
    <ClInclude Include="..\public\RenderGroup_DirectLights.h" />
    <ClInclude Include="..\public\RenderGroup_WorldPos.h" />
    <ClInclude Include="..\Public\SampleBook.h" />
    <ClInclude Include="..\public\Section.h" />
    <ClInclude Include="..\public\Section_2D.h" />
    <ClInclude Include="..\Public\Section_2D_PlayMap.h" />
    <ClInclude Include="..\Public\Section_2D_PlayMap_Book.h" />
    <ClInclude Include="..\Public\Section_2D_PlayMap_Sksp.h" />
    <ClInclude Include="..\public\Section_Manager.h" />
    <ClInclude Include="..\Public\SettingPanel.h" />
    <ClInclude Include="..\Public\ShopItemBG.h" />
    <ClInclude Include="..\Public\ShopPanel.h" />
    <ClInclude Include="..\Public\PlayerState_Attack.h" />
    <ClInclude Include="..\Public\ShopPanel_BG.h" />
    <ClInclude Include="..\Public\ShopPanel_YesNo.h" />
    <ClInclude Include="..\Public\SideScroll_HitState.h" />
    <ClInclude Include="..\Public\SideScroll_PatrolState.h" />
    <ClInclude Include="..\Public\SlipperyObject.h" />
    <ClInclude Include="..\Public\Sneak_AlertState.h" />
    <ClInclude Include="..\Public\Sneak_AttackState.h" />
    <ClInclude Include="..\Public\Sneak_AwareState.h" />
    <ClInclude Include="..\Public\Sneak_BackState.h" />
    <ClInclude Include="..\Public\Sneak_ChaseState.h" />
    <ClInclude Include="..\Public\Sneak_DetectionField.h" />
    <ClInclude Include="..\Public\Sneak_IdleState.h" />
    <ClInclude Include="..\Public\Sneak_InvestigateState.h" />
    <ClInclude Include="..\Public\Sneak_PatrolState.h" />
    <ClInclude Include="..\Public\Soldier_CrossBow.h" />
    <ClInclude Include="..\Public\Soldier_Shield.h" />
    <ClInclude Include="..\Public\Soldier_Spear.h" />
    <ClInclude Include="..\public\Spawner.h" />
    <ClInclude Include="..\Public\StandbyNoneAttackState.h" />
    <ClInclude Include="..\Public\State_Sneak.h" />
    <ClInclude Include="..\Public\Bomb_Soldier.h" />
    <ClInclude Include="..\Public\CrossBow_Soldier.h" />
    <ClInclude Include="..\Public\Spear_Soldier.h" />
    <ClInclude Include="..\Public\StandbyState.h" />
    <ClInclude Include="..\public\Effect_Trail.h" />
    <ClInclude Include="..\Public\Stoppable.h" />
    <ClInclude Include="..\Public\StopStamp.h" />
    <ClInclude Include="..\Public\TiltSwapPusher.h" />
    <ClInclude Include="..\Public\TriggerObject.h" />
    <ClInclude Include="..\Public\Trigger_Manager.h" />
    <ClInclude Include="..\Public\UI_Interaction_Book.h" />
    <ClInclude Include="..\Public\MeleeAttackState.h" />
    <ClInclude Include="..\public\Monster.h" />
    <ClInclude Include="..\Public\PlayerState_Idle.h" />
    <ClInclude Include="..\Public\PlayerState_JumpUp.h" />
    <ClInclude Include="..\Public\PlayerState_Run.h" />
    <ClInclude Include="..\Public\Pooling_Manager.h" />
    <ClInclude Include="..\public\Projectile_BarfBug.h" />
    <ClInclude Include="..\Public\RangedAttackState.h" />
    <ClInclude Include="..\public\SettingPanelBG.h" />
    <ClInclude Include="..\Public\Event_Manager.h" />
    <ClInclude Include="..\Public\Level_Chapter_02.h" />
    <ClInclude Include="..\Public\Level_Loading.h" />
    <ClInclude Include="..\Public\Level_Logo.h" />
    <ClInclude Include="..\Public\Level_Static.h" />
    <ClInclude Include="..\Public\Loader.h" />
    <ClInclude Include="..\public\MainApp.h" />
    <ClInclude Include="..\public\Camera_Target.h" />
    <ClInclude Include="..\Public\Pick_Bulb.h" />
    <ClInclude Include="..\public\State.h" />
    <ClInclude Include="..\Public\StopStamp_UI.h" />
    <ClInclude Include="..\public\Player.h" />
    <ClInclude Include="..\public\TestTerrain.h" />
    <ClInclude Include="..\Public\UI.h" />
    <ClInclude Include="..\Public\UI_JotMain.h" />
    <ClInclude Include="..\public\UI_Manager.h" />
    <ClInclude Include="..\Public\Word.h" />
    <ClInclude Include="..\Public\WordGame_Generator.h" />
    <ClInclude Include="..\Public\WordPrinter.h" />
    <ClInclude Include="..\Public\Word_Container.h" />
    <ClInclude Include="..\Public\Word_Controller.h" />
    <ClInclude Include="..\Public\ZetPack.h" />
    <ClInclude Include="..\Public\Zippy.h" />
    <ClInclude Include="Client.h" />
    <ClInclude Include="Client_Etc.h" />
    <ClInclude Include="PlayerState_PlatformJumpAttack.h" />
    <ClInclude Include="Resource.h" />
    <ClInclude Include="stdafx.h" />
    <ClInclude Include="targetver.h" />
    <ClInclude Include="..\Public\PlayerState_GetItem.h" />
  </ItemGroup>
  <ItemGroup>
    <ResourceCompile Include="Client.rc" />
  </ItemGroup>
  <ItemGroup>
    <Image Include="Client.ico" />
    <Image Include="small.ico" />
  </ItemGroup>
  <ItemGroup>
    <Text Include="ReadMe.txt" />
  </ItemGroup>
</Project>